
Microsoft Visual Studio Solution File, Format Version 12.00
# Visual Studio Version 17
VisualStudioVersion = 17.5.33627.172
MinimumVisualStudioVersion = 10.0.40219.1
Project("{2150E333-8FDC-42A3-9474-1A3956D46DE8}") = "BACK", "BACK", "{9A88ACE1-E08A-4650-93AD-A84642F274BB}"
EndProject
Project("{2150E333-8FDC-42A3-9474-1A3956D46DE8}") = "SPR", "SPR", "{FEBCC389-15E9-45D8-894D-D105A725441A}"
EndProject
Project("{2150E333-8FDC-42A3-9474-1A3956D46DE8}") = "COMMON", "COMMON", "{FA3B4DBA-EFD5-431A-B5F8-074975E4D91B}"
EndProject
Project("{2150E333-8FDC-42A3-9474-1A3956D46DE8}") = "SERVICE", "SERVICE", "{3F304EDC-E2D8-4A01-B168-01114FDF0335}"
EndProject
Project("{2150E333-8FDC-42A3-9474-1A3956D46DE8}") = "API", "API", "{C3EAE219-7C8B-4C0B-B9AA-C36E59A59874}"
EndProject
Project("{9A19103F-16F7-4668-BE54-9A1E7A4F7556}") = "BIMASAKTI_GS_API", "API\GS\BIMASAKTI_GS_API\BIMASAKTI_GS_API.csproj", "{B39B82B8-79EA-4E46-A0E6-773A908ED7E1}"
EndProject
Project("{778DAE3C-4631-46EA-AA77-85C1314464D9}") = "R_SecurityTokenBack", "BACK\GS\R_SecurityTokenBack\R_SecurityTokenBack.vbproj", "{8292E015-42AC-4180-BA4D-127210A5ED67}"
EndProject
Project("{778DAE3C-4631-46EA-AA77-85C1314464D9}") = "R_SecurityTokenCommon", "COMMON\GS\R_SecurityTokenCommon\R_SecurityTokenCommon.vbproj", "{A89F6408-4284-47DE-AF66-EFA5EEDC282A}"
EndProject
Project("{9A19103F-16F7-4668-BE54-9A1E7A4F7556}") = "R_SecurityTokenService", "SERVICE\GS\R_SecurityTokenService\R_SecurityTokenService.csproj", "{0897E7AD-C406-407C-9292-F4FD4EF33FBC}"
EndProject
Project("{778DAE3C-4631-46EA-AA77-85C1314464D9}") = "R_SecurityPolicyBack", "BACK\GS\R_SecurityPolicyBack\R_SecurityPolicyBack.vbproj", "{3599AACB-2501-46F8-8537-5C02B2429F03}"
EndProject
Project("{778DAE3C-4631-46EA-AA77-85C1314464D9}") = "R_SecurityPolicyCommon", "COMMON\GS\R_SecurityPolicyCommon\R_SecurityPolicyCommon.vbproj", "{4C79EBF6-8281-4F29-97F0-7C633690548F}"
EndProject
Project("{9A19103F-16F7-4668-BE54-9A1E7A4F7556}") = "R_SecurityPolicyService", "SERVICE\GS\R_SecurityPolicyService\R_SecurityPolicyService.csproj", "{8D885199-C202-488D-A12B-692CEB1049ED}"
EndProject
Project("{778DAE3C-4631-46EA-AA77-85C1314464D9}") = "BlazorMenuCommon", "COMMON\GS\BlazorMenuCommon\BlazorMenuCommon.vbproj", "{E1A1C36B-6C10-49D7-95F9-7261B2351064}"
EndProject
Project("{778DAE3C-4631-46EA-AA77-85C1314464D9}") = "BlazorMenuBack", "BACK\GS\BlazorMenuBack\BlazorMenuBack.vbproj", "{2C7A0F14-A204-4408-833C-332123EDF634}"
EndProject
Project("{9A19103F-16F7-4668-BE54-9A1E7A4F7556}") = "BlazorMenuService", "SERVICE\GS\BlazorMenuService\BlazorMenuService.csproj", "{8A5CA6A5-94DF-40B0-9661-081AEC0AA723}"
EndProject
Project("{9A19103F-16F7-4668-BE54-9A1E7A4F7556}") = "GSM01000Back", "BACK\GS\GSM001000Back\GSM01000Back.csproj", "{253E00EE-3FFF-46AD-BEBB-419E92A8F128}"
EndProject
Project("{9A19103F-16F7-4668-BE54-9A1E7A4F7556}") = "GSM01000BackResources", "BACK\GS\GSM001000BackResources\GSM01000BackResources.csproj", "{5B79924E-A517-45CD-B6ED-E30A3F4CB7D1}"
EndProject
Project("{9A19103F-16F7-4668-BE54-9A1E7A4F7556}") = "GSM01000Common", "COMMON\GS\GSM01000Common\GSM01000Common.csproj", "{CCECF163-BD37-487C-AC46-E9614AE5CD06}"
EndProject
Project("{2150E333-8FDC-42A3-9474-1A3956D46DE8}") = "PublicLookup", "PublicLookup", "{62320131-9A38-4B12-A1E6-A353B2769DC4}"
EndProject
Project("{9A19103F-16F7-4668-BE54-9A1E7A4F7556}") = "Lookup_GSCOMMON", "..\..\BS Shared Form\SOURCE\BACK\Lookup_GSCOMMON\Lookup_GSCOMMON.csproj", "{2F6A2726-9BC1-4ACD-BE1D-89CD271293F2}"
EndProject
Project("{2150E333-8FDC-42A3-9474-1A3956D46DE8}") = "PublicLookupBack", "PublicLookupBack", "{47BBA369-47AB-437F-8A63-422D915A6EE2}"
EndProject
Project("{9A19103F-16F7-4668-BE54-9A1E7A4F7556}") = "Lookup_GSBACK", "..\..\BS Shared Form\SOURCE\BACK\Lookup_GSBACK\Lookup_GSBACK.csproj", "{5F47919D-E036-4D42-B6E3-C64E367E298C}"
EndProject
Project("{2150E333-8FDC-42A3-9474-1A3956D46DE8}") = "PublicLookupService", "PublicLookupService", "{32A2EC43-0245-4B9C-971B-979D9CDDEE5E}"
EndProject
Project("{9A19103F-16F7-4668-BE54-9A1E7A4F7556}") = "Lookup_GSSERVICES", "..\..\BS Shared Form\SOURCE\SERVICES\Lookup_GSSERVICES\Lookup_GSSERVICES.csproj", "{C5D516AA-81B8-418A-A581-7C87C6466F43}"
EndProject
Project("{2150E333-8FDC-42A3-9474-1A3956D46DE8}") = "GFF00900", "GFF00900", "{4701C2A6-8330-4373-9E82-FC991FC07A99}"
EndProject
Project("{9A19103F-16F7-4668-BE54-9A1E7A4F7556}") = "GFF00900COMMON", "..\..\BS Shared Form\SOURCE\BACK\GFF00900COMMON\GFF00900COMMON.csproj", "{E3867D7E-7166-43D3-AC6A-2C238AC1C352}"
EndProject
Project("{2150E333-8FDC-42A3-9474-1A3956D46DE8}") = "GFF00900", "GFF00900", "{7630DBAC-B886-4343-87AD-205169E2CAFA}"
EndProject
Project("{9A19103F-16F7-4668-BE54-9A1E7A4F7556}") = "GFF00900BACK", "..\..\BS Shared Form\SOURCE\BACK\GFF00900BACK\GFF00900BACK.csproj", "{F416CF6A-3C2F-4C70-8436-8E83DD686CB5}"
EndProject
Project("{2150E333-8FDC-42A3-9474-1A3956D46DE8}") = "GFF00900", "GFF00900", "{AE2DEBEA-0E65-4A59-BC42-8BAC674BA19F}"
EndProject
Project("{9A19103F-16F7-4668-BE54-9A1E7A4F7556}") = "GFF00900SERVICES", "..\..\BS Shared Form\SOURCE\SERVICES\GFF00900SERVICES\GFF00900SERVICES.csproj", "{5C5D125D-580B-44E7-B60A-886208A94758}"
EndProject
Project("{9A19103F-16F7-4668-BE54-9A1E7A4F7556}") = "RSP_GS_VALIDATE_USER_ACT_APPRResources", "BACK\GS\GS_SPR\RSP_GS_VALIDATE_USER_ACT_APPRResources\RSP_GS_VALIDATE_USER_ACT_APPRResources.csproj", "{09254F93-68D6-4652-B500-76035A472251}"
EndProject
Project("{9A19103F-16F7-4668-BE54-9A1E7A4F7556}") = "GSM07500Back", "BACK\GS\GSM07500Back\GSM07500Back.csproj", "{ECC4D46A-FB8C-4623-8CFD-C9C47E5CB8FB}"
EndProject
Project("{9A19103F-16F7-4668-BE54-9A1E7A4F7556}") = "GSM07500Common", "COMMON\GS\GSM07500Common\GSM07500Common.csproj", "{5B5AB21A-7EED-489B-9FE0-7BBB0F0DA9A8}"
EndProject
Project("{9A19103F-16F7-4668-BE54-9A1E7A4F7556}") = "GSM07500Service", "SERVICE\GS\GSM07500Service\GSM07500Service.csproj", "{24AFA821-EAFF-4B36-928B-04E74671E63B}"
EndProject
Project("{9A19103F-16F7-4668-BE54-9A1E7A4F7556}") = "GSM01000Service", "SERVICE\GS\GSM01000Service\GSM01000Service.csproj", "{03B38ACA-9EC4-4FE9-B2E6-CC915A1EC943}"
EndProject
Global
	GlobalSection(SolutionConfigurationPlatforms) = preSolution
		Debug|Any CPU = Debug|Any CPU
		Release|Any CPU = Release|Any CPU
	EndGlobalSection
	GlobalSection(ProjectConfigurationPlatforms) = postSolution
		{B39B82B8-79EA-4E46-A0E6-773A908ED7E1}.Debug|Any CPU.ActiveCfg = Debug|Any CPU
		{B39B82B8-79EA-4E46-A0E6-773A908ED7E1}.Debug|Any CPU.Build.0 = Debug|Any CPU
		{B39B82B8-79EA-4E46-A0E6-773A908ED7E1}.Release|Any CPU.ActiveCfg = Release|Any CPU
		{B39B82B8-79EA-4E46-A0E6-773A908ED7E1}.Release|Any CPU.Build.0 = Release|Any CPU
		{8292E015-42AC-4180-BA4D-127210A5ED67}.Debug|Any CPU.ActiveCfg = Debug|Any CPU
		{8292E015-42AC-4180-BA4D-127210A5ED67}.Debug|Any CPU.Build.0 = Debug|Any CPU
		{8292E015-42AC-4180-BA4D-127210A5ED67}.Release|Any CPU.ActiveCfg = Release|Any CPU
		{8292E015-42AC-4180-BA4D-127210A5ED67}.Release|Any CPU.Build.0 = Release|Any CPU
		{A89F6408-4284-47DE-AF66-EFA5EEDC282A}.Debug|Any CPU.ActiveCfg = Debug|Any CPU
		{A89F6408-4284-47DE-AF66-EFA5EEDC282A}.Debug|Any CPU.Build.0 = Debug|Any CPU
		{A89F6408-4284-47DE-AF66-EFA5EEDC282A}.Release|Any CPU.ActiveCfg = Release|Any CPU
		{A89F6408-4284-47DE-AF66-EFA5EEDC282A}.Release|Any CPU.Build.0 = Release|Any CPU
		{0897E7AD-C406-407C-9292-F4FD4EF33FBC}.Debug|Any CPU.ActiveCfg = Debug|Any CPU
		{0897E7AD-C406-407C-9292-F4FD4EF33FBC}.Debug|Any CPU.Build.0 = Debug|Any CPU
		{0897E7AD-C406-407C-9292-F4FD4EF33FBC}.Release|Any CPU.ActiveCfg = Release|Any CPU
		{0897E7AD-C406-407C-9292-F4FD4EF33FBC}.Release|Any CPU.Build.0 = Release|Any CPU
		{3599AACB-2501-46F8-8537-5C02B2429F03}.Debug|Any CPU.ActiveCfg = Debug|Any CPU
		{3599AACB-2501-46F8-8537-5C02B2429F03}.Debug|Any CPU.Build.0 = Debug|Any CPU
		{3599AACB-2501-46F8-8537-5C02B2429F03}.Release|Any CPU.ActiveCfg = Release|Any CPU
		{3599AACB-2501-46F8-8537-5C02B2429F03}.Release|Any CPU.Build.0 = Release|Any CPU
		{4C79EBF6-8281-4F29-97F0-7C633690548F}.Debug|Any CPU.ActiveCfg = Debug|Any CPU
		{4C79EBF6-8281-4F29-97F0-7C633690548F}.Debug|Any CPU.Build.0 = Debug|Any CPU
		{4C79EBF6-8281-4F29-97F0-7C633690548F}.Release|Any CPU.ActiveCfg = Release|Any CPU
		{4C79EBF6-8281-4F29-97F0-7C633690548F}.Release|Any CPU.Build.0 = Release|Any CPU
		{8D885199-C202-488D-A12B-692CEB1049ED}.Debug|Any CPU.ActiveCfg = Debug|Any CPU
		{8D885199-C202-488D-A12B-692CEB1049ED}.Debug|Any CPU.Build.0 = Debug|Any CPU
		{8D885199-C202-488D-A12B-692CEB1049ED}.Release|Any CPU.ActiveCfg = Release|Any CPU
		{8D885199-C202-488D-A12B-692CEB1049ED}.Release|Any CPU.Build.0 = Release|Any CPU
		{E1A1C36B-6C10-49D7-95F9-7261B2351064}.Debug|Any CPU.ActiveCfg = Debug|Any CPU
		{E1A1C36B-6C10-49D7-95F9-7261B2351064}.Debug|Any CPU.Build.0 = Debug|Any CPU
		{E1A1C36B-6C10-49D7-95F9-7261B2351064}.Release|Any CPU.ActiveCfg = Release|Any CPU
		{E1A1C36B-6C10-49D7-95F9-7261B2351064}.Release|Any CPU.Build.0 = Release|Any CPU
		{2C7A0F14-A204-4408-833C-332123EDF634}.Debug|Any CPU.ActiveCfg = Debug|Any CPU
		{2C7A0F14-A204-4408-833C-332123EDF634}.Debug|Any CPU.Build.0 = Debug|Any CPU
		{2C7A0F14-A204-4408-833C-332123EDF634}.Release|Any CPU.ActiveCfg = Release|Any CPU
		{2C7A0F14-A204-4408-833C-332123EDF634}.Release|Any CPU.Build.0 = Release|Any CPU
		{8A5CA6A5-94DF-40B0-9661-081AEC0AA723}.Debug|Any CPU.ActiveCfg = Debug|Any CPU
		{8A5CA6A5-94DF-40B0-9661-081AEC0AA723}.Debug|Any CPU.Build.0 = Debug|Any CPU
		{8A5CA6A5-94DF-40B0-9661-081AEC0AA723}.Release|Any CPU.ActiveCfg = Release|Any CPU
		{8A5CA6A5-94DF-40B0-9661-081AEC0AA723}.Release|Any CPU.Build.0 = Release|Any CPU
		{253E00EE-3FFF-46AD-BEBB-419E92A8F128}.Debug|Any CPU.ActiveCfg = Debug|Any CPU
		{253E00EE-3FFF-46AD-BEBB-419E92A8F128}.Debug|Any CPU.Build.0 = Debug|Any CPU
		{253E00EE-3FFF-46AD-BEBB-419E92A8F128}.Release|Any CPU.ActiveCfg = Release|Any CPU
		{253E00EE-3FFF-46AD-BEBB-419E92A8F128}.Release|Any CPU.Build.0 = Release|Any CPU
		{5B79924E-A517-45CD-B6ED-E30A3F4CB7D1}.Debug|Any CPU.ActiveCfg = Debug|Any CPU
		{5B79924E-A517-45CD-B6ED-E30A3F4CB7D1}.Debug|Any CPU.Build.0 = Debug|Any CPU
		{5B79924E-A517-45CD-B6ED-E30A3F4CB7D1}.Release|Any CPU.ActiveCfg = Release|Any CPU
		{5B79924E-A517-45CD-B6ED-E30A3F4CB7D1}.Release|Any CPU.Build.0 = Release|Any CPU
		{CCECF163-BD37-487C-AC46-E9614AE5CD06}.Debug|Any CPU.ActiveCfg = Debug|Any CPU
		{CCECF163-BD37-487C-AC46-E9614AE5CD06}.Debug|Any CPU.Build.0 = Debug|Any CPU
		{CCECF163-BD37-487C-AC46-E9614AE5CD06}.Release|Any CPU.ActiveCfg = Release|Any CPU
		{CCECF163-BD37-487C-AC46-E9614AE5CD06}.Release|Any CPU.Build.0 = Release|Any CPU
		{2F6A2726-9BC1-4ACD-BE1D-89CD271293F2}.Debug|Any CPU.ActiveCfg = Debug|Any CPU
		{2F6A2726-9BC1-4ACD-BE1D-89CD271293F2}.Debug|Any CPU.Build.0 = Debug|Any CPU
		{2F6A2726-9BC1-4ACD-BE1D-89CD271293F2}.Release|Any CPU.ActiveCfg = Release|Any CPU
		{2F6A2726-9BC1-4ACD-BE1D-89CD271293F2}.Release|Any CPU.Build.0 = Release|Any CPU
		{5F47919D-E036-4D42-B6E3-C64E367E298C}.Debug|Any CPU.ActiveCfg = Debug|Any CPU
		{5F47919D-E036-4D42-B6E3-C64E367E298C}.Debug|Any CPU.Build.0 = Debug|Any CPU
		{5F47919D-E036-4D42-B6E3-C64E367E298C}.Release|Any CPU.ActiveCfg = Release|Any CPU
		{5F47919D-E036-4D42-B6E3-C64E367E298C}.Release|Any CPU.Build.0 = Release|Any CPU
		{C5D516AA-81B8-418A-A581-7C87C6466F43}.Debug|Any CPU.ActiveCfg = Debug|Any CPU
		{C5D516AA-81B8-418A-A581-7C87C6466F43}.Debug|Any CPU.Build.0 = Debug|Any CPU
		{C5D516AA-81B8-418A-A581-7C87C6466F43}.Release|Any CPU.ActiveCfg = Release|Any CPU
		{C5D516AA-81B8-418A-A581-7C87C6466F43}.Release|Any CPU.Build.0 = Release|Any CPU
		{E3867D7E-7166-43D3-AC6A-2C238AC1C352}.Debug|Any CPU.ActiveCfg = Debug|Any CPU
		{E3867D7E-7166-43D3-AC6A-2C238AC1C352}.Debug|Any CPU.Build.0 = Debug|Any CPU
		{E3867D7E-7166-43D3-AC6A-2C238AC1C352}.Release|Any CPU.ActiveCfg = Release|Any CPU
		{E3867D7E-7166-43D3-AC6A-2C238AC1C352}.Release|Any CPU.Build.0 = Release|Any CPU
		{F416CF6A-3C2F-4C70-8436-8E83DD686CB5}.Debug|Any CPU.ActiveCfg = Debug|Any CPU
		{F416CF6A-3C2F-4C70-8436-8E83DD686CB5}.Debug|Any CPU.Build.0 = Debug|Any CPU
		{F416CF6A-3C2F-4C70-8436-8E83DD686CB5}.Release|Any CPU.ActiveCfg = Release|Any CPU
		{F416CF6A-3C2F-4C70-8436-8E83DD686CB5}.Release|Any CPU.Build.0 = Release|Any CPU
		{5C5D125D-580B-44E7-B60A-886208A94758}.Debug|Any CPU.ActiveCfg = Debug|Any CPU
		{5C5D125D-580B-44E7-B60A-886208A94758}.Debug|Any CPU.Build.0 = Debug|Any CPU
		{5C5D125D-580B-44E7-B60A-886208A94758}.Release|Any CPU.ActiveCfg = Release|Any CPU
		{5C5D125D-580B-44E7-B60A-886208A94758}.Release|Any CPU.Build.0 = Release|Any CPU
		{09254F93-68D6-4652-B500-76035A472251}.Debug|Any CPU.ActiveCfg = Debug|Any CPU
		{09254F93-68D6-4652-B500-76035A472251}.Debug|Any CPU.Build.0 = Debug|Any CPU
		{09254F93-68D6-4652-B500-76035A472251}.Release|Any CPU.ActiveCfg = Release|Any CPU
		{09254F93-68D6-4652-B500-76035A472251}.Release|Any CPU.Build.0 = Release|Any CPU
		{ECC4D46A-FB8C-4623-8CFD-C9C47E5CB8FB}.Debug|Any CPU.ActiveCfg = Debug|Any CPU
		{ECC4D46A-FB8C-4623-8CFD-C9C47E5CB8FB}.Debug|Any CPU.Build.0 = Debug|Any CPU
		{ECC4D46A-FB8C-4623-8CFD-C9C47E5CB8FB}.Release|Any CPU.ActiveCfg = Release|Any CPU
		{ECC4D46A-FB8C-4623-8CFD-C9C47E5CB8FB}.Release|Any CPU.Build.0 = Release|Any CPU
		{5B5AB21A-7EED-489B-9FE0-7BBB0F0DA9A8}.Debug|Any CPU.ActiveCfg = Debug|Any CPU
		{5B5AB21A-7EED-489B-9FE0-7BBB0F0DA9A8}.Debug|Any CPU.Build.0 = Debug|Any CPU
		{5B5AB21A-7EED-489B-9FE0-7BBB0F0DA9A8}.Release|Any CPU.ActiveCfg = Release|Any CPU
		{5B5AB21A-7EED-489B-9FE0-7BBB0F0DA9A8}.Release|Any CPU.Build.0 = Release|Any CPU
		{24AFA821-EAFF-4B36-928B-04E74671E63B}.Debug|Any CPU.ActiveCfg = Debug|Any CPU
		{24AFA821-EAFF-4B36-928B-04E74671E63B}.Debug|Any CPU.Build.0 = Debug|Any CPU
		{24AFA821-EAFF-4B36-928B-04E74671E63B}.Release|Any CPU.ActiveCfg = Release|Any CPU
		{24AFA821-EAFF-4B36-928B-04E74671E63B}.Release|Any CPU.Build.0 = Release|Any CPU
		{03B38ACA-9EC4-4FE9-B2E6-CC915A1EC943}.Debug|Any CPU.ActiveCfg = Debug|Any CPU
		{03B38ACA-9EC4-4FE9-B2E6-CC915A1EC943}.Debug|Any CPU.Build.0 = Debug|Any CPU
		{03B38ACA-9EC4-4FE9-B2E6-CC915A1EC943}.Release|Any CPU.ActiveCfg = Release|Any CPU
		{03B38ACA-9EC4-4FE9-B2E6-CC915A1EC943}.Release|Any CPU.Build.0 = Release|Any CPU
	EndGlobalSection
	GlobalSection(SolutionProperties) = preSolution
		HideSolutionNode = FALSE
	EndGlobalSection
	GlobalSection(NestedProjects) = preSolution
		{B39B82B8-79EA-4E46-A0E6-773A908ED7E1} = {C3EAE219-7C8B-4C0B-B9AA-C36E59A59874}
		{8292E015-42AC-4180-BA4D-127210A5ED67} = {9A88ACE1-E08A-4650-93AD-A84642F274BB}
		{A89F6408-4284-47DE-AF66-EFA5EEDC282A} = {FA3B4DBA-EFD5-431A-B5F8-074975E4D91B}
		{0897E7AD-C406-407C-9292-F4FD4EF33FBC} = {3F304EDC-E2D8-4A01-B168-01114FDF0335}
		{3599AACB-2501-46F8-8537-5C02B2429F03} = {9A88ACE1-E08A-4650-93AD-A84642F274BB}
		{4C79EBF6-8281-4F29-97F0-7C633690548F} = {FA3B4DBA-EFD5-431A-B5F8-074975E4D91B}
		{8D885199-C202-488D-A12B-692CEB1049ED} = {3F304EDC-E2D8-4A01-B168-01114FDF0335}
		{E1A1C36B-6C10-49D7-95F9-7261B2351064} = {FA3B4DBA-EFD5-431A-B5F8-074975E4D91B}
		{2C7A0F14-A204-4408-833C-332123EDF634} = {9A88ACE1-E08A-4650-93AD-A84642F274BB}
		{8A5CA6A5-94DF-40B0-9661-081AEC0AA723} = {3F304EDC-E2D8-4A01-B168-01114FDF0335}
		{253E00EE-3FFF-46AD-BEBB-419E92A8F128} = {9A88ACE1-E08A-4650-93AD-A84642F274BB}
		{5B79924E-A517-45CD-B6ED-E30A3F4CB7D1} = {9A88ACE1-E08A-4650-93AD-A84642F274BB}
		{CCECF163-BD37-487C-AC46-E9614AE5CD06} = {FA3B4DBA-EFD5-431A-B5F8-074975E4D91B}
		{62320131-9A38-4B12-A1E6-A353B2769DC4} = {FA3B4DBA-EFD5-431A-B5F8-074975E4D91B}
		{2F6A2726-9BC1-4ACD-BE1D-89CD271293F2} = {62320131-9A38-4B12-A1E6-A353B2769DC4}
		{47BBA369-47AB-437F-8A63-422D915A6EE2} = {9A88ACE1-E08A-4650-93AD-A84642F274BB}
		{5F47919D-E036-4D42-B6E3-C64E367E298C} = {47BBA369-47AB-437F-8A63-422D915A6EE2}
		{32A2EC43-0245-4B9C-971B-979D9CDDEE5E} = {3F304EDC-E2D8-4A01-B168-01114FDF0335}
		{C5D516AA-81B8-418A-A581-7C87C6466F43} = {32A2EC43-0245-4B9C-971B-979D9CDDEE5E}
		{4701C2A6-8330-4373-9E82-FC991FC07A99} = {FA3B4DBA-EFD5-431A-B5F8-074975E4D91B}
		{E3867D7E-7166-43D3-AC6A-2C238AC1C352} = {4701C2A6-8330-4373-9E82-FC991FC07A99}
		{7630DBAC-B886-4343-87AD-205169E2CAFA} = {9A88ACE1-E08A-4650-93AD-A84642F274BB}
		{F416CF6A-3C2F-4C70-8436-8E83DD686CB5} = {7630DBAC-B886-4343-87AD-205169E2CAFA}
		{AE2DEBEA-0E65-4A59-BC42-8BAC674BA19F} = {3F304EDC-E2D8-4A01-B168-01114FDF0335}
		{5C5D125D-580B-44E7-B60A-886208A94758} = {AE2DEBEA-0E65-4A59-BC42-8BAC674BA19F}
		{09254F93-68D6-4652-B500-76035A472251} = {7630DBAC-B886-4343-87AD-205169E2CAFA}
		{ECC4D46A-FB8C-4623-8CFD-C9C47E5CB8FB} = {9A88ACE1-E08A-4650-93AD-A84642F274BB}
		{5B5AB21A-7EED-489B-9FE0-7BBB0F0DA9A8} = {FA3B4DBA-EFD5-431A-B5F8-074975E4D91B}
		{24AFA821-EAFF-4B36-928B-04E74671E63B} = {3F304EDC-E2D8-4A01-B168-01114FDF0335}
		{03B38ACA-9EC4-4FE9-B2E6-CC915A1EC943} = {3F304EDC-E2D8-4A01-B168-01114FDF0335}
	EndGlobalSection
	GlobalSection(ExtensibilityGlobals) = postSolution
		SolutionGuid = {6A751E6C-1C1A-4FEE-8275-65D8FEC8B542}
	EndGlobalSection
EndGlobal
