
Microsoft Visual Studio Solution File, Format Version 12.00
# Visual Studio Version 17
VisualStudioVersion = 17.5.33627.172
MinimumVisualStudioVersion = 10.0.40219.1
Project("{2150E333-8FDC-42A3-9474-1A3956D46DE8}") = "FRONT", "FRONT", "{9BD97A2C-C82E-4BBB-8BF5-E82C5821EDD7}"
EndProject
Project("{2150E333-8FDC-42A3-9474-1A3956D46DE8}") = "MENU", "MENU", "{1BB944C9-68E3-4F02-BDC0-5A4C7571308D}"
EndProject
Project("{9A19103F-16F7-4668-BE54-9A1E7A4F7556}") = "GSM01000Common", "COMMON\GS\GSM01000Common\GSM01000Common.csproj", "{7C7BA6B4-9C6B-4E4A-BE5E-875897B0E821}"
EndProject
Project("{2150E333-8FDC-42A3-9474-1A3956D46DE8}") = "GSM01000 - Chart of Account", "GSM01000 - Chart of Account", "{26B752B7-4DFF-4AE3-A95C-E123D794670E}"
EndProject
Project("{2150E333-8FDC-42A3-9474-1A3956D46DE8}") = "PublicLookupCommon", "PublicLookupCommon", "{B3945D69-3B3D-48BA-AB34-A9FCE1998703}"
EndProject
Project("{9A19103F-16F7-4668-BE54-9A1E7A4F7556}") = "Lookup_GSCOMMON", "..\..\BS Shared Form\SOURCE\BACK\Lookup_GSCOMMON\Lookup_GSCOMMON.csproj", "{64EF7C7B-4156-4E13-85DB-0C20E487BF04}"
EndProject
Project("{2150E333-8FDC-42A3-9474-1A3956D46DE8}") = "PublicLookupFront", "PublicLookupFront", "{0F83A37A-1C12-4A4E-A6D7-5F8434613450}"
EndProject
Project("{9A19103F-16F7-4668-BE54-9A1E7A4F7556}") = "Lookup_GSModel", "..\..\BS Shared Form\SOURCE\FRONT\Lookup_GSModel\Lookup_GSModel.csproj", "{182E944E-5EB1-4722-BC96-BA3191D40456}"
EndProject
Project("{9A19103F-16F7-4668-BE54-9A1E7A4F7556}") = "Lookup_GSFRONT", "..\..\BS Shared Form\SOURCE\FRONT\Lookup_GSFRONT\Lookup_GSFRONT.csproj", "{F9C4115D-130A-452F-ADB1-E1DE31D57BD8}"
EndProject
Project("{2150E333-8FDC-42A3-9474-1A3956D46DE8}") = "GSM07500 - Period", "GSM07500 - Period", "{42D66E81-043B-4549-BDFB-ACA255C26432}"
EndProject
Project("{9A19103F-16F7-4668-BE54-9A1E7A4F7556}") = "GSM01000Model", "FRONT\GS\GSM01000Model\GSM01000Model.csproj", "{0234C11D-6B0C-4CFB-90A9-C00D9041EC8F}"
EndProject
Project("{9A19103F-16F7-4668-BE54-9A1E7A4F7556}") = "GSM01000Front", "FRONT\GS\GSM01000Front\GSM01000Front.csproj", "{8FFBDC60-C01E-4A91-BC62-349CF5E2ABC4}"
EndProject
Project("{9A19103F-16F7-4668-BE54-9A1E7A4F7556}") = "GSM07500Model", "FRONT\GS\GSM07500Model\GSM07500Model.csproj", "{D5ABC194-546B-4790-9358-1B78AFC6E127}"
EndProject
Project("{9A19103F-16F7-4668-BE54-9A1E7A4F7556}") = "GSM07500Common", "COMMON\GS\GSM07500Common\GSM07500Common.csproj", "{8403AD84-77F9-4F97-9B30-758DAE73503A}"
EndProject
Project("{9A19103F-16F7-4668-BE54-9A1E7A4F7556}") = "GFF00900FRONT", "..\..\BS Shared Form\SOURCE\FRONT\GFF00900FRONT\GFF00900FRONT.csproj", "{84CF95E6-0955-4294-B269-394074AF69A4}"
EndProject
Project("{2150E333-8FDC-42A3-9474-1A3956D46DE8}") = "ACTIVE/INACTIVE", "ACTIVE/INACTIVE", "{C0E977F8-2E64-41A3-8742-04B853964BBB}"
EndProject
Project("{9A19103F-16F7-4668-BE54-9A1E7A4F7556}") = "GFF00900Model", "..\..\BS Shared Form\SOURCE\FRONT\GFF00900Model\GFF00900Model.csproj", "{F3FA54AB-D73B-4CFE-AF3B-1CAE9B74A970}"
EndProject
Project("{9A19103F-16F7-4668-BE54-9A1E7A4F7556}") = "GFF00900COMMON", "..\..\BS Shared Form\SOURCE\BACK\GFF00900COMMON\GFF00900COMMON.csproj", "{BF27166E-E52B-48A3-A8B7-6665DAB6BE75}"
EndProject
Project("{9A19103F-16F7-4668-BE54-9A1E7A4F7556}") = "GSM07500Front", "FRONT\GS\GSM07500Front\GSM07500Front.csproj", "{31918928-0F00-4290-8EB1-B0099E0D0048}"
EndProject
Project("{9A19103F-16F7-4668-BE54-9A1E7A4F7556}") = "BlazorMenu", "..\..\SYSTEM\SOURCE\Menu\BlazorMenu\BlazorMenu.csproj", "{D94A52FC-F429-4A55-BB34-D50EF966F6EB}"
EndProject
Global
	GlobalSection(SolutionConfigurationPlatforms) = preSolution
		Debug|Any CPU = Debug|Any CPU
		Release|Any CPU = Release|Any CPU
	EndGlobalSection
	GlobalSection(ProjectConfigurationPlatforms) = postSolution
		{7C7BA6B4-9C6B-4E4A-BE5E-875897B0E821}.Debug|Any CPU.ActiveCfg = Debug|Any CPU
		{7C7BA6B4-9C6B-4E4A-BE5E-875897B0E821}.Debug|Any CPU.Build.0 = Debug|Any CPU
		{7C7BA6B4-9C6B-4E4A-BE5E-875897B0E821}.Release|Any CPU.ActiveCfg = Release|Any CPU
		{7C7BA6B4-9C6B-4E4A-BE5E-875897B0E821}.Release|Any CPU.Build.0 = Release|Any CPU
		{64EF7C7B-4156-4E13-85DB-0C20E487BF04}.Debug|Any CPU.ActiveCfg = Debug|Any CPU
		{64EF7C7B-4156-4E13-85DB-0C20E487BF04}.Debug|Any CPU.Build.0 = Debug|Any CPU
		{64EF7C7B-4156-4E13-85DB-0C20E487BF04}.Release|Any CPU.ActiveCfg = Release|Any CPU
		{64EF7C7B-4156-4E13-85DB-0C20E487BF04}.Release|Any CPU.Build.0 = Release|Any CPU
		{182E944E-5EB1-4722-BC96-BA3191D40456}.Debug|Any CPU.ActiveCfg = Debug|Any CPU
		{182E944E-5EB1-4722-BC96-BA3191D40456}.Debug|Any CPU.Build.0 = Debug|Any CPU
		{182E944E-5EB1-4722-BC96-BA3191D40456}.Release|Any CPU.ActiveCfg = Release|Any CPU
		{182E944E-5EB1-4722-BC96-BA3191D40456}.Release|Any CPU.Build.0 = Release|Any CPU
		{F9C4115D-130A-452F-ADB1-E1DE31D57BD8}.Debug|Any CPU.ActiveCfg = Debug|Any CPU
		{F9C4115D-130A-452F-ADB1-E1DE31D57BD8}.Debug|Any CPU.Build.0 = Debug|Any CPU
		{F9C4115D-130A-452F-ADB1-E1DE31D57BD8}.Release|Any CPU.ActiveCfg = Release|Any CPU
		{F9C4115D-130A-452F-ADB1-E1DE31D57BD8}.Release|Any CPU.Build.0 = Release|Any CPU
		{0234C11D-6B0C-4CFB-90A9-C00D9041EC8F}.Debug|Any CPU.ActiveCfg = Debug|Any CPU
		{0234C11D-6B0C-4CFB-90A9-C00D9041EC8F}.Debug|Any CPU.Build.0 = Debug|Any CPU
		{0234C11D-6B0C-4CFB-90A9-C00D9041EC8F}.Release|Any CPU.ActiveCfg = Release|Any CPU
		{0234C11D-6B0C-4CFB-90A9-C00D9041EC8F}.Release|Any CPU.Build.0 = Release|Any CPU
		{8FFBDC60-C01E-4A91-BC62-349CF5E2ABC4}.Debug|Any CPU.ActiveCfg = Debug|Any CPU
		{8FFBDC60-C01E-4A91-BC62-349CF5E2ABC4}.Debug|Any CPU.Build.0 = Debug|Any CPU
		{8FFBDC60-C01E-4A91-BC62-349CF5E2ABC4}.Release|Any CPU.ActiveCfg = Release|Any CPU
		{8FFBDC60-C01E-4A91-BC62-349CF5E2ABC4}.Release|Any CPU.Build.0 = Release|Any CPU
		{D5ABC194-546B-4790-9358-1B78AFC6E127}.Debug|Any CPU.ActiveCfg = Debug|Any CPU
		{D5ABC194-546B-4790-9358-1B78AFC6E127}.Debug|Any CPU.Build.0 = Debug|Any CPU
		{D5ABC194-546B-4790-9358-1B78AFC6E127}.Release|Any CPU.ActiveCfg = Release|Any CPU
		{D5ABC194-546B-4790-9358-1B78AFC6E127}.Release|Any CPU.Build.0 = Release|Any CPU
		{8403AD84-77F9-4F97-9B30-758DAE73503A}.Debug|Any CPU.ActiveCfg = Debug|Any CPU
		{8403AD84-77F9-4F97-9B30-758DAE73503A}.Debug|Any CPU.Build.0 = Debug|Any CPU
		{8403AD84-77F9-4F97-9B30-758DAE73503A}.Release|Any CPU.ActiveCfg = Release|Any CPU
		{8403AD84-77F9-4F97-9B30-758DAE73503A}.Release|Any CPU.Build.0 = Release|Any CPU
		{84CF95E6-0955-4294-B269-394074AF69A4}.Debug|Any CPU.ActiveCfg = Debug|Any CPU
		{84CF95E6-0955-4294-B269-394074AF69A4}.Debug|Any CPU.Build.0 = Debug|Any CPU
		{84CF95E6-0955-4294-B269-394074AF69A4}.Release|Any CPU.ActiveCfg = Release|Any CPU
		{84CF95E6-0955-4294-B269-394074AF69A4}.Release|Any CPU.Build.0 = Release|Any CPU
		{F3FA54AB-D73B-4CFE-AF3B-1CAE9B74A970}.Debug|Any CPU.ActiveCfg = Debug|Any CPU
		{F3FA54AB-D73B-4CFE-AF3B-1CAE9B74A970}.Debug|Any CPU.Build.0 = Debug|Any CPU
		{F3FA54AB-D73B-4CFE-AF3B-1CAE9B74A970}.Release|Any CPU.ActiveCfg = Release|Any CPU
		{F3FA54AB-D73B-4CFE-AF3B-1CAE9B74A970}.Release|Any CPU.Build.0 = Release|Any CPU
		{BF27166E-E52B-48A3-A8B7-6665DAB6BE75}.Debug|Any CPU.ActiveCfg = Debug|Any CPU
		{BF27166E-E52B-48A3-A8B7-6665DAB6BE75}.Debug|Any CPU.Build.0 = Debug|Any CPU
		{BF27166E-E52B-48A3-A8B7-6665DAB6BE75}.Release|Any CPU.ActiveCfg = Release|Any CPU
		{BF27166E-E52B-48A3-A8B7-6665DAB6BE75}.Release|Any CPU.Build.0 = Release|Any CPU
		{31918928-0F00-4290-8EB1-B0099E0D0048}.Debug|Any CPU.ActiveCfg = Debug|Any CPU
		{31918928-0F00-4290-8EB1-B0099E0D0048}.Debug|Any CPU.Build.0 = Debug|Any CPU
		{31918928-0F00-4290-8EB1-B0099E0D0048}.Release|Any CPU.ActiveCfg = Release|Any CPU
		{31918928-0F00-4290-8EB1-B0099E0D0048}.Release|Any CPU.Build.0 = Release|Any CPU
		{D94A52FC-F429-4A55-BB34-D50EF966F6EB}.Debug|Any CPU.ActiveCfg = Debug|Any CPU
		{D94A52FC-F429-4A55-BB34-D50EF966F6EB}.Debug|Any CPU.Build.0 = Debug|Any CPU
		{D94A52FC-F429-4A55-BB34-D50EF966F6EB}.Release|Any CPU.ActiveCfg = Release|Any CPU
		{D94A52FC-F429-4A55-BB34-D50EF966F6EB}.Release|Any CPU.Build.0 = Release|Any CPU
	EndGlobalSection
	GlobalSection(SolutionProperties) = preSolution
		HideSolutionNode = FALSE
	EndGlobalSection
	GlobalSection(NestedProjects) = preSolution
		{26B752B7-4DFF-4AE3-A95C-E123D794670E} = {9BD97A2C-C82E-4BBB-8BF5-E82C5821EDD7}
		{64EF7C7B-4156-4E13-85DB-0C20E487BF04} = {B3945D69-3B3D-48BA-AB34-A9FCE1998703}
		{182E944E-5EB1-4722-BC96-BA3191D40456} = {0F83A37A-1C12-4A4E-A6D7-5F8434613450}
		{F9C4115D-130A-452F-ADB1-E1DE31D57BD8} = {0F83A37A-1C12-4A4E-A6D7-5F8434613450}
		{42D66E81-043B-4549-BDFB-ACA255C26432} = {9BD97A2C-C82E-4BBB-8BF5-E82C5821EDD7}
		{0234C11D-6B0C-4CFB-90A9-C00D9041EC8F} = {26B752B7-4DFF-4AE3-A95C-E123D794670E}
		{8FFBDC60-C01E-4A91-BC62-349CF5E2ABC4} = {26B752B7-4DFF-4AE3-A95C-E123D794670E}
		{D5ABC194-546B-4790-9358-1B78AFC6E127} = {42D66E81-043B-4549-BDFB-ACA255C26432}
		{84CF95E6-0955-4294-B269-394074AF69A4} = {C0E977F8-2E64-41A3-8742-04B853964BBB}
		{F3FA54AB-D73B-4CFE-AF3B-1CAE9B74A970} = {C0E977F8-2E64-41A3-8742-04B853964BBB}
		{BF27166E-E52B-48A3-A8B7-6665DAB6BE75} = {C0E977F8-2E64-41A3-8742-04B853964BBB}
		{31918928-0F00-4290-8EB1-B0099E0D0048} = {42D66E81-043B-4549-BDFB-ACA255C26432}
		{D94A52FC-F429-4A55-BB34-D50EF966F6EB} = {1BB944C9-68E3-4F02-BDC0-5A4C7571308D}
	EndGlobalSection
	GlobalSection(ExtensibilityGlobals) = postSolution
		SolutionGuid = {E7B78B5E-8DE2-4C73-8F18-FA540EDE69D7}
	EndGlobalSection
EndGlobal
