
Microsoft Visual Studio Solution File, Format Version 12.00
# Visual Studio Version 17
VisualStudioVersion = 17.5.33627.172
MinimumVisualStudioVersion = 10.0.40219.1
Project("{2150E333-8FDC-42A3-9474-1A3956D46DE8}") = "BACK", "BACK", "{9A88ACE1-E08A-4650-93AD-A84642F274BB}"
EndProject
Project("{2150E333-8FDC-42A3-9474-1A3956D46DE8}") = "COMMON", "COMMON", "{FA3B4DBA-EFD5-431A-B5F8-074975E4D91B}"
EndProject
Project("{2150E333-8FDC-42A3-9474-1A3956D46DE8}") = "SERVICE", "SERVICE", "{3F304EDC-E2D8-4A01-B168-01114FDF0335}"
EndProject
Project("{2150E333-8FDC-42A3-9474-1A3956D46DE8}") = "API", "API", "{C3EAE219-7C8B-4C0B-B9AA-C36E59A59874}"
EndProject
Project("{9A19103F-16F7-4668-BE54-9A1E7A4F7556}") = "GSM01000Common", "COMMON\GS\GSM01000Common\GSM01000Common.csproj", "{CCECF163-BD37-487C-AC46-E9614AE5CD06}"
EndProject
Project("{2150E333-8FDC-42A3-9474-1A3956D46DE8}") = "PublicLookup", "PublicLookup", "{62320131-9A38-4B12-A1E6-A353B2769DC4}"
EndProject
Project("{2150E333-8FDC-42A3-9474-1A3956D46DE8}") = "PublicLookupBack", "PublicLookupBack", "{47BBA369-47AB-437F-8A63-422D915A6EE2}"
EndProject
Project("{2150E333-8FDC-42A3-9474-1A3956D46DE8}") = "PublicLookupService", "PublicLookupService", "{32A2EC43-0245-4B9C-971B-979D9CDDEE5E}"
EndProject
Project("{2150E333-8FDC-42A3-9474-1A3956D46DE8}") = "GFF00900", "GFF00900", "{4701C2A6-8330-4373-9E82-FC991FC07A99}"
EndProject
Project("{9A19103F-16F7-4668-BE54-9A1E7A4F7556}") = "GFF00900COMMON", "..\..\BS Shared Form\SOURCE\BACK\GFF00900COMMON\GFF00900COMMON.csproj", "{E3867D7E-7166-43D3-AC6A-2C238AC1C352}"
EndProject
Project("{2150E333-8FDC-42A3-9474-1A3956D46DE8}") = "GFF00900", "GFF00900", "{7630DBAC-B886-4343-87AD-205169E2CAFA}"
EndProject
Project("{9A19103F-16F7-4668-BE54-9A1E7A4F7556}") = "GFF00900BACK", "..\..\BS Shared Form\SOURCE\BACK\GFF00900BACK\GFF00900BACK.csproj", "{F416CF6A-3C2F-4C70-8436-8E83DD686CB5}"
EndProject
Project("{2150E333-8FDC-42A3-9474-1A3956D46DE8}") = "GFF00900", "GFF00900", "{AE2DEBEA-0E65-4A59-BC42-8BAC674BA19F}"
EndProject
Project("{9A19103F-16F7-4668-BE54-9A1E7A4F7556}") = "GFF00900SERVICES", "..\..\BS Shared Form\SOURCE\SERVICES\GFF00900SERVICES\GFF00900SERVICES.csproj", "{5C5D125D-580B-44E7-B60A-886208A94758}"
EndProject
Project("{9A19103F-16F7-4668-BE54-9A1E7A4F7556}") = "RSP_GS_VALIDATE_USER_ACT_APPRResources", "BACK\GS\GS_SPR\RSP_GS_VALIDATE_USER_ACT_APPRResources\RSP_GS_VALIDATE_USER_ACT_APPRResources.csproj", "{09254F93-68D6-4652-B500-76035A472251}"
EndProject
Project("{9A19103F-16F7-4668-BE54-9A1E7A4F7556}") = "GSM07500Back", "BACK\GS\GSM07500Back\GSM07500Back.csproj", "{ECC4D46A-FB8C-4623-8CFD-C9C47E5CB8FB}"
EndProject
Project("{9A19103F-16F7-4668-BE54-9A1E7A4F7556}") = "GSM07500Common", "COMMON\GS\GSM07500Common\GSM07500Common.csproj", "{5B5AB21A-7EED-489B-9FE0-7BBB0F0DA9A8}"
EndProject
Project("{9A19103F-16F7-4668-BE54-9A1E7A4F7556}") = "GSM07500Service", "SERVICE\GS\GSM07500Service\GSM07500Service.csproj", "{24AFA821-EAFF-4B36-928B-04E74671E63B}"
EndProject
Project("{9A19103F-16F7-4668-BE54-9A1E7A4F7556}") = "GSM01000Service", "SERVICE\GS\GSM01000Service\GSM01000Service.csproj", "{03B38ACA-9EC4-4FE9-B2E6-CC915A1EC943}"
EndProject
Project("{2150E333-8FDC-42A3-9474-1A3956D46DE8}") = "GS", "GS", "{A323276B-5174-46C0-8673-1A7A52EFDE9B}"
EndProject
Project("{2150E333-8FDC-42A3-9474-1A3956D46DE8}") = "GSM01000", "GSM01000", "{22E9A3C5-552C-4670-9C96-2FC5FD0D593F}"
EndProject
Project("{2150E333-8FDC-42A3-9474-1A3956D46DE8}") = "GSM07500", "GSM07500", "{535187A3-F82B-48F3-8FAB-A8457DFE0C8C}"
EndProject
Project("{2150E333-8FDC-42A3-9474-1A3956D46DE8}") = "GF", "GF", "{E30BBE23-6EFC-4EC2-B1D0-8C3A3FFA5DE0}"
EndProject
Project("{2150E333-8FDC-42A3-9474-1A3956D46DE8}") = "LM", "LM", "{7C9A20B5-7ABC-475A-9E08-9720D939700F}"
EndProject
Project("{2150E333-8FDC-42A3-9474-1A3956D46DE8}") = "LMM05000", "LMM05000", "{2D3E6BE8-F2EB-4C8E-988E-E1F76175A2F2}"
EndProject
Project("{2150E333-8FDC-42A3-9474-1A3956D46DE8}") = "GF", "GF", "{9980D413-7C9E-454C-B1DF-4F976FA53AE3}"
EndProject
Project("{2150E333-8FDC-42A3-9474-1A3956D46DE8}") = "GS", "GS", "{36C551B0-6A94-4BED-B67E-021CD9DAD0C8}"
EndProject
Project("{2150E333-8FDC-42A3-9474-1A3956D46DE8}") = "GSM01000", "GSM01000", "{3ACAB3E7-4A8E-42FC-BED1-2E37099E8F4F}"
EndProject
Project("{2150E333-8FDC-42A3-9474-1A3956D46DE8}") = "GSM07500", "GSM07500", "{56CB359F-5681-4C55-8DC5-91A2CA495F23}"
EndProject
Project("{2150E333-8FDC-42A3-9474-1A3956D46DE8}") = "LM", "LM", "{7C43868B-7C9A-43E8-9D7B-7A38098B0540}"
EndProject
Project("{2150E333-8FDC-42A3-9474-1A3956D46DE8}") = "GF", "GF", "{FB4A19CB-A6D7-493C-86C0-5CE614359733}"
EndProject
Project("{2150E333-8FDC-42A3-9474-1A3956D46DE8}") = "GS", "GS", "{BF1340FF-1CC6-40BE-B8E0-E3B69E19907C}"
EndProject
Project("{2150E333-8FDC-42A3-9474-1A3956D46DE8}") = "LMM05000", "LMM05000", "{903759CB-0E56-490D-84C7-EB6C5518522E}"
EndProject
Project("{2150E333-8FDC-42A3-9474-1A3956D46DE8}") = "GSM01000", "GSM01000", "{3EF4A781-D0CC-477A-A85B-8B4D933151FF}"
EndProject
Project("{2150E333-8FDC-42A3-9474-1A3956D46DE8}") = "GSM07500", "GSM07500", "{0BC4958E-F0F2-475B-8939-E35855F7408B}"
EndProject
Project("{2150E333-8FDC-42A3-9474-1A3956D46DE8}") = "LM", "LM", "{ED0271DB-17AF-4D8A-96E5-ACE64E1FC8D8}"
EndProject
Project("{2150E333-8FDC-42A3-9474-1A3956D46DE8}") = "LMM05000", "LMM05000", "{F5900435-689F-44DB-92B8-FBC216660EEE}"
EndProject
Project("{2150E333-8FDC-42A3-9474-1A3956D46DE8}") = "GSM08500", "GSM08500", "{B21F2F02-BB2F-4DE0-8752-CE5084FAB009}"
EndProject
Project("{2150E333-8FDC-42A3-9474-1A3956D46DE8}") = "GSM08500", "GSM08500", "{90E4C876-AB09-45FF-8EF3-2263322CBC8A}"
EndProject
Project("{2150E333-8FDC-42A3-9474-1A3956D46DE8}") = "GSM08500", "GSM08500", "{3E415C24-33C8-4A68-A679-8FD51C130980}"
EndProject
Project("{9A19103F-16F7-4668-BE54-9A1E7A4F7556}") = "GSM08500Common", "COMMON\GS\GSM08500Common\GSM08500Common.csproj", "{A13523CB-23EA-40B6-B5D4-02739E720180}"
EndProject
Project("{9A19103F-16F7-4668-BE54-9A1E7A4F7556}") = "GSM08500Back", "BACK\GS\GSM08500Back\GSM08500Back.csproj", "{D8F7F9F6-C4A3-4328-ABF2-5E4F77CC21C1}"
EndProject
Project("{9A19103F-16F7-4668-BE54-9A1E7A4F7556}") = "GSM08500Service", "SERVICE\GS\GSM08500Service\GSM08500Service.csproj", "{3DB36524-3071-4E46-867B-59A7FC5E6454}"
EndProject
Project("{2150E333-8FDC-42A3-9474-1A3956D46DE8}") = "GL", "GL", "{6A0E1D75-3733-4F30-AFE0-C4EEEBD3CDCF}"
EndProject
Project("{2150E333-8FDC-42A3-9474-1A3956D46DE8}") = "GLT00600", "GLT00600", "{F589387F-25E8-405E-BC06-04A5F6A67BCB}"
EndProject
Project("{2150E333-8FDC-42A3-9474-1A3956D46DE8}") = "GL", "GL", "{6C1CA376-4C5E-4B7D-BA58-7CF50AFFEE66}"
EndProject
Project("{2150E333-8FDC-42A3-9474-1A3956D46DE8}") = "GLT00600", "GLT00600", "{C2BB536F-744D-47BF-AF44-810A8228785D}"
EndProject
Project("{2150E333-8FDC-42A3-9474-1A3956D46DE8}") = "GL", "GL", "{E32EF373-E8E9-44AE-87C8-1D9E4CE88BE7}"
EndProject
Project("{2150E333-8FDC-42A3-9474-1A3956D46DE8}") = "GLT00600", "GLT00600", "{947E084C-21F0-4EAA-B0EF-4B79D409552A}"
EndProject
Project("{9A19103F-16F7-4668-BE54-9A1E7A4F7556}") = "BaseHeaderReportCOMMON", "COMMON\BaseHeader\BaseHeaderReportCOMMON.csproj", "{8B5375D6-2465-4A52-B2FB-1D8580DE07FE}"
EndProject
Project("{2150E333-8FDC-42A3-9474-1A3956D46DE8}") = "DESIGN", "DESIGN", "{9C293417-E9D1-4E1D-8C57-F595452A6042}"
EndProject
Project("{9A19103F-16F7-4668-BE54-9A1E7A4F7556}") = "DesignFormGS", "DESIGN\DesignFormGS\DesignFormGS.csproj", "{629306B7-2490-4253-A556-9100F538BC2A}"
EndProject
Project("{9A19103F-16F7-4668-BE54-9A1E7A4F7556}") = "RSP_ACTIVITY_VALIDITYResources", "BACK\GS\GS_SPR\RSP_ACTIVITY_VALIDITYResources\RSP_ACTIVITY_VALIDITYResources.csproj", "{FC6BF794-9A18-4D07-98A0-3918CB505FDD}"
EndProject
Project("{9A19103F-16F7-4668-BE54-9A1E7A4F7556}") = "GLT00600Back", "BACK\GL\GLT00600Back\GLT00600Back.csproj", "{F3CECA7E-7E05-47FE-BE81-712729146287}"
EndProject
Project("{9A19103F-16F7-4668-BE54-9A1E7A4F7556}") = "GLT00600Service", "SERVICE\GL\GLT00600Service\GLT00600Service.csproj", "{8F8315FC-21E5-4758-9E61-D67406BF5E2D}"
EndProject
Project("{2150E333-8FDC-42A3-9474-1A3956D46DE8}") = "GLTR00100", "GLTR00100", "{41246950-5F3D-4471-9015-3655E0449DFE}"
EndProject
Project("{9A19103F-16F7-4668-BE54-9A1E7A4F7556}") = "GLTR00100SERVICE", "SERVICE\GL\GLTR00100SERVICE\GLTR00100SERVICE.csproj", "{B2FAF525-523C-42FB-87C6-ACC66052DB44}"
EndProject
Project("{2150E333-8FDC-42A3-9474-1A3956D46DE8}") = "GLTR00100", "GLTR00100", "{F8AF0666-7A60-407C-8398-9395347D1294}"
EndProject
Project("{9A19103F-16F7-4668-BE54-9A1E7A4F7556}") = "GLTR00100BACK", "BACK\GL\GLTR00100BACK\GLTR00100BACK.csproj", "{738C3FDE-49ED-4312-A10E-427813494F30}"
EndProject
Project("{2150E333-8FDC-42A3-9474-1A3956D46DE8}") = "GLTR00100", "GLTR00100", "{01096CBD-F485-425B-9E40-0D914CA77EE8}"
EndProject
Project("{9A19103F-16F7-4668-BE54-9A1E7A4F7556}") = "GLTR00100COMMON", "COMMON\GL\GLTR00100COMMON\GLTR00100COMMON.csproj", "{69D65329-8784-4056-96E5-AA73C72E7C97}"
EndProject
Project("{9A19103F-16F7-4668-BE54-9A1E7A4F7556}") = "BIMASAKTI_GS_API", "API\GS\BIMASAKTI_GS_API\BIMASAKTI_GS_API.csproj", "{8E140FA0-0E5C-44D6-8158-949F5832209F}"
EndProject
Project("{9A19103F-16F7-4668-BE54-9A1E7A4F7556}") = "BIMASAKTI_GL_API", "API\GL\BIMASAKTI_GL_API\BIMASAKTI_GL_API.csproj", "{D01D3195-E928-4248-86CD-5B8BA237BA22}"
EndProject
Project("{9A19103F-16F7-4668-BE54-9A1E7A4F7556}") = "BIMASAKTI_LM_API", "API\LM\BIMASAKTI_LM_API\BIMASAKTI_LM_API.csproj", "{7BAECFF4-2B4B-4FDF-A414-223C6E0672ED}"
EndProject
Project("{9A19103F-16F7-4668-BE54-9A1E7A4F7556}") = "GLT00600Common", "COMMON\GL\GLT00600COMMON\GLT00600Common.csproj", "{DD5470BD-067E-4F94-890D-6DD315C1C10A}"
EndProject
Project("{9A19103F-16F7-4668-BE54-9A1E7A4F7556}") = "GSM01000Back", "BACK\GS\GSM01000BACK\GSM01000Back.csproj", "{0D3C8DFB-2489-4903-A31D-3A05575DEA9D}"
EndProject
Project("{9A19103F-16F7-4668-BE54-9A1E7A4F7556}") = "GSM01000BackResources", "BACK\GS\GSM01000BackResources\GSM01000BackResources.csproj", "{E049591B-1ECD-44D5-A932-202E0D3944F9}"
EndProject
Project("{9A19103F-16F7-4668-BE54-9A1E7A4F7556}") = "LMM05000Common", "COMMON\LM\LMM05000COMMON\LMM05000Common.csproj", "{6E55B6CD-5557-479C-A7C2-9E2ABE32ACBB}"
EndProject
Project("{9A19103F-16F7-4668-BE54-9A1E7A4F7556}") = "LMM05000Service", "SERVICE\LM\LMM05000SERVICE\LMM05000Service.csproj", "{89F74AA7-6212-4CDA-BCAA-F2BF4A7CFA95}"
EndProject
Project("{9A19103F-16F7-4668-BE54-9A1E7A4F7556}") = "LMM05000Back", "BACK\LM\LMM05000BACK\LMM05000Back.csproj", "{70153D9A-9795-4761-8B9F-832856CF91B4}"
EndProject
Project("{9A19103F-16F7-4668-BE54-9A1E7A4F7556}") = "RSP_LM_ACTIVE_INACTIVE_UNIT_PRICEResources", "BACK\LM\LM_SPR\RSP_LM_ACTIVE_INACTIVE_UNIT_PRICEResources\RSP_LM_ACTIVE_INACTIVE_UNIT_PRICEResources.csproj", "{07A389D3-7795-46BF-ACAF-39B426633278}"
EndProject
Project("{9A19103F-16F7-4668-BE54-9A1E7A4F7556}") = "RSP_LM_MAINTAIN_UNIT_TYPE_PRICEResources", "BACK\LM\LM_SPR\RSP_LM_MAINTAIN_UNIT_TYPE_PRICEResources\RSP_LM_MAINTAIN_UNIT_TYPE_PRICEResources.csproj", "{9B2D4ADB-7B9A-4D69-8671-AEED8BF6D243}"
EndProject
Project("{9A19103F-16F7-4668-BE54-9A1E7A4F7556}") = "RSP_GS_MAINTAIN_COAResources", "BACK\GS\GS_SPR\RSP_GS_MAINTAIN_COAResources\RSP_GS_MAINTAIN_COAResources.csproj", "{05C76D48-4A3C-4E00-9A18-5E6065869741}"
EndProject
Project("{2150E333-8FDC-42A3-9474-1A3956D46DE8}") = "LMM01500", "LMM01500", "{7C0EA0A0-8443-40D1-9B9A-45CC9062335E}"
EndProject
Project("{9A19103F-16F7-4668-BE54-9A1E7A4F7556}") = "LMM01500Common", "COMMON\LM\LMM01500COMMON\LMM01500Common.csproj", "{4C595EDF-8C37-4C5D-82C6-AC98D7851FD3}"
EndProject
Project("{2150E333-8FDC-42A3-9474-1A3956D46DE8}") = "LMM01500", "LMM01500", "{5EA63CA2-B4BE-4C8C-BE08-4CD1F5407F70}"
EndProject
Project("{9A19103F-16F7-4668-BE54-9A1E7A4F7556}") = "LMM01500BACK", "BACK\LM\LMM01500BACK\LMM01500BACK.csproj", "{17F1605E-07E5-4A1C-83F1-3202BEBBFA5D}"
EndProject
Project("{2150E333-8FDC-42A3-9474-1A3956D46DE8}") = "LMM01500", "LMM01500", "{220DF56F-3C37-416E-9A7B-53F8A530A771}"
EndProject
Project("{9A19103F-16F7-4668-BE54-9A1E7A4F7556}") = "LMM01500SERVICE", "SERVICE\LM\LMM01500SERVICE\LMM01500SERVICE.csproj", "{6829F139-682F-4476-8BC0-1D52A49D1F4E}"
EndProject
Project("{2150E333-8FDC-42A3-9474-1A3956D46DE8}") = "GSM05000", "GSM05000", "{7A7A8E79-3C55-47D0-9161-3E459874AB05}"
EndProject
Project("{9A19103F-16F7-4668-BE54-9A1E7A4F7556}") = "GSM05000COMMON", "COMMON\GS\GSM05000COMMON\GSM05000COMMON.csproj", "{61965ED6-F454-4662-83C7-655E59705E3F}"
EndProject
Project("{2150E333-8FDC-42A3-9474-1A3956D46DE8}") = "GSM05000", "GSM05000", "{A5352E11-9B30-4213-AEDF-187EDE6CA4A6}"
EndProject
Project("{9A19103F-16F7-4668-BE54-9A1E7A4F7556}") = "GSM05000BACK", "BACK\GS\GSM05000BACK\GSM05000BACK.csproj", "{83648C7F-A7F6-434A-917E-A72585D9B085}"
EndProject
Project("{2150E333-8FDC-42A3-9474-1A3956D46DE8}") = "GSM05000", "GSM05000", "{C5D0BBED-8DF0-42D0-8FC0-9272655505D5}"
EndProject
Project("{9A19103F-16F7-4668-BE54-9A1E7A4F7556}") = "GSM05000SERVICE", "SERVICE\GS\GSM05000SERVICE\GSM05000SERVICE.csproj", "{75E63D92-7BAB-4DF0-9D0C-75969D5EB269}"
EndProject
Project("{9A19103F-16F7-4668-BE54-9A1E7A4F7556}") = "GSM07500BackResources", "BACK\GS\GSM07500BackResources\GSM07500BackResources\GSM07500BackResources.csproj", "{318A854A-696B-4042-B293-2C165E88F867}"
EndProject
Project("{2150E333-8FDC-42A3-9474-1A3956D46DE8}") = "LMM03700", "LMM03700", "{8E9C9455-A38A-4861-A6C7-2BBE7BBB9155}"
EndProject
Project("{9A19103F-16F7-4668-BE54-9A1E7A4F7556}") = "LMM03700Common", "COMMON\LM\LMM03700Common\LMM03700Common.csproj", "{1275A4CF-57C7-4DF8-908F-04B0EA4EE9F2}"
EndProject
Project("{2150E333-8FDC-42A3-9474-1A3956D46DE8}") = "LMM03700", "LMM03700", "{668B020E-E7A3-49B2-B757-A4D531793B83}"
EndProject
Project("{9A19103F-16F7-4668-BE54-9A1E7A4F7556}") = "LMM03700Back", "BACK\LM\LMM03700Back\LMM03700Back.csproj", "{FE7D0CF7-7779-4159-BFAA-7DBBF1F57268}"
EndProject
Project("{2150E333-8FDC-42A3-9474-1A3956D46DE8}") = "LM_SPR", "LM_SPR", "{7B43F0E7-0424-4D13-A594-B84985111E35}"
EndProject
Project("{2150E333-8FDC-42A3-9474-1A3956D46DE8}") = "GS_SPR", "GS_SPR", "{554D74EB-1F0A-476F-9DA1-7870535E2A59}"
EndProject
Project("{9A19103F-16F7-4668-BE54-9A1E7A4F7556}") = "RSP_LM_MAINTAIN_TENANT_CLASSResources", "BACK\LM\LM_SPR\RSP_LM_MAINTAIN_TENANT_CLASSResources\RSP_LM_MAINTAIN_TENANT_CLASSResources.csproj", "{7D8E6F16-0F9D-48C6-A33B-A3E52C95D917}"
EndProject
Project("{9A19103F-16F7-4668-BE54-9A1E7A4F7556}") = "RSP_LM_MAINTAIN_TENANT_CLASS_GRPResources", "BACK\LM\LM_SPR\RSP_LM_MAINTAIN_TENANT_CLASS_GRPResources\RSP_LM_MAINTAIN_TENANT_CLASS_GRPResources.csproj", "{6752518E-76B4-4B90-B9FF-FEE7B54EDE0D}"
EndProject
Project("{2150E333-8FDC-42A3-9474-1A3956D46DE8}") = "LMM03700", "LMM03700", "{46C60DD7-81EA-4121-962B-120A10849212}"
EndProject
Project("{9A19103F-16F7-4668-BE54-9A1E7A4F7556}") = "LMM03700Service", "SERVICE\LM\LMM03700Service\LMM03700Service.csproj", "{8F0BDA95-DEE8-4955-B12F-D94169992D85}"
EndProject
Project("{9A19103F-16F7-4668-BE54-9A1E7A4F7556}") = "RSP_GS_MAINTAIN_PERIODResources", "BACK\GS\GS_SPR\RSP_GS_MAINTAIN_PERIODResources\RSP_GS_MAINTAIN_PERIODResources.csproj", "{26F92FE4-8574-4C10-86A4-FEB72BA0072E}"
EndProject
Project("{9A19103F-16F7-4668-BE54-9A1E7A4F7556}") = "Lookup_GSCOMMON", "..\..\BS Shared Form\SOURCE\BACK\Lookup_GSCOMMON\Lookup_GSCOMMON.csproj", "{C3920F6A-2D20-416E-BF33-6B97F1A6E328}"
EndProject
Project("{9A19103F-16F7-4668-BE54-9A1E7A4F7556}") = "Lookup_GSBACK", "..\..\BS Shared Form\SOURCE\BACK\Lookup_GSBACK\Lookup_GSBACK.csproj", "{EBADA0F4-38C8-49DB-A158-C24FEFCF612D}"
EndProject
Project("{9A19103F-16F7-4668-BE54-9A1E7A4F7556}") = "Lookup_GSSERVICES", "..\..\BS Shared Form\SOURCE\SERVICES\Lookup_GSSERVICES\Lookup_GSSERVICES.csproj", "{61EC008E-7BDF-485E-A3C7-94021C326DB7}"
EndProject
Project("{9A19103F-16F7-4668-BE54-9A1E7A4F7556}") = "BIMASAKTI_CB_API", "API\CB\BIMASAKTI_CB_API\BIMASAKTI_CB_API.csproj", "{D8C69168-41D9-4E42-84E2-4465BFDA127A}"
EndProject
Project("{2150E333-8FDC-42A3-9474-1A3956D46DE8}") = "CB", "CB", "{69D6265E-EA4F-4803-8D89-273BCB907217}"
EndProject
Project("{2150E333-8FDC-42A3-9474-1A3956D46DE8}") = "CBT01200", "CBT01200", "{5557D915-5726-4D31-9838-2F792280D904}"
EndProject
Project("{FAE04EC0-301F-11D3-BF4B-00C04F79EFBC}") = "CBT01200Common", "COMMON\CB\CBT01200COMMON\CBT01200Common.csproj", "{B517B7D0-57AF-47C7-B400-8C812D335BF3}"
EndProject
Global
	GlobalSection(SolutionConfigurationPlatforms) = preSolution
		Debug|Any CPU = Debug|Any CPU
		Release|Any CPU = Release|Any CPU
		Report|Any CPU = Report|Any CPU
		X|Any CPU = X|Any CPU
	EndGlobalSection
	GlobalSection(ProjectConfigurationPlatforms) = postSolution
		{CCECF163-BD37-487C-AC46-E9614AE5CD06}.Debug|Any CPU.ActiveCfg = Debug|Any CPU
		{CCECF163-BD37-487C-AC46-E9614AE5CD06}.Debug|Any CPU.Build.0 = Debug|Any CPU
		{CCECF163-BD37-487C-AC46-E9614AE5CD06}.Release|Any CPU.ActiveCfg = Release|Any CPU
		{CCECF163-BD37-487C-AC46-E9614AE5CD06}.Release|Any CPU.Build.0 = Release|Any CPU
		{CCECF163-BD37-487C-AC46-E9614AE5CD06}.Report|Any CPU.ActiveCfg = Release|Any CPU
		{CCECF163-BD37-487C-AC46-E9614AE5CD06}.Report|Any CPU.Build.0 = Release|Any CPU
		{CCECF163-BD37-487C-AC46-E9614AE5CD06}.X|Any CPU.ActiveCfg = Release|Any CPU
		{CCECF163-BD37-487C-AC46-E9614AE5CD06}.X|Any CPU.Build.0 = Release|Any CPU
		{E3867D7E-7166-43D3-AC6A-2C238AC1C352}.Debug|Any CPU.ActiveCfg = Debug|Any CPU
		{E3867D7E-7166-43D3-AC6A-2C238AC1C352}.Debug|Any CPU.Build.0 = Debug|Any CPU
		{E3867D7E-7166-43D3-AC6A-2C238AC1C352}.Release|Any CPU.ActiveCfg = Release|Any CPU
		{E3867D7E-7166-43D3-AC6A-2C238AC1C352}.Release|Any CPU.Build.0 = Release|Any CPU
		{E3867D7E-7166-43D3-AC6A-2C238AC1C352}.Report|Any CPU.ActiveCfg = Release|Any CPU
		{E3867D7E-7166-43D3-AC6A-2C238AC1C352}.Report|Any CPU.Build.0 = Release|Any CPU
		{E3867D7E-7166-43D3-AC6A-2C238AC1C352}.X|Any CPU.ActiveCfg = Release|Any CPU
		{E3867D7E-7166-43D3-AC6A-2C238AC1C352}.X|Any CPU.Build.0 = Release|Any CPU
		{F416CF6A-3C2F-4C70-8436-8E83DD686CB5}.Debug|Any CPU.ActiveCfg = Debug|Any CPU
		{F416CF6A-3C2F-4C70-8436-8E83DD686CB5}.Debug|Any CPU.Build.0 = Debug|Any CPU
		{F416CF6A-3C2F-4C70-8436-8E83DD686CB5}.Release|Any CPU.ActiveCfg = Release|Any CPU
		{F416CF6A-3C2F-4C70-8436-8E83DD686CB5}.Release|Any CPU.Build.0 = Release|Any CPU
		{F416CF6A-3C2F-4C70-8436-8E83DD686CB5}.Report|Any CPU.ActiveCfg = Release|Any CPU
		{F416CF6A-3C2F-4C70-8436-8E83DD686CB5}.Report|Any CPU.Build.0 = Release|Any CPU
		{F416CF6A-3C2F-4C70-8436-8E83DD686CB5}.X|Any CPU.ActiveCfg = Release|Any CPU
		{F416CF6A-3C2F-4C70-8436-8E83DD686CB5}.X|Any CPU.Build.0 = Release|Any CPU
		{5C5D125D-580B-44E7-B60A-886208A94758}.Debug|Any CPU.ActiveCfg = Debug|Any CPU
		{5C5D125D-580B-44E7-B60A-886208A94758}.Debug|Any CPU.Build.0 = Debug|Any CPU
		{5C5D125D-580B-44E7-B60A-886208A94758}.Release|Any CPU.ActiveCfg = Release|Any CPU
		{5C5D125D-580B-44E7-B60A-886208A94758}.Release|Any CPU.Build.0 = Release|Any CPU
		{5C5D125D-580B-44E7-B60A-886208A94758}.Report|Any CPU.ActiveCfg = Release|Any CPU
		{5C5D125D-580B-44E7-B60A-886208A94758}.Report|Any CPU.Build.0 = Release|Any CPU
		{5C5D125D-580B-44E7-B60A-886208A94758}.X|Any CPU.ActiveCfg = Release|Any CPU
		{5C5D125D-580B-44E7-B60A-886208A94758}.X|Any CPU.Build.0 = Release|Any CPU
		{09254F93-68D6-4652-B500-76035A472251}.Debug|Any CPU.ActiveCfg = Debug|Any CPU
		{09254F93-68D6-4652-B500-76035A472251}.Debug|Any CPU.Build.0 = Debug|Any CPU
		{09254F93-68D6-4652-B500-76035A472251}.Release|Any CPU.ActiveCfg = Release|Any CPU
		{09254F93-68D6-4652-B500-76035A472251}.Release|Any CPU.Build.0 = Release|Any CPU
		{09254F93-68D6-4652-B500-76035A472251}.Report|Any CPU.ActiveCfg = Release|Any CPU
		{09254F93-68D6-4652-B500-76035A472251}.Report|Any CPU.Build.0 = Release|Any CPU
		{09254F93-68D6-4652-B500-76035A472251}.X|Any CPU.ActiveCfg = Release|Any CPU
		{09254F93-68D6-4652-B500-76035A472251}.X|Any CPU.Build.0 = Release|Any CPU
		{ECC4D46A-FB8C-4623-8CFD-C9C47E5CB8FB}.Debug|Any CPU.ActiveCfg = Debug|Any CPU
		{ECC4D46A-FB8C-4623-8CFD-C9C47E5CB8FB}.Debug|Any CPU.Build.0 = Debug|Any CPU
		{ECC4D46A-FB8C-4623-8CFD-C9C47E5CB8FB}.Release|Any CPU.ActiveCfg = Release|Any CPU
		{ECC4D46A-FB8C-4623-8CFD-C9C47E5CB8FB}.Release|Any CPU.Build.0 = Release|Any CPU
		{ECC4D46A-FB8C-4623-8CFD-C9C47E5CB8FB}.Report|Any CPU.ActiveCfg = Release|Any CPU
		{ECC4D46A-FB8C-4623-8CFD-C9C47E5CB8FB}.Report|Any CPU.Build.0 = Release|Any CPU
		{ECC4D46A-FB8C-4623-8CFD-C9C47E5CB8FB}.X|Any CPU.ActiveCfg = Release|Any CPU
		{ECC4D46A-FB8C-4623-8CFD-C9C47E5CB8FB}.X|Any CPU.Build.0 = Release|Any CPU
		{5B5AB21A-7EED-489B-9FE0-7BBB0F0DA9A8}.Debug|Any CPU.ActiveCfg = Debug|Any CPU
		{5B5AB21A-7EED-489B-9FE0-7BBB0F0DA9A8}.Debug|Any CPU.Build.0 = Debug|Any CPU
		{5B5AB21A-7EED-489B-9FE0-7BBB0F0DA9A8}.Release|Any CPU.ActiveCfg = Release|Any CPU
		{5B5AB21A-7EED-489B-9FE0-7BBB0F0DA9A8}.Release|Any CPU.Build.0 = Release|Any CPU
		{5B5AB21A-7EED-489B-9FE0-7BBB0F0DA9A8}.Report|Any CPU.ActiveCfg = Release|Any CPU
		{5B5AB21A-7EED-489B-9FE0-7BBB0F0DA9A8}.Report|Any CPU.Build.0 = Release|Any CPU
		{5B5AB21A-7EED-489B-9FE0-7BBB0F0DA9A8}.X|Any CPU.ActiveCfg = Release|Any CPU
		{5B5AB21A-7EED-489B-9FE0-7BBB0F0DA9A8}.X|Any CPU.Build.0 = Release|Any CPU
		{24AFA821-EAFF-4B36-928B-04E74671E63B}.Debug|Any CPU.ActiveCfg = Debug|Any CPU
		{24AFA821-EAFF-4B36-928B-04E74671E63B}.Debug|Any CPU.Build.0 = Debug|Any CPU
		{24AFA821-EAFF-4B36-928B-04E74671E63B}.Release|Any CPU.ActiveCfg = Release|Any CPU
		{24AFA821-EAFF-4B36-928B-04E74671E63B}.Release|Any CPU.Build.0 = Release|Any CPU
		{24AFA821-EAFF-4B36-928B-04E74671E63B}.Report|Any CPU.ActiveCfg = Release|Any CPU
		{24AFA821-EAFF-4B36-928B-04E74671E63B}.Report|Any CPU.Build.0 = Release|Any CPU
		{24AFA821-EAFF-4B36-928B-04E74671E63B}.X|Any CPU.ActiveCfg = Release|Any CPU
		{24AFA821-EAFF-4B36-928B-04E74671E63B}.X|Any CPU.Build.0 = Release|Any CPU
		{03B38ACA-9EC4-4FE9-B2E6-CC915A1EC943}.Debug|Any CPU.ActiveCfg = Debug|Any CPU
		{03B38ACA-9EC4-4FE9-B2E6-CC915A1EC943}.Debug|Any CPU.Build.0 = Debug|Any CPU
		{03B38ACA-9EC4-4FE9-B2E6-CC915A1EC943}.Release|Any CPU.ActiveCfg = Release|Any CPU
		{03B38ACA-9EC4-4FE9-B2E6-CC915A1EC943}.Release|Any CPU.Build.0 = Release|Any CPU
		{03B38ACA-9EC4-4FE9-B2E6-CC915A1EC943}.Report|Any CPU.ActiveCfg = Release|Any CPU
		{03B38ACA-9EC4-4FE9-B2E6-CC915A1EC943}.Report|Any CPU.Build.0 = Release|Any CPU
		{03B38ACA-9EC4-4FE9-B2E6-CC915A1EC943}.X|Any CPU.ActiveCfg = Release|Any CPU
		{03B38ACA-9EC4-4FE9-B2E6-CC915A1EC943}.X|Any CPU.Build.0 = Release|Any CPU
		{A13523CB-23EA-40B6-B5D4-02739E720180}.Debug|Any CPU.ActiveCfg = Debug|Any CPU
		{A13523CB-23EA-40B6-B5D4-02739E720180}.Debug|Any CPU.Build.0 = Debug|Any CPU
		{A13523CB-23EA-40B6-B5D4-02739E720180}.Release|Any CPU.ActiveCfg = Release|Any CPU
		{A13523CB-23EA-40B6-B5D4-02739E720180}.Release|Any CPU.Build.0 = Release|Any CPU
		{A13523CB-23EA-40B6-B5D4-02739E720180}.Report|Any CPU.ActiveCfg = Release|Any CPU
		{A13523CB-23EA-40B6-B5D4-02739E720180}.Report|Any CPU.Build.0 = Release|Any CPU
		{A13523CB-23EA-40B6-B5D4-02739E720180}.X|Any CPU.ActiveCfg = Release|Any CPU
		{A13523CB-23EA-40B6-B5D4-02739E720180}.X|Any CPU.Build.0 = Release|Any CPU
		{D8F7F9F6-C4A3-4328-ABF2-5E4F77CC21C1}.Debug|Any CPU.ActiveCfg = Debug|Any CPU
		{D8F7F9F6-C4A3-4328-ABF2-5E4F77CC21C1}.Debug|Any CPU.Build.0 = Debug|Any CPU
		{D8F7F9F6-C4A3-4328-ABF2-5E4F77CC21C1}.Release|Any CPU.ActiveCfg = Release|Any CPU
		{D8F7F9F6-C4A3-4328-ABF2-5E4F77CC21C1}.Release|Any CPU.Build.0 = Release|Any CPU
		{D8F7F9F6-C4A3-4328-ABF2-5E4F77CC21C1}.Report|Any CPU.ActiveCfg = Release|Any CPU
		{D8F7F9F6-C4A3-4328-ABF2-5E4F77CC21C1}.Report|Any CPU.Build.0 = Release|Any CPU
		{D8F7F9F6-C4A3-4328-ABF2-5E4F77CC21C1}.X|Any CPU.ActiveCfg = Release|Any CPU
		{D8F7F9F6-C4A3-4328-ABF2-5E4F77CC21C1}.X|Any CPU.Build.0 = Release|Any CPU
		{3DB36524-3071-4E46-867B-59A7FC5E6454}.Debug|Any CPU.ActiveCfg = Debug|Any CPU
		{3DB36524-3071-4E46-867B-59A7FC5E6454}.Debug|Any CPU.Build.0 = Debug|Any CPU
		{3DB36524-3071-4E46-867B-59A7FC5E6454}.Release|Any CPU.ActiveCfg = Release|Any CPU
		{3DB36524-3071-4E46-867B-59A7FC5E6454}.Release|Any CPU.Build.0 = Release|Any CPU
		{3DB36524-3071-4E46-867B-59A7FC5E6454}.Report|Any CPU.ActiveCfg = Release|Any CPU
		{3DB36524-3071-4E46-867B-59A7FC5E6454}.Report|Any CPU.Build.0 = Release|Any CPU
		{3DB36524-3071-4E46-867B-59A7FC5E6454}.X|Any CPU.ActiveCfg = Release|Any CPU
		{3DB36524-3071-4E46-867B-59A7FC5E6454}.X|Any CPU.Build.0 = Release|Any CPU
		{8B5375D6-2465-4A52-B2FB-1D8580DE07FE}.Debug|Any CPU.ActiveCfg = Debug|Any CPU
		{8B5375D6-2465-4A52-B2FB-1D8580DE07FE}.Debug|Any CPU.Build.0 = Debug|Any CPU
		{8B5375D6-2465-4A52-B2FB-1D8580DE07FE}.Release|Any CPU.ActiveCfg = Release|Any CPU
		{8B5375D6-2465-4A52-B2FB-1D8580DE07FE}.Release|Any CPU.Build.0 = Release|Any CPU
		{8B5375D6-2465-4A52-B2FB-1D8580DE07FE}.Report|Any CPU.ActiveCfg = Release|Any CPU
		{8B5375D6-2465-4A52-B2FB-1D8580DE07FE}.Report|Any CPU.Build.0 = Release|Any CPU
		{8B5375D6-2465-4A52-B2FB-1D8580DE07FE}.X|Any CPU.ActiveCfg = Release|Any CPU
		{8B5375D6-2465-4A52-B2FB-1D8580DE07FE}.X|Any CPU.Build.0 = Release|Any CPU
		{629306B7-2490-4253-A556-9100F538BC2A}.Debug|Any CPU.ActiveCfg = Debug|Any CPU
		{629306B7-2490-4253-A556-9100F538BC2A}.Debug|Any CPU.Build.0 = Debug|Any CPU
		{629306B7-2490-4253-A556-9100F538BC2A}.Release|Any CPU.ActiveCfg = Release|Any CPU
		{629306B7-2490-4253-A556-9100F538BC2A}.Release|Any CPU.Build.0 = Release|Any CPU
		{629306B7-2490-4253-A556-9100F538BC2A}.Report|Any CPU.ActiveCfg = Release|Any CPU
		{629306B7-2490-4253-A556-9100F538BC2A}.Report|Any CPU.Build.0 = Release|Any CPU
		{629306B7-2490-4253-A556-9100F538BC2A}.X|Any CPU.ActiveCfg = Release|Any CPU
		{629306B7-2490-4253-A556-9100F538BC2A}.X|Any CPU.Build.0 = Release|Any CPU
		{FC6BF794-9A18-4D07-98A0-3918CB505FDD}.Debug|Any CPU.ActiveCfg = Debug|Any CPU
		{FC6BF794-9A18-4D07-98A0-3918CB505FDD}.Debug|Any CPU.Build.0 = Debug|Any CPU
		{FC6BF794-9A18-4D07-98A0-3918CB505FDD}.Release|Any CPU.ActiveCfg = Release|Any CPU
		{FC6BF794-9A18-4D07-98A0-3918CB505FDD}.Release|Any CPU.Build.0 = Release|Any CPU
		{FC6BF794-9A18-4D07-98A0-3918CB505FDD}.Report|Any CPU.ActiveCfg = Release|Any CPU
		{FC6BF794-9A18-4D07-98A0-3918CB505FDD}.Report|Any CPU.Build.0 = Release|Any CPU
		{FC6BF794-9A18-4D07-98A0-3918CB505FDD}.X|Any CPU.ActiveCfg = Release|Any CPU
		{FC6BF794-9A18-4D07-98A0-3918CB505FDD}.X|Any CPU.Build.0 = Release|Any CPU
		{F3CECA7E-7E05-47FE-BE81-712729146287}.Debug|Any CPU.ActiveCfg = Debug|Any CPU
		{F3CECA7E-7E05-47FE-BE81-712729146287}.Debug|Any CPU.Build.0 = Debug|Any CPU
		{F3CECA7E-7E05-47FE-BE81-712729146287}.Release|Any CPU.ActiveCfg = Release|Any CPU
		{F3CECA7E-7E05-47FE-BE81-712729146287}.Release|Any CPU.Build.0 = Release|Any CPU
		{F3CECA7E-7E05-47FE-BE81-712729146287}.Report|Any CPU.ActiveCfg = Release|Any CPU
		{F3CECA7E-7E05-47FE-BE81-712729146287}.Report|Any CPU.Build.0 = Release|Any CPU
		{F3CECA7E-7E05-47FE-BE81-712729146287}.X|Any CPU.ActiveCfg = Release|Any CPU
		{F3CECA7E-7E05-47FE-BE81-712729146287}.X|Any CPU.Build.0 = Release|Any CPU
		{8F8315FC-21E5-4758-9E61-D67406BF5E2D}.Debug|Any CPU.ActiveCfg = Debug|Any CPU
		{8F8315FC-21E5-4758-9E61-D67406BF5E2D}.Debug|Any CPU.Build.0 = Debug|Any CPU
		{8F8315FC-21E5-4758-9E61-D67406BF5E2D}.Release|Any CPU.ActiveCfg = Release|Any CPU
		{8F8315FC-21E5-4758-9E61-D67406BF5E2D}.Release|Any CPU.Build.0 = Release|Any CPU
		{8F8315FC-21E5-4758-9E61-D67406BF5E2D}.Report|Any CPU.ActiveCfg = Release|Any CPU
		{8F8315FC-21E5-4758-9E61-D67406BF5E2D}.Report|Any CPU.Build.0 = Release|Any CPU
		{8F8315FC-21E5-4758-9E61-D67406BF5E2D}.X|Any CPU.ActiveCfg = Release|Any CPU
		{8F8315FC-21E5-4758-9E61-D67406BF5E2D}.X|Any CPU.Build.0 = Release|Any CPU
		{B2FAF525-523C-42FB-87C6-ACC66052DB44}.Debug|Any CPU.ActiveCfg = Debug|Any CPU
		{B2FAF525-523C-42FB-87C6-ACC66052DB44}.Debug|Any CPU.Build.0 = Debug|Any CPU
		{B2FAF525-523C-42FB-87C6-ACC66052DB44}.Release|Any CPU.ActiveCfg = Release|Any CPU
		{B2FAF525-523C-42FB-87C6-ACC66052DB44}.Release|Any CPU.Build.0 = Release|Any CPU
		{B2FAF525-523C-42FB-87C6-ACC66052DB44}.Report|Any CPU.ActiveCfg = Release|Any CPU
		{B2FAF525-523C-42FB-87C6-ACC66052DB44}.Report|Any CPU.Build.0 = Release|Any CPU
		{B2FAF525-523C-42FB-87C6-ACC66052DB44}.X|Any CPU.ActiveCfg = Release|Any CPU
		{B2FAF525-523C-42FB-87C6-ACC66052DB44}.X|Any CPU.Build.0 = Release|Any CPU
		{738C3FDE-49ED-4312-A10E-427813494F30}.Debug|Any CPU.ActiveCfg = Debug|Any CPU
		{738C3FDE-49ED-4312-A10E-427813494F30}.Debug|Any CPU.Build.0 = Debug|Any CPU
		{738C3FDE-49ED-4312-A10E-427813494F30}.Release|Any CPU.ActiveCfg = Release|Any CPU
		{738C3FDE-49ED-4312-A10E-427813494F30}.Release|Any CPU.Build.0 = Release|Any CPU
		{738C3FDE-49ED-4312-A10E-427813494F30}.Report|Any CPU.ActiveCfg = Release|Any CPU
		{738C3FDE-49ED-4312-A10E-427813494F30}.Report|Any CPU.Build.0 = Release|Any CPU
		{738C3FDE-49ED-4312-A10E-427813494F30}.X|Any CPU.ActiveCfg = Release|Any CPU
		{738C3FDE-49ED-4312-A10E-427813494F30}.X|Any CPU.Build.0 = Release|Any CPU
		{69D65329-8784-4056-96E5-AA73C72E7C97}.Debug|Any CPU.ActiveCfg = Debug|Any CPU
		{69D65329-8784-4056-96E5-AA73C72E7C97}.Debug|Any CPU.Build.0 = Debug|Any CPU
		{69D65329-8784-4056-96E5-AA73C72E7C97}.Release|Any CPU.ActiveCfg = Release|Any CPU
		{69D65329-8784-4056-96E5-AA73C72E7C97}.Release|Any CPU.Build.0 = Release|Any CPU
		{69D65329-8784-4056-96E5-AA73C72E7C97}.Report|Any CPU.ActiveCfg = Release|Any CPU
		{69D65329-8784-4056-96E5-AA73C72E7C97}.Report|Any CPU.Build.0 = Release|Any CPU
		{69D65329-8784-4056-96E5-AA73C72E7C97}.X|Any CPU.ActiveCfg = Release|Any CPU
		{69D65329-8784-4056-96E5-AA73C72E7C97}.X|Any CPU.Build.0 = Release|Any CPU
		{8E140FA0-0E5C-44D6-8158-949F5832209F}.Debug|Any CPU.ActiveCfg = Debug|Any CPU
		{8E140FA0-0E5C-44D6-8158-949F5832209F}.Debug|Any CPU.Build.0 = Debug|Any CPU
		{8E140FA0-0E5C-44D6-8158-949F5832209F}.Release|Any CPU.ActiveCfg = Release|Any CPU
		{8E140FA0-0E5C-44D6-8158-949F5832209F}.Release|Any CPU.Build.0 = Release|Any CPU
		{8E140FA0-0E5C-44D6-8158-949F5832209F}.Report|Any CPU.ActiveCfg = Release|Any CPU
		{8E140FA0-0E5C-44D6-8158-949F5832209F}.Report|Any CPU.Build.0 = Release|Any CPU
		{8E140FA0-0E5C-44D6-8158-949F5832209F}.X|Any CPU.ActiveCfg = Release|Any CPU
		{8E140FA0-0E5C-44D6-8158-949F5832209F}.X|Any CPU.Build.0 = Release|Any CPU
		{D01D3195-E928-4248-86CD-5B8BA237BA22}.Debug|Any CPU.ActiveCfg = Debug|Any CPU
		{D01D3195-E928-4248-86CD-5B8BA237BA22}.Debug|Any CPU.Build.0 = Debug|Any CPU
		{D01D3195-E928-4248-86CD-5B8BA237BA22}.Release|Any CPU.ActiveCfg = Release|Any CPU
		{D01D3195-E928-4248-86CD-5B8BA237BA22}.Release|Any CPU.Build.0 = Release|Any CPU
		{D01D3195-E928-4248-86CD-5B8BA237BA22}.Report|Any CPU.ActiveCfg = Release|Any CPU
		{D01D3195-E928-4248-86CD-5B8BA237BA22}.Report|Any CPU.Build.0 = Release|Any CPU
		{D01D3195-E928-4248-86CD-5B8BA237BA22}.X|Any CPU.ActiveCfg = Release|Any CPU
		{D01D3195-E928-4248-86CD-5B8BA237BA22}.X|Any CPU.Build.0 = Release|Any CPU
		{7BAECFF4-2B4B-4FDF-A414-223C6E0672ED}.Debug|Any CPU.ActiveCfg = Debug|Any CPU
		{7BAECFF4-2B4B-4FDF-A414-223C6E0672ED}.Debug|Any CPU.Build.0 = Debug|Any CPU
		{7BAECFF4-2B4B-4FDF-A414-223C6E0672ED}.Release|Any CPU.ActiveCfg = Release|Any CPU
		{7BAECFF4-2B4B-4FDF-A414-223C6E0672ED}.Release|Any CPU.Build.0 = Release|Any CPU
		{7BAECFF4-2B4B-4FDF-A414-223C6E0672ED}.Report|Any CPU.ActiveCfg = Release|Any CPU
		{7BAECFF4-2B4B-4FDF-A414-223C6E0672ED}.Report|Any CPU.Build.0 = Release|Any CPU
		{7BAECFF4-2B4B-4FDF-A414-223C6E0672ED}.X|Any CPU.ActiveCfg = Release|Any CPU
		{7BAECFF4-2B4B-4FDF-A414-223C6E0672ED}.X|Any CPU.Build.0 = Release|Any CPU
		{DD5470BD-067E-4F94-890D-6DD315C1C10A}.Debug|Any CPU.ActiveCfg = Debug|Any CPU
		{DD5470BD-067E-4F94-890D-6DD315C1C10A}.Debug|Any CPU.Build.0 = Debug|Any CPU
		{DD5470BD-067E-4F94-890D-6DD315C1C10A}.Release|Any CPU.ActiveCfg = Release|Any CPU
		{DD5470BD-067E-4F94-890D-6DD315C1C10A}.Release|Any CPU.Build.0 = Release|Any CPU
		{DD5470BD-067E-4F94-890D-6DD315C1C10A}.Report|Any CPU.ActiveCfg = Release|Any CPU
		{DD5470BD-067E-4F94-890D-6DD315C1C10A}.Report|Any CPU.Build.0 = Release|Any CPU
		{DD5470BD-067E-4F94-890D-6DD315C1C10A}.X|Any CPU.ActiveCfg = Release|Any CPU
		{DD5470BD-067E-4F94-890D-6DD315C1C10A}.X|Any CPU.Build.0 = Release|Any CPU
		{0D3C8DFB-2489-4903-A31D-3A05575DEA9D}.Debug|Any CPU.ActiveCfg = Debug|Any CPU
		{0D3C8DFB-2489-4903-A31D-3A05575DEA9D}.Debug|Any CPU.Build.0 = Debug|Any CPU
		{0D3C8DFB-2489-4903-A31D-3A05575DEA9D}.Release|Any CPU.ActiveCfg = Release|Any CPU
		{0D3C8DFB-2489-4903-A31D-3A05575DEA9D}.Release|Any CPU.Build.0 = Release|Any CPU
		{0D3C8DFB-2489-4903-A31D-3A05575DEA9D}.Report|Any CPU.ActiveCfg = Release|Any CPU
		{0D3C8DFB-2489-4903-A31D-3A05575DEA9D}.Report|Any CPU.Build.0 = Release|Any CPU
		{0D3C8DFB-2489-4903-A31D-3A05575DEA9D}.X|Any CPU.ActiveCfg = Release|Any CPU
		{0D3C8DFB-2489-4903-A31D-3A05575DEA9D}.X|Any CPU.Build.0 = Release|Any CPU
		{E049591B-1ECD-44D5-A932-202E0D3944F9}.Debug|Any CPU.ActiveCfg = Debug|Any CPU
		{E049591B-1ECD-44D5-A932-202E0D3944F9}.Debug|Any CPU.Build.0 = Debug|Any CPU
		{E049591B-1ECD-44D5-A932-202E0D3944F9}.Release|Any CPU.ActiveCfg = Release|Any CPU
		{E049591B-1ECD-44D5-A932-202E0D3944F9}.Release|Any CPU.Build.0 = Release|Any CPU
		{E049591B-1ECD-44D5-A932-202E0D3944F9}.Report|Any CPU.ActiveCfg = Release|Any CPU
		{E049591B-1ECD-44D5-A932-202E0D3944F9}.Report|Any CPU.Build.0 = Release|Any CPU
		{E049591B-1ECD-44D5-A932-202E0D3944F9}.X|Any CPU.ActiveCfg = Release|Any CPU
		{E049591B-1ECD-44D5-A932-202E0D3944F9}.X|Any CPU.Build.0 = Release|Any CPU
		{6E55B6CD-5557-479C-A7C2-9E2ABE32ACBB}.Debug|Any CPU.ActiveCfg = Debug|Any CPU
		{6E55B6CD-5557-479C-A7C2-9E2ABE32ACBB}.Debug|Any CPU.Build.0 = Debug|Any CPU
		{6E55B6CD-5557-479C-A7C2-9E2ABE32ACBB}.Release|Any CPU.ActiveCfg = Release|Any CPU
		{6E55B6CD-5557-479C-A7C2-9E2ABE32ACBB}.Release|Any CPU.Build.0 = Release|Any CPU
		{6E55B6CD-5557-479C-A7C2-9E2ABE32ACBB}.Report|Any CPU.ActiveCfg = Release|Any CPU
		{6E55B6CD-5557-479C-A7C2-9E2ABE32ACBB}.Report|Any CPU.Build.0 = Release|Any CPU
		{6E55B6CD-5557-479C-A7C2-9E2ABE32ACBB}.X|Any CPU.ActiveCfg = Release|Any CPU
		{6E55B6CD-5557-479C-A7C2-9E2ABE32ACBB}.X|Any CPU.Build.0 = Release|Any CPU
		{89F74AA7-6212-4CDA-BCAA-F2BF4A7CFA95}.Debug|Any CPU.ActiveCfg = Debug|Any CPU
		{89F74AA7-6212-4CDA-BCAA-F2BF4A7CFA95}.Debug|Any CPU.Build.0 = Debug|Any CPU
		{89F74AA7-6212-4CDA-BCAA-F2BF4A7CFA95}.Release|Any CPU.ActiveCfg = Release|Any CPU
		{89F74AA7-6212-4CDA-BCAA-F2BF4A7CFA95}.Release|Any CPU.Build.0 = Release|Any CPU
		{89F74AA7-6212-4CDA-BCAA-F2BF4A7CFA95}.Report|Any CPU.ActiveCfg = Release|Any CPU
		{89F74AA7-6212-4CDA-BCAA-F2BF4A7CFA95}.Report|Any CPU.Build.0 = Release|Any CPU
		{89F74AA7-6212-4CDA-BCAA-F2BF4A7CFA95}.X|Any CPU.ActiveCfg = Release|Any CPU
		{89F74AA7-6212-4CDA-BCAA-F2BF4A7CFA95}.X|Any CPU.Build.0 = Release|Any CPU
		{70153D9A-9795-4761-8B9F-832856CF91B4}.Debug|Any CPU.ActiveCfg = Debug|Any CPU
		{70153D9A-9795-4761-8B9F-832856CF91B4}.Debug|Any CPU.Build.0 = Debug|Any CPU
		{70153D9A-9795-4761-8B9F-832856CF91B4}.Release|Any CPU.ActiveCfg = Release|Any CPU
		{70153D9A-9795-4761-8B9F-832856CF91B4}.Release|Any CPU.Build.0 = Release|Any CPU
		{70153D9A-9795-4761-8B9F-832856CF91B4}.Report|Any CPU.ActiveCfg = Release|Any CPU
		{70153D9A-9795-4761-8B9F-832856CF91B4}.Report|Any CPU.Build.0 = Release|Any CPU
		{70153D9A-9795-4761-8B9F-832856CF91B4}.X|Any CPU.ActiveCfg = Release|Any CPU
		{70153D9A-9795-4761-8B9F-832856CF91B4}.X|Any CPU.Build.0 = Release|Any CPU
		{07A389D3-7795-46BF-ACAF-39B426633278}.Debug|Any CPU.ActiveCfg = Debug|Any CPU
		{07A389D3-7795-46BF-ACAF-39B426633278}.Debug|Any CPU.Build.0 = Debug|Any CPU
		{07A389D3-7795-46BF-ACAF-39B426633278}.Release|Any CPU.ActiveCfg = Release|Any CPU
		{07A389D3-7795-46BF-ACAF-39B426633278}.Release|Any CPU.Build.0 = Release|Any CPU
		{07A389D3-7795-46BF-ACAF-39B426633278}.Report|Any CPU.ActiveCfg = Release|Any CPU
		{07A389D3-7795-46BF-ACAF-39B426633278}.Report|Any CPU.Build.0 = Release|Any CPU
		{07A389D3-7795-46BF-ACAF-39B426633278}.X|Any CPU.ActiveCfg = Release|Any CPU
		{07A389D3-7795-46BF-ACAF-39B426633278}.X|Any CPU.Build.0 = Release|Any CPU
		{9B2D4ADB-7B9A-4D69-8671-AEED8BF6D243}.Debug|Any CPU.ActiveCfg = Debug|Any CPU
		{9B2D4ADB-7B9A-4D69-8671-AEED8BF6D243}.Debug|Any CPU.Build.0 = Debug|Any CPU
		{9B2D4ADB-7B9A-4D69-8671-AEED8BF6D243}.Release|Any CPU.ActiveCfg = Release|Any CPU
		{9B2D4ADB-7B9A-4D69-8671-AEED8BF6D243}.Release|Any CPU.Build.0 = Release|Any CPU
		{9B2D4ADB-7B9A-4D69-8671-AEED8BF6D243}.Report|Any CPU.ActiveCfg = Release|Any CPU
		{9B2D4ADB-7B9A-4D69-8671-AEED8BF6D243}.Report|Any CPU.Build.0 = Release|Any CPU
		{9B2D4ADB-7B9A-4D69-8671-AEED8BF6D243}.X|Any CPU.ActiveCfg = Release|Any CPU
		{9B2D4ADB-7B9A-4D69-8671-AEED8BF6D243}.X|Any CPU.Build.0 = Release|Any CPU
		{05C76D48-4A3C-4E00-9A18-5E6065869741}.Debug|Any CPU.ActiveCfg = Debug|Any CPU
		{05C76D48-4A3C-4E00-9A18-5E6065869741}.Debug|Any CPU.Build.0 = Debug|Any CPU
		{05C76D48-4A3C-4E00-9A18-5E6065869741}.Release|Any CPU.ActiveCfg = Release|Any CPU
		{05C76D48-4A3C-4E00-9A18-5E6065869741}.Release|Any CPU.Build.0 = Release|Any CPU
		{05C76D48-4A3C-4E00-9A18-5E6065869741}.Report|Any CPU.ActiveCfg = Release|Any CPU
		{05C76D48-4A3C-4E00-9A18-5E6065869741}.Report|Any CPU.Build.0 = Release|Any CPU
		{05C76D48-4A3C-4E00-9A18-5E6065869741}.X|Any CPU.ActiveCfg = Release|Any CPU
		{05C76D48-4A3C-4E00-9A18-5E6065869741}.X|Any CPU.Build.0 = Release|Any CPU
		{4C595EDF-8C37-4C5D-82C6-AC98D7851FD3}.Debug|Any CPU.ActiveCfg = Debug|Any CPU
		{4C595EDF-8C37-4C5D-82C6-AC98D7851FD3}.Debug|Any CPU.Build.0 = Debug|Any CPU
		{4C595EDF-8C37-4C5D-82C6-AC98D7851FD3}.Release|Any CPU.ActiveCfg = Release|Any CPU
		{4C595EDF-8C37-4C5D-82C6-AC98D7851FD3}.Release|Any CPU.Build.0 = Release|Any CPU
		{4C595EDF-8C37-4C5D-82C6-AC98D7851FD3}.Report|Any CPU.ActiveCfg = Release|Any CPU
		{4C595EDF-8C37-4C5D-82C6-AC98D7851FD3}.Report|Any CPU.Build.0 = Release|Any CPU
		{4C595EDF-8C37-4C5D-82C6-AC98D7851FD3}.X|Any CPU.ActiveCfg = Release|Any CPU
		{4C595EDF-8C37-4C5D-82C6-AC98D7851FD3}.X|Any CPU.Build.0 = Release|Any CPU
		{17F1605E-07E5-4A1C-83F1-3202BEBBFA5D}.Debug|Any CPU.ActiveCfg = Debug|Any CPU
		{17F1605E-07E5-4A1C-83F1-3202BEBBFA5D}.Debug|Any CPU.Build.0 = Debug|Any CPU
		{17F1605E-07E5-4A1C-83F1-3202BEBBFA5D}.Release|Any CPU.ActiveCfg = Release|Any CPU
		{17F1605E-07E5-4A1C-83F1-3202BEBBFA5D}.Release|Any CPU.Build.0 = Release|Any CPU
		{17F1605E-07E5-4A1C-83F1-3202BEBBFA5D}.Report|Any CPU.ActiveCfg = Release|Any CPU
		{17F1605E-07E5-4A1C-83F1-3202BEBBFA5D}.Report|Any CPU.Build.0 = Release|Any CPU
		{17F1605E-07E5-4A1C-83F1-3202BEBBFA5D}.X|Any CPU.ActiveCfg = Release|Any CPU
		{17F1605E-07E5-4A1C-83F1-3202BEBBFA5D}.X|Any CPU.Build.0 = Release|Any CPU
		{6829F139-682F-4476-8BC0-1D52A49D1F4E}.Debug|Any CPU.ActiveCfg = Debug|Any CPU
		{6829F139-682F-4476-8BC0-1D52A49D1F4E}.Debug|Any CPU.Build.0 = Debug|Any CPU
		{6829F139-682F-4476-8BC0-1D52A49D1F4E}.Release|Any CPU.ActiveCfg = Release|Any CPU
		{6829F139-682F-4476-8BC0-1D52A49D1F4E}.Release|Any CPU.Build.0 = Release|Any CPU
		{6829F139-682F-4476-8BC0-1D52A49D1F4E}.Report|Any CPU.ActiveCfg = Release|Any CPU
		{6829F139-682F-4476-8BC0-1D52A49D1F4E}.Report|Any CPU.Build.0 = Release|Any CPU
		{6829F139-682F-4476-8BC0-1D52A49D1F4E}.X|Any CPU.ActiveCfg = Release|Any CPU
		{6829F139-682F-4476-8BC0-1D52A49D1F4E}.X|Any CPU.Build.0 = Release|Any CPU
		{61965ED6-F454-4662-83C7-655E59705E3F}.Debug|Any CPU.ActiveCfg = Debug|Any CPU
		{61965ED6-F454-4662-83C7-655E59705E3F}.Debug|Any CPU.Build.0 = Debug|Any CPU
		{61965ED6-F454-4662-83C7-655E59705E3F}.Release|Any CPU.ActiveCfg = Release|Any CPU
		{61965ED6-F454-4662-83C7-655E59705E3F}.Release|Any CPU.Build.0 = Release|Any CPU
		{61965ED6-F454-4662-83C7-655E59705E3F}.Report|Any CPU.ActiveCfg = Release|Any CPU
		{61965ED6-F454-4662-83C7-655E59705E3F}.Report|Any CPU.Build.0 = Release|Any CPU
		{61965ED6-F454-4662-83C7-655E59705E3F}.X|Any CPU.ActiveCfg = Release|Any CPU
		{61965ED6-F454-4662-83C7-655E59705E3F}.X|Any CPU.Build.0 = Release|Any CPU
		{83648C7F-A7F6-434A-917E-A72585D9B085}.Debug|Any CPU.ActiveCfg = Debug|Any CPU
		{83648C7F-A7F6-434A-917E-A72585D9B085}.Debug|Any CPU.Build.0 = Debug|Any CPU
		{83648C7F-A7F6-434A-917E-A72585D9B085}.Release|Any CPU.ActiveCfg = Release|Any CPU
		{83648C7F-A7F6-434A-917E-A72585D9B085}.Release|Any CPU.Build.0 = Release|Any CPU
		{83648C7F-A7F6-434A-917E-A72585D9B085}.Report|Any CPU.ActiveCfg = Release|Any CPU
		{83648C7F-A7F6-434A-917E-A72585D9B085}.Report|Any CPU.Build.0 = Release|Any CPU
		{83648C7F-A7F6-434A-917E-A72585D9B085}.X|Any CPU.ActiveCfg = Release|Any CPU
		{83648C7F-A7F6-434A-917E-A72585D9B085}.X|Any CPU.Build.0 = Release|Any CPU
		{75E63D92-7BAB-4DF0-9D0C-75969D5EB269}.Debug|Any CPU.ActiveCfg = Debug|Any CPU
		{75E63D92-7BAB-4DF0-9D0C-75969D5EB269}.Debug|Any CPU.Build.0 = Debug|Any CPU
		{75E63D92-7BAB-4DF0-9D0C-75969D5EB269}.Release|Any CPU.ActiveCfg = Release|Any CPU
		{75E63D92-7BAB-4DF0-9D0C-75969D5EB269}.Release|Any CPU.Build.0 = Release|Any CPU
		{75E63D92-7BAB-4DF0-9D0C-75969D5EB269}.Report|Any CPU.ActiveCfg = Release|Any CPU
		{75E63D92-7BAB-4DF0-9D0C-75969D5EB269}.Report|Any CPU.Build.0 = Release|Any CPU
		{75E63D92-7BAB-4DF0-9D0C-75969D5EB269}.X|Any CPU.ActiveCfg = Release|Any CPU
		{75E63D92-7BAB-4DF0-9D0C-75969D5EB269}.X|Any CPU.Build.0 = Release|Any CPU
		{318A854A-696B-4042-B293-2C165E88F867}.Debug|Any CPU.ActiveCfg = Debug|Any CPU
		{318A854A-696B-4042-B293-2C165E88F867}.Debug|Any CPU.Build.0 = Debug|Any CPU
		{318A854A-696B-4042-B293-2C165E88F867}.Release|Any CPU.ActiveCfg = Release|Any CPU
		{318A854A-696B-4042-B293-2C165E88F867}.Release|Any CPU.Build.0 = Release|Any CPU
		{318A854A-696B-4042-B293-2C165E88F867}.Report|Any CPU.ActiveCfg = Release|Any CPU
		{318A854A-696B-4042-B293-2C165E88F867}.Report|Any CPU.Build.0 = Release|Any CPU
		{318A854A-696B-4042-B293-2C165E88F867}.X|Any CPU.ActiveCfg = Release|Any CPU
		{318A854A-696B-4042-B293-2C165E88F867}.X|Any CPU.Build.0 = Release|Any CPU
		{1275A4CF-57C7-4DF8-908F-04B0EA4EE9F2}.Debug|Any CPU.ActiveCfg = Debug|Any CPU
		{1275A4CF-57C7-4DF8-908F-04B0EA4EE9F2}.Debug|Any CPU.Build.0 = Debug|Any CPU
		{1275A4CF-57C7-4DF8-908F-04B0EA4EE9F2}.Release|Any CPU.ActiveCfg = Release|Any CPU
		{1275A4CF-57C7-4DF8-908F-04B0EA4EE9F2}.Release|Any CPU.Build.0 = Release|Any CPU
		{1275A4CF-57C7-4DF8-908F-04B0EA4EE9F2}.Report|Any CPU.ActiveCfg = Release|Any CPU
		{1275A4CF-57C7-4DF8-908F-04B0EA4EE9F2}.Report|Any CPU.Build.0 = Release|Any CPU
		{1275A4CF-57C7-4DF8-908F-04B0EA4EE9F2}.X|Any CPU.ActiveCfg = Release|Any CPU
		{1275A4CF-57C7-4DF8-908F-04B0EA4EE9F2}.X|Any CPU.Build.0 = Release|Any CPU
		{FE7D0CF7-7779-4159-BFAA-7DBBF1F57268}.Debug|Any CPU.ActiveCfg = Debug|Any CPU
		{FE7D0CF7-7779-4159-BFAA-7DBBF1F57268}.Debug|Any CPU.Build.0 = Debug|Any CPU
		{FE7D0CF7-7779-4159-BFAA-7DBBF1F57268}.Release|Any CPU.ActiveCfg = Release|Any CPU
		{FE7D0CF7-7779-4159-BFAA-7DBBF1F57268}.Release|Any CPU.Build.0 = Release|Any CPU
		{FE7D0CF7-7779-4159-BFAA-7DBBF1F57268}.Report|Any CPU.ActiveCfg = Release|Any CPU
		{FE7D0CF7-7779-4159-BFAA-7DBBF1F57268}.Report|Any CPU.Build.0 = Release|Any CPU
		{FE7D0CF7-7779-4159-BFAA-7DBBF1F57268}.X|Any CPU.ActiveCfg = Release|Any CPU
		{FE7D0CF7-7779-4159-BFAA-7DBBF1F57268}.X|Any CPU.Build.0 = Release|Any CPU
		{7D8E6F16-0F9D-48C6-A33B-A3E52C95D917}.Debug|Any CPU.ActiveCfg = Debug|Any CPU
		{7D8E6F16-0F9D-48C6-A33B-A3E52C95D917}.Debug|Any CPU.Build.0 = Debug|Any CPU
		{7D8E6F16-0F9D-48C6-A33B-A3E52C95D917}.Release|Any CPU.ActiveCfg = Release|Any CPU
		{7D8E6F16-0F9D-48C6-A33B-A3E52C95D917}.Release|Any CPU.Build.0 = Release|Any CPU
		{7D8E6F16-0F9D-48C6-A33B-A3E52C95D917}.Report|Any CPU.ActiveCfg = Release|Any CPU
		{7D8E6F16-0F9D-48C6-A33B-A3E52C95D917}.Report|Any CPU.Build.0 = Release|Any CPU
		{7D8E6F16-0F9D-48C6-A33B-A3E52C95D917}.X|Any CPU.ActiveCfg = Release|Any CPU
		{7D8E6F16-0F9D-48C6-A33B-A3E52C95D917}.X|Any CPU.Build.0 = Release|Any CPU
		{6752518E-76B4-4B90-B9FF-FEE7B54EDE0D}.Debug|Any CPU.ActiveCfg = Debug|Any CPU
		{6752518E-76B4-4B90-B9FF-FEE7B54EDE0D}.Debug|Any CPU.Build.0 = Debug|Any CPU
		{6752518E-76B4-4B90-B9FF-FEE7B54EDE0D}.Release|Any CPU.ActiveCfg = Release|Any CPU
		{6752518E-76B4-4B90-B9FF-FEE7B54EDE0D}.Release|Any CPU.Build.0 = Release|Any CPU
		{6752518E-76B4-4B90-B9FF-FEE7B54EDE0D}.Report|Any CPU.ActiveCfg = Release|Any CPU
		{6752518E-76B4-4B90-B9FF-FEE7B54EDE0D}.Report|Any CPU.Build.0 = Release|Any CPU
		{6752518E-76B4-4B90-B9FF-FEE7B54EDE0D}.X|Any CPU.ActiveCfg = Release|Any CPU
		{6752518E-76B4-4B90-B9FF-FEE7B54EDE0D}.X|Any CPU.Build.0 = Release|Any CPU
		{8F0BDA95-DEE8-4955-B12F-D94169992D85}.Debug|Any CPU.ActiveCfg = Debug|Any CPU
		{8F0BDA95-DEE8-4955-B12F-D94169992D85}.Debug|Any CPU.Build.0 = Debug|Any CPU
		{8F0BDA95-DEE8-4955-B12F-D94169992D85}.Release|Any CPU.ActiveCfg = Release|Any CPU
		{8F0BDA95-DEE8-4955-B12F-D94169992D85}.Release|Any CPU.Build.0 = Release|Any CPU
		{8F0BDA95-DEE8-4955-B12F-D94169992D85}.Report|Any CPU.ActiveCfg = Release|Any CPU
		{8F0BDA95-DEE8-4955-B12F-D94169992D85}.Report|Any CPU.Build.0 = Release|Any CPU
		{8F0BDA95-DEE8-4955-B12F-D94169992D85}.X|Any CPU.ActiveCfg = Release|Any CPU
		{8F0BDA95-DEE8-4955-B12F-D94169992D85}.X|Any CPU.Build.0 = Release|Any CPU
		{26F92FE4-8574-4C10-86A4-FEB72BA0072E}.Debug|Any CPU.ActiveCfg = Debug|Any CPU
		{26F92FE4-8574-4C10-86A4-FEB72BA0072E}.Debug|Any CPU.Build.0 = Debug|Any CPU
		{26F92FE4-8574-4C10-86A4-FEB72BA0072E}.Release|Any CPU.ActiveCfg = Release|Any CPU
		{26F92FE4-8574-4C10-86A4-FEB72BA0072E}.Release|Any CPU.Build.0 = Release|Any CPU
		{26F92FE4-8574-4C10-86A4-FEB72BA0072E}.Report|Any CPU.ActiveCfg = Release|Any CPU
		{26F92FE4-8574-4C10-86A4-FEB72BA0072E}.Report|Any CPU.Build.0 = Release|Any CPU
		{26F92FE4-8574-4C10-86A4-FEB72BA0072E}.X|Any CPU.ActiveCfg = Release|Any CPU
		{26F92FE4-8574-4C10-86A4-FEB72BA0072E}.X|Any CPU.Build.0 = Release|Any CPU
		{C3920F6A-2D20-416E-BF33-6B97F1A6E328}.Debug|Any CPU.ActiveCfg = Debug|Any CPU
		{C3920F6A-2D20-416E-BF33-6B97F1A6E328}.Debug|Any CPU.Build.0 = Debug|Any CPU
		{C3920F6A-2D20-416E-BF33-6B97F1A6E328}.Release|Any CPU.ActiveCfg = Release|Any CPU
		{C3920F6A-2D20-416E-BF33-6B97F1A6E328}.Release|Any CPU.Build.0 = Release|Any CPU
		{C3920F6A-2D20-416E-BF33-6B97F1A6E328}.Report|Any CPU.ActiveCfg = Release|Any CPU
		{C3920F6A-2D20-416E-BF33-6B97F1A6E328}.Report|Any CPU.Build.0 = Release|Any CPU
		{C3920F6A-2D20-416E-BF33-6B97F1A6E328}.X|Any CPU.ActiveCfg = Debug|Any CPU
		{C3920F6A-2D20-416E-BF33-6B97F1A6E328}.X|Any CPU.Build.0 = Debug|Any CPU
		{EBADA0F4-38C8-49DB-A158-C24FEFCF612D}.Debug|Any CPU.ActiveCfg = Debug|Any CPU
		{EBADA0F4-38C8-49DB-A158-C24FEFCF612D}.Debug|Any CPU.Build.0 = Debug|Any CPU
		{EBADA0F4-38C8-49DB-A158-C24FEFCF612D}.Release|Any CPU.ActiveCfg = Release|Any CPU
		{EBADA0F4-38C8-49DB-A158-C24FEFCF612D}.Release|Any CPU.Build.0 = Release|Any CPU
		{EBADA0F4-38C8-49DB-A158-C24FEFCF612D}.Report|Any CPU.ActiveCfg = Release|Any CPU
		{EBADA0F4-38C8-49DB-A158-C24FEFCF612D}.Report|Any CPU.Build.0 = Release|Any CPU
		{EBADA0F4-38C8-49DB-A158-C24FEFCF612D}.X|Any CPU.ActiveCfg = Debug|Any CPU
		{EBADA0F4-38C8-49DB-A158-C24FEFCF612D}.X|Any CPU.Build.0 = Debug|Any CPU
		{61EC008E-7BDF-485E-A3C7-94021C326DB7}.Debug|Any CPU.ActiveCfg = Debug|Any CPU
		{61EC008E-7BDF-485E-A3C7-94021C326DB7}.Debug|Any CPU.Build.0 = Debug|Any CPU
		{61EC008E-7BDF-485E-A3C7-94021C326DB7}.Release|Any CPU.ActiveCfg = Release|Any CPU
		{61EC008E-7BDF-485E-A3C7-94021C326DB7}.Release|Any CPU.Build.0 = Release|Any CPU
		{61EC008E-7BDF-485E-A3C7-94021C326DB7}.Report|Any CPU.ActiveCfg = Release|Any CPU
		{61EC008E-7BDF-485E-A3C7-94021C326DB7}.Report|Any CPU.Build.0 = Release|Any CPU
		{61EC008E-7BDF-485E-A3C7-94021C326DB7}.X|Any CPU.ActiveCfg = Debug|Any CPU
		{61EC008E-7BDF-485E-A3C7-94021C326DB7}.X|Any CPU.Build.0 = Debug|Any CPU
		{D8C69168-41D9-4E42-84E2-4465BFDA127A}.Debug|Any CPU.ActiveCfg = Debug|Any CPU
		{D8C69168-41D9-4E42-84E2-4465BFDA127A}.Debug|Any CPU.Build.0 = Debug|Any CPU
		{D8C69168-41D9-4E42-84E2-4465BFDA127A}.Release|Any CPU.ActiveCfg = Release|Any CPU
		{D8C69168-41D9-4E42-84E2-4465BFDA127A}.Release|Any CPU.Build.0 = Release|Any CPU
		{D8C69168-41D9-4E42-84E2-4465BFDA127A}.Report|Any CPU.ActiveCfg = Release|Any CPU
		{D8C69168-41D9-4E42-84E2-4465BFDA127A}.Report|Any CPU.Build.0 = Release|Any CPU
		{D8C69168-41D9-4E42-84E2-4465BFDA127A}.X|Any CPU.ActiveCfg = Debug|Any CPU
		{D8C69168-41D9-4E42-84E2-4465BFDA127A}.X|Any CPU.Build.0 = Debug|Any CPU
		{B517B7D0-57AF-47C7-B400-8C812D335BF3}.Debug|Any CPU.ActiveCfg = Debug|Any CPU
		{B517B7D0-57AF-47C7-B400-8C812D335BF3}.Debug|Any CPU.Build.0 = Debug|Any CPU
		{B517B7D0-57AF-47C7-B400-8C812D335BF3}.Release|Any CPU.ActiveCfg = Release|Any CPU
		{B517B7D0-57AF-47C7-B400-8C812D335BF3}.Release|Any CPU.Build.0 = Release|Any CPU
		{B517B7D0-57AF-47C7-B400-8C812D335BF3}.Report|Any CPU.ActiveCfg = Release|Any CPU
		{B517B7D0-57AF-47C7-B400-8C812D335BF3}.Report|Any CPU.Build.0 = Release|Any CPU
		{B517B7D0-57AF-47C7-B400-8C812D335BF3}.X|Any CPU.ActiveCfg = Debug|Any CPU
		{B517B7D0-57AF-47C7-B400-8C812D335BF3}.X|Any CPU.Build.0 = Debug|Any CPU
	EndGlobalSection
	GlobalSection(SolutionProperties) = preSolution
		HideSolutionNode = FALSE
	EndGlobalSection
	GlobalSection(NestedProjects) = preSolution
		{CCECF163-BD37-487C-AC46-E9614AE5CD06} = {22E9A3C5-552C-4670-9C96-2FC5FD0D593F}
		{62320131-9A38-4B12-A1E6-A353B2769DC4} = {FA3B4DBA-EFD5-431A-B5F8-074975E4D91B}
		{47BBA369-47AB-437F-8A63-422D915A6EE2} = {9A88ACE1-E08A-4650-93AD-A84642F274BB}
		{32A2EC43-0245-4B9C-971B-979D9CDDEE5E} = {3F304EDC-E2D8-4A01-B168-01114FDF0335}
		{4701C2A6-8330-4373-9E82-FC991FC07A99} = {E30BBE23-6EFC-4EC2-B1D0-8C3A3FFA5DE0}
		{E3867D7E-7166-43D3-AC6A-2C238AC1C352} = {4701C2A6-8330-4373-9E82-FC991FC07A99}
		{7630DBAC-B886-4343-87AD-205169E2CAFA} = {9980D413-7C9E-454C-B1DF-4F976FA53AE3}
		{F416CF6A-3C2F-4C70-8436-8E83DD686CB5} = {7630DBAC-B886-4343-87AD-205169E2CAFA}
		{AE2DEBEA-0E65-4A59-BC42-8BAC674BA19F} = {FB4A19CB-A6D7-493C-86C0-5CE614359733}
		{5C5D125D-580B-44E7-B60A-886208A94758} = {AE2DEBEA-0E65-4A59-BC42-8BAC674BA19F}
		{09254F93-68D6-4652-B500-76035A472251} = {7630DBAC-B886-4343-87AD-205169E2CAFA}
		{ECC4D46A-FB8C-4623-8CFD-C9C47E5CB8FB} = {56CB359F-5681-4C55-8DC5-91A2CA495F23}
		{5B5AB21A-7EED-489B-9FE0-7BBB0F0DA9A8} = {535187A3-F82B-48F3-8FAB-A8457DFE0C8C}
		{24AFA821-EAFF-4B36-928B-04E74671E63B} = {0BC4958E-F0F2-475B-8939-E35855F7408B}
		{03B38ACA-9EC4-4FE9-B2E6-CC915A1EC943} = {3EF4A781-D0CC-477A-A85B-8B4D933151FF}
		{A323276B-5174-46C0-8673-1A7A52EFDE9B} = {FA3B4DBA-EFD5-431A-B5F8-074975E4D91B}
		{22E9A3C5-552C-4670-9C96-2FC5FD0D593F} = {A323276B-5174-46C0-8673-1A7A52EFDE9B}
		{535187A3-F82B-48F3-8FAB-A8457DFE0C8C} = {A323276B-5174-46C0-8673-1A7A52EFDE9B}
		{E30BBE23-6EFC-4EC2-B1D0-8C3A3FFA5DE0} = {FA3B4DBA-EFD5-431A-B5F8-074975E4D91B}
		{7C9A20B5-7ABC-475A-9E08-9720D939700F} = {FA3B4DBA-EFD5-431A-B5F8-074975E4D91B}
		{2D3E6BE8-F2EB-4C8E-988E-E1F76175A2F2} = {7C9A20B5-7ABC-475A-9E08-9720D939700F}
		{9980D413-7C9E-454C-B1DF-4F976FA53AE3} = {9A88ACE1-E08A-4650-93AD-A84642F274BB}
		{36C551B0-6A94-4BED-B67E-021CD9DAD0C8} = {9A88ACE1-E08A-4650-93AD-A84642F274BB}
		{3ACAB3E7-4A8E-42FC-BED1-2E37099E8F4F} = {36C551B0-6A94-4BED-B67E-021CD9DAD0C8}
		{56CB359F-5681-4C55-8DC5-91A2CA495F23} = {36C551B0-6A94-4BED-B67E-021CD9DAD0C8}
		{7C43868B-7C9A-43E8-9D7B-7A38098B0540} = {9A88ACE1-E08A-4650-93AD-A84642F274BB}
		{FB4A19CB-A6D7-493C-86C0-5CE614359733} = {3F304EDC-E2D8-4A01-B168-01114FDF0335}
		{BF1340FF-1CC6-40BE-B8E0-E3B69E19907C} = {3F304EDC-E2D8-4A01-B168-01114FDF0335}
		{903759CB-0E56-490D-84C7-EB6C5518522E} = {7C43868B-7C9A-43E8-9D7B-7A38098B0540}
		{3EF4A781-D0CC-477A-A85B-8B4D933151FF} = {BF1340FF-1CC6-40BE-B8E0-E3B69E19907C}
		{0BC4958E-F0F2-475B-8939-E35855F7408B} = {BF1340FF-1CC6-40BE-B8E0-E3B69E19907C}
		{ED0271DB-17AF-4D8A-96E5-ACE64E1FC8D8} = {3F304EDC-E2D8-4A01-B168-01114FDF0335}
		{F5900435-689F-44DB-92B8-FBC216660EEE} = {ED0271DB-17AF-4D8A-96E5-ACE64E1FC8D8}
		{B21F2F02-BB2F-4DE0-8752-CE5084FAB009} = {36C551B0-6A94-4BED-B67E-021CD9DAD0C8}
		{90E4C876-AB09-45FF-8EF3-2263322CBC8A} = {A323276B-5174-46C0-8673-1A7A52EFDE9B}
		{3E415C24-33C8-4A68-A679-8FD51C130980} = {BF1340FF-1CC6-40BE-B8E0-E3B69E19907C}
		{A13523CB-23EA-40B6-B5D4-02739E720180} = {90E4C876-AB09-45FF-8EF3-2263322CBC8A}
		{D8F7F9F6-C4A3-4328-ABF2-5E4F77CC21C1} = {B21F2F02-BB2F-4DE0-8752-CE5084FAB009}
		{3DB36524-3071-4E46-867B-59A7FC5E6454} = {3E415C24-33C8-4A68-A679-8FD51C130980}
		{6A0E1D75-3733-4F30-AFE0-C4EEEBD3CDCF} = {FA3B4DBA-EFD5-431A-B5F8-074975E4D91B}
		{F589387F-25E8-405E-BC06-04A5F6A67BCB} = {6A0E1D75-3733-4F30-AFE0-C4EEEBD3CDCF}
		{6C1CA376-4C5E-4B7D-BA58-7CF50AFFEE66} = {9A88ACE1-E08A-4650-93AD-A84642F274BB}
		{C2BB536F-744D-47BF-AF44-810A8228785D} = {6C1CA376-4C5E-4B7D-BA58-7CF50AFFEE66}
		{E32EF373-E8E9-44AE-87C8-1D9E4CE88BE7} = {3F304EDC-E2D8-4A01-B168-01114FDF0335}
		{947E084C-21F0-4EAA-B0EF-4B79D409552A} = {E32EF373-E8E9-44AE-87C8-1D9E4CE88BE7}
		{8B5375D6-2465-4A52-B2FB-1D8580DE07FE} = {22E9A3C5-552C-4670-9C96-2FC5FD0D593F}
		{629306B7-2490-4253-A556-9100F538BC2A} = {9C293417-E9D1-4E1D-8C57-F595452A6042}
		{FC6BF794-9A18-4D07-98A0-3918CB505FDD} = {7630DBAC-B886-4343-87AD-205169E2CAFA}
		{F3CECA7E-7E05-47FE-BE81-712729146287} = {C2BB536F-744D-47BF-AF44-810A8228785D}
		{8F8315FC-21E5-4758-9E61-D67406BF5E2D} = {947E084C-21F0-4EAA-B0EF-4B79D409552A}
		{41246950-5F3D-4471-9015-3655E0449DFE} = {E32EF373-E8E9-44AE-87C8-1D9E4CE88BE7}
		{B2FAF525-523C-42FB-87C6-ACC66052DB44} = {41246950-5F3D-4471-9015-3655E0449DFE}
		{F8AF0666-7A60-407C-8398-9395347D1294} = {6C1CA376-4C5E-4B7D-BA58-7CF50AFFEE66}
		{738C3FDE-49ED-4312-A10E-427813494F30} = {F8AF0666-7A60-407C-8398-9395347D1294}
		{01096CBD-F485-425B-9E40-0D914CA77EE8} = {6A0E1D75-3733-4F30-AFE0-C4EEEBD3CDCF}
		{69D65329-8784-4056-96E5-AA73C72E7C97} = {01096CBD-F485-425B-9E40-0D914CA77EE8}
		{8E140FA0-0E5C-44D6-8158-949F5832209F} = {C3EAE219-7C8B-4C0B-B9AA-C36E59A59874}
		{D01D3195-E928-4248-86CD-5B8BA237BA22} = {C3EAE219-7C8B-4C0B-B9AA-C36E59A59874}
		{7BAECFF4-2B4B-4FDF-A414-223C6E0672ED} = {C3EAE219-7C8B-4C0B-B9AA-C36E59A59874}
		{DD5470BD-067E-4F94-890D-6DD315C1C10A} = {F589387F-25E8-405E-BC06-04A5F6A67BCB}
		{0D3C8DFB-2489-4903-A31D-3A05575DEA9D} = {3ACAB3E7-4A8E-42FC-BED1-2E37099E8F4F}
		{E049591B-1ECD-44D5-A932-202E0D3944F9} = {3ACAB3E7-4A8E-42FC-BED1-2E37099E8F4F}
		{6E55B6CD-5557-479C-A7C2-9E2ABE32ACBB} = {2D3E6BE8-F2EB-4C8E-988E-E1F76175A2F2}
		{89F74AA7-6212-4CDA-BCAA-F2BF4A7CFA95} = {F5900435-689F-44DB-92B8-FBC216660EEE}
		{70153D9A-9795-4761-8B9F-832856CF91B4} = {903759CB-0E56-490D-84C7-EB6C5518522E}
		{07A389D3-7795-46BF-ACAF-39B426633278} = {7B43F0E7-0424-4D13-A594-B84985111E35}
		{9B2D4ADB-7B9A-4D69-8671-AEED8BF6D243} = {7B43F0E7-0424-4D13-A594-B84985111E35}
		{05C76D48-4A3C-4E00-9A18-5E6065869741} = {554D74EB-1F0A-476F-9DA1-7870535E2A59}
		{7C0EA0A0-8443-40D1-9B9A-45CC9062335E} = {7C9A20B5-7ABC-475A-9E08-9720D939700F}
		{4C595EDF-8C37-4C5D-82C6-AC98D7851FD3} = {7C0EA0A0-8443-40D1-9B9A-45CC9062335E}
		{5EA63CA2-B4BE-4C8C-BE08-4CD1F5407F70} = {7C43868B-7C9A-43E8-9D7B-7A38098B0540}
		{17F1605E-07E5-4A1C-83F1-3202BEBBFA5D} = {5EA63CA2-B4BE-4C8C-BE08-4CD1F5407F70}
		{220DF56F-3C37-416E-9A7B-53F8A530A771} = {ED0271DB-17AF-4D8A-96E5-ACE64E1FC8D8}
		{6829F139-682F-4476-8BC0-1D52A49D1F4E} = {220DF56F-3C37-416E-9A7B-53F8A530A771}
		{7A7A8E79-3C55-47D0-9161-3E459874AB05} = {A323276B-5174-46C0-8673-1A7A52EFDE9B}
		{61965ED6-F454-4662-83C7-655E59705E3F} = {7A7A8E79-3C55-47D0-9161-3E459874AB05}
		{A5352E11-9B30-4213-AEDF-187EDE6CA4A6} = {36C551B0-6A94-4BED-B67E-021CD9DAD0C8}
		{83648C7F-A7F6-434A-917E-A72585D9B085} = {A5352E11-9B30-4213-AEDF-187EDE6CA4A6}
		{C5D0BBED-8DF0-42D0-8FC0-9272655505D5} = {BF1340FF-1CC6-40BE-B8E0-E3B69E19907C}
		{75E63D92-7BAB-4DF0-9D0C-75969D5EB269} = {C5D0BBED-8DF0-42D0-8FC0-9272655505D5}
		{318A854A-696B-4042-B293-2C165E88F867} = {56CB359F-5681-4C55-8DC5-91A2CA495F23}
		{8E9C9455-A38A-4861-A6C7-2BBE7BBB9155} = {7C9A20B5-7ABC-475A-9E08-9720D939700F}
		{1275A4CF-57C7-4DF8-908F-04B0EA4EE9F2} = {8E9C9455-A38A-4861-A6C7-2BBE7BBB9155}
		{668B020E-E7A3-49B2-B757-A4D531793B83} = {7C43868B-7C9A-43E8-9D7B-7A38098B0540}
		{FE7D0CF7-7779-4159-BFAA-7DBBF1F57268} = {668B020E-E7A3-49B2-B757-A4D531793B83}
		{7B43F0E7-0424-4D13-A594-B84985111E35} = {7C43868B-7C9A-43E8-9D7B-7A38098B0540}
		{554D74EB-1F0A-476F-9DA1-7870535E2A59} = {36C551B0-6A94-4BED-B67E-021CD9DAD0C8}
		{7D8E6F16-0F9D-48C6-A33B-A3E52C95D917} = {7B43F0E7-0424-4D13-A594-B84985111E35}
		{6752518E-76B4-4B90-B9FF-FEE7B54EDE0D} = {7B43F0E7-0424-4D13-A594-B84985111E35}
		{46C60DD7-81EA-4121-962B-120A10849212} = {ED0271DB-17AF-4D8A-96E5-ACE64E1FC8D8}
		{8F0BDA95-DEE8-4955-B12F-D94169992D85} = {46C60DD7-81EA-4121-962B-120A10849212}
		{26F92FE4-8574-4C10-86A4-FEB72BA0072E} = {554D74EB-1F0A-476F-9DA1-7870535E2A59}
		{C3920F6A-2D20-416E-BF33-6B97F1A6E328} = {62320131-9A38-4B12-A1E6-A353B2769DC4}
		{EBADA0F4-38C8-49DB-A158-C24FEFCF612D} = {47BBA369-47AB-437F-8A63-422D915A6EE2}
		{61EC008E-7BDF-485E-A3C7-94021C326DB7} = {32A2EC43-0245-4B9C-971B-979D9CDDEE5E}
		{D8C69168-41D9-4E42-84E2-4465BFDA127A} = {C3EAE219-7C8B-4C0B-B9AA-C36E59A59874}
		{69D6265E-EA4F-4803-8D89-273BCB907217} = {FA3B4DBA-EFD5-431A-B5F8-074975E4D91B}
		{5557D915-5726-4D31-9838-2F792280D904} = {69D6265E-EA4F-4803-8D89-273BCB907217}
		{B517B7D0-57AF-47C7-B400-8C812D335BF3} = {5557D915-5726-4D31-9838-2F792280D904}
	EndGlobalSection
	GlobalSection(ExtensibilityGlobals) = postSolution
		SolutionGuid = {6A751E6C-1C1A-4FEE-8275-65D8FEC8B542}
	EndGlobalSection
EndGlobal
