
Microsoft Visual Studio Solution File, Format Version 12.00
# Visual Studio Version 17
VisualStudioVersion = 17.5.33627.172
MinimumVisualStudioVersion = 10.0.40219.1
Project("{2150E333-8FDC-42A3-9474-1A3956D46DE8}") = "FRONT", "FRONT", "{9BD97A2C-C82E-4BBB-8BF5-E82C5821EDD7}"
EndProject
Project("{2150E333-8FDC-42A3-9474-1A3956D46DE8}") = "MENU", "MENU", "{1BB944C9-68E3-4F02-BDC0-5A4C7571308D}"
EndProject
Project("{9A19103F-16F7-4668-BE54-9A1E7A4F7556}") = "GSM01000Common", "COMMON\GS\GSM01000Common\GSM01000Common.csproj", "{7C7BA6B4-9C6B-4E4A-BE5E-875897B0E821}"
EndProject
Project("{2150E333-8FDC-42A3-9474-1A3956D46DE8}") = "GSM01000 - Chart of Account", "GSM01000 - Chart of Account", "{26B752B7-4DFF-4AE3-A95C-E123D794670E}"
EndProject
Project("{2150E333-8FDC-42A3-9474-1A3956D46DE8}") = "PublicLookupCommon", "PublicLookupCommon", "{B3945D69-3B3D-48BA-AB34-A9FCE1998703}"
EndProject
Project("{2150E333-8FDC-42A3-9474-1A3956D46DE8}") = "PublicLookupFront", "PublicLookupFront", "{0F83A37A-1C12-4A4E-A6D7-5F8434613450}"
EndProject
Project("{2150E333-8FDC-42A3-9474-1A3956D46DE8}") = "GSM07500 - Period", "GSM07500 - Period", "{42D66E81-043B-4549-BDFB-ACA255C26432}"
EndProject
Project("{9A19103F-16F7-4668-BE54-9A1E7A4F7556}") = "GSM07500Common", "COMMON\GS\GSM07500Common\GSM07500Common.csproj", "{8403AD84-77F9-4F97-9B30-758DAE73503A}"
EndProject
Project("{9A19103F-16F7-4668-BE54-9A1E7A4F7556}") = "BlazorMenu", "..\..\SYSTEM\SOURCE\Menu\BlazorMenu\BlazorMenu.csproj", "{D94A52FC-F429-4A55-BB34-D50EF966F6EB}"
EndProject
Project("{2150E333-8FDC-42A3-9474-1A3956D46DE8}") = "GS", "GS", "{8080A42A-9D5A-4716-8AE1-4F6647EAF735}"
EndProject
Project("{2150E333-8FDC-42A3-9474-1A3956D46DE8}") = "COMMON", "COMMON", "{BD0C008F-753D-4328-8201-CE48C302E9F6}"
EndProject
Project("{2150E333-8FDC-42A3-9474-1A3956D46DE8}") = "GS", "GS", "{3A458386-1C95-4B04-AB49-5063F7BDFC19}"
EndProject
Project("{2150E333-8FDC-42A3-9474-1A3956D46DE8}") = "GSM01000", "GSM01000", "{AEF2361A-6907-469B-8727-821C6D231785}"
EndProject
Project("{2150E333-8FDC-42A3-9474-1A3956D46DE8}") = "GSM07500", "GSM07500", "{0E83FE78-0F07-4EBD-ADAB-54FC51C8D168}"
EndProject
Project("{2150E333-8FDC-42A3-9474-1A3956D46DE8}") = "LM", "LM", "{91599D89-9845-4EA4-80AC-A91027C8F2AA}"
EndProject
Project("{2150E333-8FDC-42A3-9474-1A3956D46DE8}") = "LMM05000", "LMM05000", "{9AD4596F-8B97-4D7E-8C25-47A12F438192}"
EndProject
Project("{2150E333-8FDC-42A3-9474-1A3956D46DE8}") = "LM", "LM", "{1CB433CB-091C-4D3A-8245-DEDCF54B1270}"
EndProject
Project("{2150E333-8FDC-42A3-9474-1A3956D46DE8}") = "LMM05000", "LMM05000", "{A595C5E1-EE67-4836-A772-8150E53B285A}"
EndProject
Project("{2150E333-8FDC-42A3-9474-1A3956D46DE8}") = "GSM08500 - Statistic Account", "GSM08500 - Statistic Account", "{8B494A16-0B6D-4679-B773-98C48A44156C}"
EndProject
Project("{2150E333-8FDC-42A3-9474-1A3956D46DE8}") = "GSM08500", "GSM08500", "{D41B44A8-7E20-4BE6-B582-2AC83534A8A6}"
EndProject
Project("{9A19103F-16F7-4668-BE54-9A1E7A4F7556}") = "GSM08500Common", "COMMON\GS\GSM08500Common\GSM08500Common.csproj", "{B05849F3-DF41-4F6E-9C31-D3F309E1C7CD}"
EndProject
Project("{9A19103F-16F7-4668-BE54-9A1E7A4F7556}") = "Lookup_GSFRONT", "..\..\BS Shared Form\SOURCE\FRONT\Lookup_GSFRONT\Lookup_GSFRONT.csproj", "{765B13BC-E9CA-48D3-A83E-3496A99499DA}"
EndProject
Project("{2150E333-8FDC-42A3-9474-1A3956D46DE8}") = "GL", "GL", "{9F5B542E-9058-4825-B053-31B6C8638FA6}"
EndProject
Project("{2150E333-8FDC-42A3-9474-1A3956D46DE8}") = "GLT00600", "GLT00600", "{9637AAD4-6B14-4F11-B4A3-B356033A5974}"
EndProject
Project("{2150E333-8FDC-42A3-9474-1A3956D46DE8}") = "GL", "GL", "{79AF2F48-2AA3-42C8-914B-F1F49621408E}"
EndProject
Project("{2150E333-8FDC-42A3-9474-1A3956D46DE8}") = "GLT00600", "GLT00600", "{70683C91-46C4-453F-ACB5-60B7958CC78A}"
EndProject
Project("{2150E333-8FDC-42A3-9474-1A3956D46DE8}") = "GF", "GF", "{8D907BD6-F35E-4E10-96C3-1ACAB31C6CA8}"
EndProject
Project("{2150E333-8FDC-42A3-9474-1A3956D46DE8}") = "GFF00900", "GFF00900", "{8D62248C-1B26-4304-9168-7C05ABE5C60D}"
EndProject
Project("{2150E333-8FDC-42A3-9474-1A3956D46DE8}") = "GF", "GF", "{6ABA1998-89CA-48DF-8163-5D1CD76E2901}"
EndProject
Project("{2150E333-8FDC-42A3-9474-1A3956D46DE8}") = "GFF00900", "GFF00900", "{2270AB25-30CE-4D7A-9BAA-F642D8A0F023}"
EndProject
Project("{2150E333-8FDC-42A3-9474-1A3956D46DE8}") = "GLTR00100", "GLTR00100", "{79E78054-614B-4830-A115-B5D3909956FA}"
EndProject
Project("{2150E333-8FDC-42A3-9474-1A3956D46DE8}") = "GLTR00100", "GLTR00100", "{8F549E47-E5FB-41C7-8F29-BAB33D8EDC41}"
EndProject
Project("{9A19103F-16F7-4668-BE54-9A1E7A4F7556}") = "GLTR00100COMMON", "COMMON\GL\GLTR00100COMMON\GLTR00100COMMON.csproj", "{72BA7EC9-D94E-4CF6-91F7-D74766CB63E4}"
EndProject
Project("{9A19103F-16F7-4668-BE54-9A1E7A4F7556}") = "GFF00900COMMON", "..\..\BS Shared Form\SOURCE\BACK\GFF00900COMMON\GFF00900COMMON.csproj", "{BF7668C8-4A9A-4F8D-9D23-5CBEB60A4FEE}"
EndProject
Project("{9A19103F-16F7-4668-BE54-9A1E7A4F7556}") = "GLT00600Common", "COMMON\GL\GLT00600COMMON\GLT00600Common.csproj", "{92C6A4DD-122F-42CA-AA0D-16DD1D8758BD}"
EndProject
Project("{9A19103F-16F7-4668-BE54-9A1E7A4F7556}") = "LMM05000Common", "COMMON\LM\LMM05000COMMON\LMM05000Common.csproj", "{D5C66EC2-3282-4B5C-BF11-8CE634854383}"
EndProject
Project("{9A19103F-16F7-4668-BE54-9A1E7A4F7556}") = "GFF00900FRONT", "..\..\BS Shared Form\SOURCE\FRONT\GFF00900FRONT\GFF00900FRONT.csproj", "{6888C9DC-4B29-4C2E-BC63-70EA719FEFDC}"
EndProject
Project("{9A19103F-16F7-4668-BE54-9A1E7A4F7556}") = "GFF00900Model", "..\..\BS Shared Form\SOURCE\FRONT\GFF00900Model\GFF00900Model.csproj", "{677D0905-D1B6-4D50-86FC-287301ADED4B}"
EndProject
Project("{9A19103F-16F7-4668-BE54-9A1E7A4F7556}") = "GLT00600Front", "FRONT\GLT00600FRONT\GLT00600Front.csproj", "{F39B570E-DE03-452F-B43E-0A73669C27A9}"
EndProject
Project("{9A19103F-16F7-4668-BE54-9A1E7A4F7556}") = "GLT00600Model", "FRONT\GLT00600MODEL\GLT00600Model.csproj", "{5C9B86FA-570A-4466-B6B0-D0005B67C2C3}"
EndProject
Project("{9A19103F-16F7-4668-BE54-9A1E7A4F7556}") = "GSM01000Model", "FRONT\GSM01000MODEL\GSM01000Model.csproj", "{BDC843F5-192A-4B50-B6B0-0AF81E7121A5}"
EndProject
Project("{9A19103F-16F7-4668-BE54-9A1E7A4F7556}") = "GLTR00100MODEL", "FRONT\GLTR00100MODEL\GLTR00100MODEL.csproj", "{B62F2019-F836-468A-9DB0-1DAD341314AF}"
EndProject
Project("{9A19103F-16F7-4668-BE54-9A1E7A4F7556}") = "GLTR00100FRONT", "FRONT\GLTR00100FRONT\GLTR00100FRONT.csproj", "{FD7B7924-34D1-43AB-85AE-0E99D790EF9E}"
EndProject
Project("{9A19103F-16F7-4668-BE54-9A1E7A4F7556}") = "GSM07500Front", "FRONT\GSM07500FRONT\GSM07500Front.csproj", "{B5208F9E-0D2E-4C9F-9EE4-5188DC2F788D}"
EndProject
Project("{9A19103F-16F7-4668-BE54-9A1E7A4F7556}") = "GSM07500Model", "FRONT\GSM07500MODEL\GSM07500Model.csproj", "{BE62A99D-A46B-49C7-A132-565F61E020F4}"
EndProject
Project("{9A19103F-16F7-4668-BE54-9A1E7A4F7556}") = "GSM08500Model", "FRONT\GSM08500MODEL\GSM08500Model.csproj", "{A2531733-95C5-4C0F-8BCE-E505EB49953B}"
EndProject
Project("{9A19103F-16F7-4668-BE54-9A1E7A4F7556}") = "GSM08500Front", "FRONT\GSM08500FRONT\GSM08500Front.csproj", "{28DA0B57-067F-4DE6-A02C-EEFF44D71540}"
EndProject
Project("{9A19103F-16F7-4668-BE54-9A1E7A4F7556}") = "LMM05000Front", "FRONT\LMM05000FRONT\LMM05000Front.csproj", "{FBFBBF4D-ABE5-4EC5-955D-6830D533F035}"
EndProject
Project("{9A19103F-16F7-4668-BE54-9A1E7A4F7556}") = "LMM05000Model", "FRONT\LMM05000MODEL\LMM05000Model.csproj", "{04AA86A5-9F68-46FA-82A5-59EB4506C649}"
EndProject
Project("{9A19103F-16F7-4668-BE54-9A1E7A4F7556}") = "GSM01000FrontResources", "FRONT\GSM01000FrontResources\GSM01000FrontResources.csproj", "{B681D9F0-650B-4571-BACB-867E4F61736C}"
EndProject
Project("{9A19103F-16F7-4668-BE54-9A1E7A4F7556}") = "GSM07500FrontResources", "FRONT\GSM07500FrontResources\GSM07500FrontResources.csproj", "{EB2555F3-70E8-4ABC-8E76-44C9765A95FA}"
EndProject
Project("{9A19103F-16F7-4668-BE54-9A1E7A4F7556}") = "GSM08500FrontResources", "FRONT\GSM08500FrontResources\GSM08500FrontResources.csproj", "{A6488FBD-D4CB-4891-AD93-02FE837E2D00}"
EndProject
Project("{9A19103F-16F7-4668-BE54-9A1E7A4F7556}") = "LMM05000FrontResources", "FRONT\LMM05000FrontResources\LMM05000FrontResources.csproj", "{D77C657C-CADB-4846-A52E-133852A58E2B}"
EndProject
Project("{9A19103F-16F7-4668-BE54-9A1E7A4F7556}") = "GLT00600FrontResources", "FRONT\GLT00600FrontResoures\GLT00600FrontResources.csproj", "{F749BD2D-71B7-440B-9E4F-43E1FB88CCC3}"
EndProject
Project("{2150E333-8FDC-42A3-9474-1A3956D46DE8}") = "LMM01500", "LMM01500", "{A893A5FA-0754-401D-BF84-8688202FB895}"
EndProject
Project("{9A19103F-16F7-4668-BE54-9A1E7A4F7556}") = "LMM01500Common", "COMMON\LM\LMM01500COMMON\LMM01500Common.csproj", "{42AD4907-90CB-4F0F-941E-BB24DC992522}"
EndProject
Project("{2150E333-8FDC-42A3-9474-1A3956D46DE8}") = "LMM01500", "LMM01500", "{47A8C2C7-5213-45E6-8D05-AC90D0E7F969}"
EndProject
Project("{9A19103F-16F7-4668-BE54-9A1E7A4F7556}") = "LMM01500Front", "FRONT\LMM01500Front\LMM01500Front.csproj", "{E0ECD557-2C57-482C-80AB-C052410ACF2A}"
EndProject
Project("{9A19103F-16F7-4668-BE54-9A1E7A4F7556}") = "LMM01500MODEL", "FRONT\LMM01500MODEL\LMM01500MODEL.csproj", "{A8A64771-36AA-4A83-84D5-7DC91AC746BF}"
EndProject
Project("{9A19103F-16F7-4668-BE54-9A1E7A4F7556}") = "LMM01500FrontResources", "FRONT\LMM01500FrontResources\LMM01500FrontResources.csproj", "{BF1C9503-566B-44E7-BF4C-6F8FE7098C60}"
EndProject
Project("{2150E333-8FDC-42A3-9474-1A3956D46DE8}") = "GSM05000", "GSM05000", "{62668106-5CC9-45DF-BFE0-306483750D1A}"
EndProject
Project("{9A19103F-16F7-4668-BE54-9A1E7A4F7556}") = "GSM05000COMMON", "COMMON\GS\GSM05000COMMON\GSM05000COMMON.csproj", "{04546E95-F0A7-4F0E-B4C9-C8F45894C7B4}"
EndProject
Project("{2150E333-8FDC-42A3-9474-1A3956D46DE8}") = "LMM03700", "LMM03700", "{0D7BB5A3-BB25-40D9-B328-635D9780BE56}"
EndProject
Project("{9A19103F-16F7-4668-BE54-9A1E7A4F7556}") = "LMM03700Common", "COMMON\LM\LMM03700Common\LMM03700Common.csproj", "{7A35F1A7-34FA-4C89-8E52-2203871C9789}"
EndProject
Project("{2150E333-8FDC-42A3-9474-1A3956D46DE8}") = "LMM03700", "LMM03700", "{515B51FF-11AE-4BDE-9E17-E4F6DD14C8B9}"
EndProject
Project("{9A19103F-16F7-4668-BE54-9A1E7A4F7556}") = "LMM03700Model", "FRONT\LMM03700Model\LMM03700Model.csproj", "{BB71A415-0A46-40E0-BD49-EBE35EFC4DB3}"
EndProject
Project("{9A19103F-16F7-4668-BE54-9A1E7A4F7556}") = "LMM03700FrontResources", "FRONT\LMM03700FrontResources\LMM03700FrontResources.csproj", "{4A671C8C-706C-47A6-8623-764903A3D883}"
EndProject
Project("{9A19103F-16F7-4668-BE54-9A1E7A4F7556}") = "LMM03700Front", "FRONT\LMM03700Front\LMM03700Front.csproj", "{B10ED5BA-45D1-488E-8D36-A75305D94736}"
EndProject
Project("{9A19103F-16F7-4668-BE54-9A1E7A4F7556}") = "GSM01000Front", "FRONT\GSM01000FRONTs\GSM01000Front.csproj", "{2252F688-D685-40E0-B7A5-2BF82EF806AC}"
EndProject
Project("{9A19103F-16F7-4668-BE54-9A1E7A4F7556}") = "Lookup_GSCOMMON", "..\..\BS Shared Form\SOURCE\BACK\Lookup_GSCOMMON\Lookup_GSCOMMON.csproj", "{073A2226-86F7-41E6-A5AB-F3879944308A}"
EndProject
Project("{9A19103F-16F7-4668-BE54-9A1E7A4F7556}") = "Lookup_GSFrontResources", "..\..\BS Shared Form\SOURCE\FRONT\Lookup_GSFrontResources\Lookup_GSFrontResources.csproj", "{AE0C5C40-73BE-40A6-AD76-9DD8FAED561B}"
EndProject
Project("{9A19103F-16F7-4668-BE54-9A1E7A4F7556}") = "Lookup_GSModel", "..\..\BS Shared Form\SOURCE\FRONT\Lookup_GSModel\Lookup_GSModel.csproj", "{C69881ED-9BEA-4FD3-928F-43A02A93D589}"
EndProject
Project("{2150E333-8FDC-42A3-9474-1A3956D46DE8}") = "CB", "CB", "{6099BE6E-15A6-4C98-B933-79B769CD0342}"
EndProject
Project("{2150E333-8FDC-42A3-9474-1A3956D46DE8}") = "CBT01200", "CBT01200", "{D6D20BE9-2AE1-417E-900D-EC028E7C287B}"
EndProject
Project("{2150E333-8FDC-42A3-9474-1A3956D46DE8}") = "CB", "CB", "{B8781126-1EF3-42A9-89C7-D0679360746A}"
EndProject
Project("{2150E333-8FDC-42A3-9474-1A3956D46DE8}") = "CBT01200", "CBT01200", "{83D95EFE-8F81-4C49-9E7F-CB0B745BA936}"
EndProject
Project("{9A19103F-16F7-4668-BE54-9A1E7A4F7556}") = "CBT01200COMMON", "COMMON\CB\CBT01200COMMON\CBT01200COMMON.csproj", "{F0123D20-06A4-4AAB-939D-4637732F8ECD}"
EndProject
Project("{9A19103F-16F7-4668-BE54-9A1E7A4F7556}") = "CBT01200MODEL", "FRONT\CBT01200MODEL\CBT01200MODEL.csproj", "{8F837892-8742-4070-A1A3-C3DBC4205976}"
EndProject
Project("{9A19103F-16F7-4668-BE54-9A1E7A4F7556}") = "CBT01200FRONT", "FRONT\CBT01200FRONT\CBT01200FRONT.csproj", "{4A801DAD-7682-43AF-A670-93EAD58D968B}"
EndProject
Project("{2150E333-8FDC-42A3-9474-1A3956D46DE8}") = "PM", "PM", "{076E3F63-FEDB-4CB7-B97C-E2DD7E45F2BB}"
EndProject
Project("{2150E333-8FDC-42A3-9474-1A3956D46DE8}") = "PMM05000", "PMM05000", "{2D82436D-32A1-41B5-9390-66EB3F46E7A4}"
EndProject
Project("{9A19103F-16F7-4668-BE54-9A1E7A4F7556}") = "PMM05000Model", "FRONT\PMM05000Model\PMM05000Model.csproj", "{8CC8D352-3307-42CD-A2C6-3D517C259244}"
EndProject
Project("{2150E333-8FDC-42A3-9474-1A3956D46DE8}") = "PM", "PM", "{3EE331AE-32A8-4956-9FF1-1ADA1168BD9E}"
EndProject
Project("{9A19103F-16F7-4668-BE54-9A1E7A4F7556}") = "PMM05000Common", "COMMON\PM\PMM05000Common\PMM05000Common.csproj", "{1D360560-030D-4CAF-A86E-628367EF460F}"
EndProject
Project("{9A19103F-16F7-4668-BE54-9A1E7A4F7556}") = "PMM05000Front", "FRONT\PMM05000Front\PMM05000Front.csproj", "{635A7C39-5E9E-49DF-8C8F-DD6D28CCCBF1}"
EndProject
Project("{9A19103F-16F7-4668-BE54-9A1E7A4F7556}") = "PMM05000FrontResources", "FRONT\PMM05000FrontResources\PMM05000FrontResources.csproj", "{CD13DFEF-D5D8-479C-9AC7-934CBF29AD98}"
EndProject
Project("{9A19103F-16F7-4668-BE54-9A1E7A4F7556}") = "CBT01200FrontResources", "FRONT\CBT01200FrontResources\CBT01200FrontResources\CBT01200FrontResources.csproj", "{A892BDD0-7CEF-4584-B9DD-CC19E3217D76}"
EndProject
Project("{9A19103F-16F7-4668-BE54-9A1E7A4F7556}") = "PMR01000Common", "COMMON\PM\PMR01000Common\PMR01000Common.csproj", "{BCE3880A-3CC1-4EAD-B562-9D0D05F8DE51}"
EndProject
Project("{2150E333-8FDC-42A3-9474-1A3956D46DE8}") = "PMR01000", "PMR01000", "{66BCA7DF-FB3C-44AC-8A50-5C07806BE181}"
EndProject
Project("{9A19103F-16F7-4668-BE54-9A1E7A4F7556}") = "PMR01000FRONT", "FRONT\PMR01000FRONT\PMR01000FRONT.csproj", "{55F58607-DC89-4799-82D7-286FF2749820}"
EndProject
Project("{9A19103F-16F7-4668-BE54-9A1E7A4F7556}") = "PMR01000MODEL", "FRONT\PMR01000MODEL\PMR01000MODEL.csproj", "{9340DFBC-D254-4DFC-A6AA-B40139F28865}"
EndProject
Project("{9A19103F-16F7-4668-BE54-9A1E7A4F7556}") = "Lookup_PMFrontResources", "..\..\BS Shared Form\SOURCE\FRONT\Lookup_LMFrontResources\Lookup_PMFrontResources.csproj", "{1F6B46F9-3950-4F9F-9C15-2988D68383AB}"
EndProject
Project("{2150E333-8FDC-42A3-9474-1A3956D46DE8}") = "PMR02200", "PMR02200", "{F7F5372C-5FA3-462F-9988-6B0DC1ADFB2C}"
EndProject
Project("{9A19103F-16F7-4668-BE54-9A1E7A4F7556}") = "PMR02200MODEL", "FRONT\PMR02200MODEL\PMR02200MODEL.csproj", "{F819058E-A5F7-4BCA-802B-D374E0F46028}"
EndProject
Project("{9A19103F-16F7-4668-BE54-9A1E7A4F7556}") = "PMR02200Common", "COMMON\PM\PMR02200Common\PMR02200Common.csproj", "{30F59A00-C720-41C1-9D52-878FCA50004E}"
EndProject
Project("{9A19103F-16F7-4668-BE54-9A1E7A4F7556}") = "PMR02200FRONT", "FRONT\PMR02200FRONT\PMR02200FRONT.csproj", "{D97CA8EB-09C1-4D74-A6ED-E158C19BBF33}"
EndProject
Project("{9A19103F-16F7-4668-BE54-9A1E7A4F7556}") = "PMR02100Common", "COMMON\PM\PMR02100Common\PMR02100Common.csproj", "{DCB9B3AB-CC71-45CF-98D6-1D3DDFDC61E5}"
EndProject
Project("{2150E333-8FDC-42A3-9474-1A3956D46DE8}") = "PMR02100", "PMR02100", "{06FF592C-4C00-4E4F-8DFA-87FA9E2D0009}"
EndProject
Project("{9A19103F-16F7-4668-BE54-9A1E7A4F7556}") = "PMR02100FRONT", "FRONT\PMR02100FRONT\PMR02100FRONT.csproj", "{38F14136-A193-4220-A479-97A94570D46F}"
EndProject
Project("{9A19103F-16F7-4668-BE54-9A1E7A4F7556}") = "PMR02100MODEL", "FRONT\PMR02100MODEL\PMR02100MODEL.csproj", "{3A4D1489-0AC2-49D1-8529-3A360B8F0324}"
EndProject
Project("{9A19103F-16F7-4668-BE54-9A1E7A4F7556}") = "PMT04200Common", "COMMON\PM\PMT04200Common\PMT04200Common.csproj", "{408E0727-CE4D-45ED-B6A2-37263C419BA1}"
EndProject
Project("{2150E333-8FDC-42A3-9474-1A3956D46DE8}") = "PMT04200", "PMT04200", "{5996AD7B-227B-4135-B8A8-265B56077A30}"
EndProject
Project("{9A19103F-16F7-4668-BE54-9A1E7A4F7556}") = "PMT04200MODEL", "FRONT\PMT04200MODEL\PMT04200MODEL.csproj", "{AC56804E-3EA6-44F3-A041-76570FC1A4CB}"
EndProject
Project("{9A19103F-16F7-4668-BE54-9A1E7A4F7556}") = "Lookup_PMFRONT", "..\..\BS Shared Form\SOURCE\FRONT\Lookup_LMFRONT\Lookup_PMFRONT.csproj", "{346CCC24-B963-499A-A9C1-1F7A1F452EC3}"
EndProject
Project("{9A19103F-16F7-4668-BE54-9A1E7A4F7556}") = "Lookup_PMModel", "..\..\BS Shared Form\SOURCE\FRONT\Lookup_LMModel\Lookup_PMModel.csproj", "{9628863F-2D61-4F73-BD90-A223A382F50F}"
EndProject
Project("{9A19103F-16F7-4668-BE54-9A1E7A4F7556}") = "Lookup_PMCOMMON", "..\..\BS Shared Form\SOURCE\BACK\Lookup_LMCOMMON\Lookup_PMCOMMON.csproj", "{FE0B18BD-B0A6-42FF-A956-69BD8DBFA1F2}"
EndProject
Project("{2150E333-8FDC-42A3-9474-1A3956D46DE8}") = "PMF00100", "PMF00100", "{070187D7-4956-4F5F-88E0-64EB31B7A145}"
EndProject
Project("{9A19103F-16F7-4668-BE54-9A1E7A4F7556}") = "PMF00100FRONT", "..\..\BS Shared Form\SOURCE\FRONT\PMF00100FRONT\PMF00100FRONT.csproj", "{5E5BA6F9-8586-40FE-9213-3064016D31A8}"
EndProject
Project("{9A19103F-16F7-4668-BE54-9A1E7A4F7556}") = "PMF00100Model", "..\..\BS Shared Form\SOURCE\FRONT\PMF00100Model\PMF00100Model.csproj", "{D8E125F8-51F4-48C1-AC8F-20AF09CB23BB}"
EndProject
Project("{9A19103F-16F7-4668-BE54-9A1E7A4F7556}") = "PMF00100COMMON", "..\..\BS Shared Form\SOURCE\BACK\PMF00100COMMON\PMF00100COMMON.csproj", "{D5E2DFAD-B1A2-48B6-9220-36F310CF56F2}"
EndProject
Project("{9A19103F-16F7-4668-BE54-9A1E7A4F7556}") = "PMF00100FrontResources", "..\..\BS Shared Form\SOURCE\FRONT\PMF00100FrontResources\PMF00100FrontResources.csproj", "{35007C56-3B95-44EC-93DC-271FE431F625}"
EndProject
Project("{2150E333-8FDC-42A3-9474-1A3956D46DE8}") = "GLF00100", "GLF00100", "{384AC53D-7B3F-40D7-A72E-3E4D38260496}"
EndProject
Project("{9A19103F-16F7-4668-BE54-9A1E7A4F7556}") = "GLF00100COMMON", "..\..\BS Shared Form\SOURCE\BACK\GLF00100COMMON\GLF00100COMMON.csproj", "{5A6C46FC-7B33-4A5B-A294-6BE8A735DE4D}"
EndProject
Project("{2150E333-8FDC-42A3-9474-1A3956D46DE8}") = "GLF00100", "GLF00100", "{CD492580-BE94-4929-9D51-AFF5206DEAB1}"
EndProject
Project("{9A19103F-16F7-4668-BE54-9A1E7A4F7556}") = "GLF00100Model", "..\..\BS Shared Form\SOURCE\FRONT\GLF00100Model\GLF00100Model.csproj", "{1CA1EA84-BAD5-45BC-B084-66996E6B95F5}"
EndProject
Project("{9A19103F-16F7-4668-BE54-9A1E7A4F7556}") = "GLF00100FrontResources", "..\..\BS Shared Form\SOURCE\FRONT\GLF00100FrontResources\GLF00100FrontResources.csproj", "{9CB11065-FED1-4662-AB06-E073B91ADDAD}"
EndProject
Project("{9A19103F-16F7-4668-BE54-9A1E7A4F7556}") = "GLF00100FRONT", "..\..\BS Shared Form\SOURCE\FRONT\GLF00100FRONT\GLF00100FRONT.csproj", "{D291DD67-17E1-4554-8C6A-A4FC83BC6DF4}"
EndProject
Project("{9A19103F-16F7-4668-BE54-9A1E7A4F7556}") = "PMT04200FrontResources", "FRONT\PMT04200FrontResources\PMT04200FrontResources.csproj", "{54048159-57BE-48C4-BC5D-A6F374C9687C}"
EndProject
Project("{9A19103F-16F7-4668-BE54-9A1E7A4F7556}") = "PMM04700Common", "COMMON\PM\PMM04700Common\PMM04700Common.csproj", "{409B743B-4C6B-4763-AB4D-7F5E795956A3}"
EndProject
Project("{2150E333-8FDC-42A3-9474-1A3956D46DE8}") = "PMM04700", "PMM04700", "{BDB171F4-F244-42D5-9899-3E4985316260}"
EndProject
Project("{9A19103F-16F7-4668-BE54-9A1E7A4F7556}") = "PMM04700MODEL", "FRONT\PMM04700MODEL\PMM04700MODEL.csproj", "{36AB45E2-6858-4E89-AB79-286F8AADD938}"
EndProject
Project("{9A19103F-16F7-4668-BE54-9A1E7A4F7556}") = "PMT04200FRONT", "FRONT\PMT04200FRONT\PMT04200FRONT.csproj", "{DF0967D3-8CD1-493C-8511-FCEFACBE30D4}"
EndProject
Project("{9A19103F-16F7-4668-BE54-9A1E7A4F7556}") = "PMM04700FRONT", "FRONT\PMM04700FRONT\PMM04700FRONT.csproj", "{B1D11CFB-D15D-4894-855C-4A0B4A949732}"
EndProject
Project("{9A19103F-16F7-4668-BE54-9A1E7A4F7556}") = "PMM04700FrontResources", "FRONT\PMM04700FrontResources\PMM04700FrontResources.csproj", "{A34FE191-32D7-4E71-BB0C-390A993F81DC}"
EndProject
Project("{2150E333-8FDC-42A3-9474-1A3956D46DE8}") = "TX", "TX", "{1A314FBE-AEB2-41BD-B054-03317A78F21A}"
EndProject
Project("{FAE04EC0-301F-11D3-BF4B-00C04F79EFBC}") = "TXR00100Common", "COMMON\TX\TXR00100Common\TXR00100Common.csproj", "{332D60BB-A208-4538-8326-B87FBE9174BB}"
EndProject
Project("{2150E333-8FDC-42A3-9474-1A3956D46DE8}") = "TX", "TX", "{0AD7F4AA-784F-404D-9699-9BD283425D06}"
EndProject
Project("{2150E333-8FDC-42A3-9474-1A3956D46DE8}") = "TXR00100", "TXR00100", "{60CB385B-020C-4C61-B502-AF104DD30706}"
EndProject
Project("{FAE04EC0-301F-11D3-BF4B-00C04F79EFBC}") = "TXR00100Model", "FRONT\TXR00100Model\TXR00100Model.csproj", "{595211FB-D76C-44C3-B050-F74A425E0A85}"
EndProject
Project("{FAE04EC0-301F-11D3-BF4B-00C04F79EFBC}") = "TXR00100Front", "FRONT\TXR00100Front\TXR00100Front.csproj", "{0F9F6A0D-3150-4C6A-A16A-B0908FAA882C}"
EndProject
Project("{FAE04EC0-301F-11D3-BF4B-00C04F79EFBC}") = "TXR00200Common", "COMMON\TX\TXR00200Common\TXR00200Common.csproj", "{C3C4A47B-BFD0-4B84-A788-FE06A158B0F1}"
EndProject
Project("{2150E333-8FDC-42A3-9474-1A3956D46DE8}") = "TXR00200", "TXR00200", "{E710FE33-2144-486A-B512-700186201130}"
EndProject
Project("{FAE04EC0-301F-11D3-BF4B-00C04F79EFBC}") = "TXR00200Model", "FRONT\TXR00200Model\TXR00200Model.csproj", "{5E60B570-CEEB-42F7-B082-B4E0145316C9}"
EndProject
Project("{FAE04EC0-301F-11D3-BF4B-00C04F79EFBC}") = "TXR00200Front", "FRONT\TXR00200Front\TXR00200Front.csproj", "{B246085F-99D1-4691-AC1B-320E1DFD5AAE}"
EndProject
Global
	GlobalSection(SolutionConfigurationPlatforms) = preSolution
		Debug|Any CPU = Debug|Any CPU
		Release|Any CPU = Release|Any CPU
	EndGlobalSection
	GlobalSection(ProjectConfigurationPlatforms) = postSolution
		{7C7BA6B4-9C6B-4E4A-BE5E-875897B0E821}.Debug|Any CPU.ActiveCfg = Debug|Any CPU
		{7C7BA6B4-9C6B-4E4A-BE5E-875897B0E821}.Debug|Any CPU.Build.0 = Debug|Any CPU
		{7C7BA6B4-9C6B-4E4A-BE5E-875897B0E821}.Release|Any CPU.ActiveCfg = Release|Any CPU
		{7C7BA6B4-9C6B-4E4A-BE5E-875897B0E821}.Release|Any CPU.Build.0 = Release|Any CPU
		{8403AD84-77F9-4F97-9B30-758DAE73503A}.Debug|Any CPU.ActiveCfg = Debug|Any CPU
		{8403AD84-77F9-4F97-9B30-758DAE73503A}.Debug|Any CPU.Build.0 = Debug|Any CPU
		{8403AD84-77F9-4F97-9B30-758DAE73503A}.Release|Any CPU.ActiveCfg = Release|Any CPU
		{8403AD84-77F9-4F97-9B30-758DAE73503A}.Release|Any CPU.Build.0 = Release|Any CPU
		{D94A52FC-F429-4A55-BB34-D50EF966F6EB}.Debug|Any CPU.ActiveCfg = Debug|Any CPU
		{D94A52FC-F429-4A55-BB34-D50EF966F6EB}.Debug|Any CPU.Build.0 = Debug|Any CPU
		{D94A52FC-F429-4A55-BB34-D50EF966F6EB}.Release|Any CPU.ActiveCfg = Release|Any CPU
		{D94A52FC-F429-4A55-BB34-D50EF966F6EB}.Release|Any CPU.Build.0 = Release|Any CPU
		{B05849F3-DF41-4F6E-9C31-D3F309E1C7CD}.Debug|Any CPU.ActiveCfg = Debug|Any CPU
		{B05849F3-DF41-4F6E-9C31-D3F309E1C7CD}.Debug|Any CPU.Build.0 = Debug|Any CPU
		{B05849F3-DF41-4F6E-9C31-D3F309E1C7CD}.Release|Any CPU.ActiveCfg = Release|Any CPU
		{B05849F3-DF41-4F6E-9C31-D3F309E1C7CD}.Release|Any CPU.Build.0 = Release|Any CPU
		{765B13BC-E9CA-48D3-A83E-3496A99499DA}.Debug|Any CPU.ActiveCfg = Debug|Any CPU
		{765B13BC-E9CA-48D3-A83E-3496A99499DA}.Debug|Any CPU.Build.0 = Debug|Any CPU
		{765B13BC-E9CA-48D3-A83E-3496A99499DA}.Release|Any CPU.ActiveCfg = Release|Any CPU
		{765B13BC-E9CA-48D3-A83E-3496A99499DA}.Release|Any CPU.Build.0 = Release|Any CPU
		{72BA7EC9-D94E-4CF6-91F7-D74766CB63E4}.Debug|Any CPU.ActiveCfg = Debug|Any CPU
		{72BA7EC9-D94E-4CF6-91F7-D74766CB63E4}.Debug|Any CPU.Build.0 = Debug|Any CPU
		{72BA7EC9-D94E-4CF6-91F7-D74766CB63E4}.Release|Any CPU.ActiveCfg = Release|Any CPU
		{72BA7EC9-D94E-4CF6-91F7-D74766CB63E4}.Release|Any CPU.Build.0 = Release|Any CPU
		{BF7668C8-4A9A-4F8D-9D23-5CBEB60A4FEE}.Debug|Any CPU.ActiveCfg = Debug|Any CPU
		{BF7668C8-4A9A-4F8D-9D23-5CBEB60A4FEE}.Debug|Any CPU.Build.0 = Debug|Any CPU
		{BF7668C8-4A9A-4F8D-9D23-5CBEB60A4FEE}.Release|Any CPU.ActiveCfg = Release|Any CPU
		{BF7668C8-4A9A-4F8D-9D23-5CBEB60A4FEE}.Release|Any CPU.Build.0 = Release|Any CPU
		{92C6A4DD-122F-42CA-AA0D-16DD1D8758BD}.Debug|Any CPU.ActiveCfg = Debug|Any CPU
		{92C6A4DD-122F-42CA-AA0D-16DD1D8758BD}.Debug|Any CPU.Build.0 = Debug|Any CPU
		{92C6A4DD-122F-42CA-AA0D-16DD1D8758BD}.Release|Any CPU.ActiveCfg = Release|Any CPU
		{92C6A4DD-122F-42CA-AA0D-16DD1D8758BD}.Release|Any CPU.Build.0 = Release|Any CPU
		{D5C66EC2-3282-4B5C-BF11-8CE634854383}.Debug|Any CPU.ActiveCfg = Debug|Any CPU
		{D5C66EC2-3282-4B5C-BF11-8CE634854383}.Debug|Any CPU.Build.0 = Debug|Any CPU
		{D5C66EC2-3282-4B5C-BF11-8CE634854383}.Release|Any CPU.ActiveCfg = Release|Any CPU
		{D5C66EC2-3282-4B5C-BF11-8CE634854383}.Release|Any CPU.Build.0 = Release|Any CPU
		{6888C9DC-4B29-4C2E-BC63-70EA719FEFDC}.Debug|Any CPU.ActiveCfg = Debug|Any CPU
		{6888C9DC-4B29-4C2E-BC63-70EA719FEFDC}.Debug|Any CPU.Build.0 = Debug|Any CPU
		{6888C9DC-4B29-4C2E-BC63-70EA719FEFDC}.Release|Any CPU.ActiveCfg = Release|Any CPU
		{6888C9DC-4B29-4C2E-BC63-70EA719FEFDC}.Release|Any CPU.Build.0 = Release|Any CPU
		{677D0905-D1B6-4D50-86FC-287301ADED4B}.Debug|Any CPU.ActiveCfg = Debug|Any CPU
		{677D0905-D1B6-4D50-86FC-287301ADED4B}.Debug|Any CPU.Build.0 = Debug|Any CPU
		{677D0905-D1B6-4D50-86FC-287301ADED4B}.Release|Any CPU.ActiveCfg = Release|Any CPU
		{677D0905-D1B6-4D50-86FC-287301ADED4B}.Release|Any CPU.Build.0 = Release|Any CPU
		{F39B570E-DE03-452F-B43E-0A73669C27A9}.Debug|Any CPU.ActiveCfg = Debug|Any CPU
		{F39B570E-DE03-452F-B43E-0A73669C27A9}.Debug|Any CPU.Build.0 = Debug|Any CPU
		{F39B570E-DE03-452F-B43E-0A73669C27A9}.Release|Any CPU.ActiveCfg = Release|Any CPU
		{F39B570E-DE03-452F-B43E-0A73669C27A9}.Release|Any CPU.Build.0 = Release|Any CPU
		{5C9B86FA-570A-4466-B6B0-D0005B67C2C3}.Debug|Any CPU.ActiveCfg = Debug|Any CPU
		{5C9B86FA-570A-4466-B6B0-D0005B67C2C3}.Debug|Any CPU.Build.0 = Debug|Any CPU
		{5C9B86FA-570A-4466-B6B0-D0005B67C2C3}.Release|Any CPU.ActiveCfg = Release|Any CPU
		{5C9B86FA-570A-4466-B6B0-D0005B67C2C3}.Release|Any CPU.Build.0 = Release|Any CPU
		{BDC843F5-192A-4B50-B6B0-0AF81E7121A5}.Debug|Any CPU.ActiveCfg = Debug|Any CPU
		{BDC843F5-192A-4B50-B6B0-0AF81E7121A5}.Debug|Any CPU.Build.0 = Debug|Any CPU
		{BDC843F5-192A-4B50-B6B0-0AF81E7121A5}.Release|Any CPU.ActiveCfg = Release|Any CPU
		{BDC843F5-192A-4B50-B6B0-0AF81E7121A5}.Release|Any CPU.Build.0 = Release|Any CPU
		{B62F2019-F836-468A-9DB0-1DAD341314AF}.Debug|Any CPU.ActiveCfg = Debug|Any CPU
		{B62F2019-F836-468A-9DB0-1DAD341314AF}.Debug|Any CPU.Build.0 = Debug|Any CPU
		{B62F2019-F836-468A-9DB0-1DAD341314AF}.Release|Any CPU.ActiveCfg = Release|Any CPU
		{B62F2019-F836-468A-9DB0-1DAD341314AF}.Release|Any CPU.Build.0 = Release|Any CPU
		{FD7B7924-34D1-43AB-85AE-0E99D790EF9E}.Debug|Any CPU.ActiveCfg = Debug|Any CPU
		{FD7B7924-34D1-43AB-85AE-0E99D790EF9E}.Debug|Any CPU.Build.0 = Debug|Any CPU
		{FD7B7924-34D1-43AB-85AE-0E99D790EF9E}.Release|Any CPU.ActiveCfg = Release|Any CPU
		{FD7B7924-34D1-43AB-85AE-0E99D790EF9E}.Release|Any CPU.Build.0 = Release|Any CPU
		{B5208F9E-0D2E-4C9F-9EE4-5188DC2F788D}.Debug|Any CPU.ActiveCfg = Debug|Any CPU
		{B5208F9E-0D2E-4C9F-9EE4-5188DC2F788D}.Debug|Any CPU.Build.0 = Debug|Any CPU
		{B5208F9E-0D2E-4C9F-9EE4-5188DC2F788D}.Release|Any CPU.ActiveCfg = Release|Any CPU
		{B5208F9E-0D2E-4C9F-9EE4-5188DC2F788D}.Release|Any CPU.Build.0 = Release|Any CPU
		{BE62A99D-A46B-49C7-A132-565F61E020F4}.Debug|Any CPU.ActiveCfg = Debug|Any CPU
		{BE62A99D-A46B-49C7-A132-565F61E020F4}.Debug|Any CPU.Build.0 = Debug|Any CPU
		{BE62A99D-A46B-49C7-A132-565F61E020F4}.Release|Any CPU.ActiveCfg = Release|Any CPU
		{BE62A99D-A46B-49C7-A132-565F61E020F4}.Release|Any CPU.Build.0 = Release|Any CPU
		{A2531733-95C5-4C0F-8BCE-E505EB49953B}.Debug|Any CPU.ActiveCfg = Debug|Any CPU
		{A2531733-95C5-4C0F-8BCE-E505EB49953B}.Debug|Any CPU.Build.0 = Debug|Any CPU
		{A2531733-95C5-4C0F-8BCE-E505EB49953B}.Release|Any CPU.ActiveCfg = Release|Any CPU
		{A2531733-95C5-4C0F-8BCE-E505EB49953B}.Release|Any CPU.Build.0 = Release|Any CPU
		{28DA0B57-067F-4DE6-A02C-EEFF44D71540}.Debug|Any CPU.ActiveCfg = Debug|Any CPU
		{28DA0B57-067F-4DE6-A02C-EEFF44D71540}.Debug|Any CPU.Build.0 = Debug|Any CPU
		{28DA0B57-067F-4DE6-A02C-EEFF44D71540}.Release|Any CPU.ActiveCfg = Release|Any CPU
		{28DA0B57-067F-4DE6-A02C-EEFF44D71540}.Release|Any CPU.Build.0 = Release|Any CPU
		{FBFBBF4D-ABE5-4EC5-955D-6830D533F035}.Debug|Any CPU.ActiveCfg = Debug|Any CPU
		{FBFBBF4D-ABE5-4EC5-955D-6830D533F035}.Debug|Any CPU.Build.0 = Debug|Any CPU
		{FBFBBF4D-ABE5-4EC5-955D-6830D533F035}.Release|Any CPU.ActiveCfg = Release|Any CPU
		{FBFBBF4D-ABE5-4EC5-955D-6830D533F035}.Release|Any CPU.Build.0 = Release|Any CPU
		{04AA86A5-9F68-46FA-82A5-59EB4506C649}.Debug|Any CPU.ActiveCfg = Debug|Any CPU
		{04AA86A5-9F68-46FA-82A5-59EB4506C649}.Debug|Any CPU.Build.0 = Debug|Any CPU
		{04AA86A5-9F68-46FA-82A5-59EB4506C649}.Release|Any CPU.ActiveCfg = Release|Any CPU
		{04AA86A5-9F68-46FA-82A5-59EB4506C649}.Release|Any CPU.Build.0 = Release|Any CPU
		{B681D9F0-650B-4571-BACB-867E4F61736C}.Debug|Any CPU.ActiveCfg = Debug|Any CPU
		{B681D9F0-650B-4571-BACB-867E4F61736C}.Debug|Any CPU.Build.0 = Debug|Any CPU
		{B681D9F0-650B-4571-BACB-867E4F61736C}.Release|Any CPU.ActiveCfg = Release|Any CPU
		{B681D9F0-650B-4571-BACB-867E4F61736C}.Release|Any CPU.Build.0 = Release|Any CPU
		{EB2555F3-70E8-4ABC-8E76-44C9765A95FA}.Debug|Any CPU.ActiveCfg = Debug|Any CPU
		{EB2555F3-70E8-4ABC-8E76-44C9765A95FA}.Debug|Any CPU.Build.0 = Debug|Any CPU
		{EB2555F3-70E8-4ABC-8E76-44C9765A95FA}.Release|Any CPU.ActiveCfg = Release|Any CPU
		{EB2555F3-70E8-4ABC-8E76-44C9765A95FA}.Release|Any CPU.Build.0 = Release|Any CPU
		{A6488FBD-D4CB-4891-AD93-02FE837E2D00}.Debug|Any CPU.ActiveCfg = Debug|Any CPU
		{A6488FBD-D4CB-4891-AD93-02FE837E2D00}.Debug|Any CPU.Build.0 = Debug|Any CPU
		{A6488FBD-D4CB-4891-AD93-02FE837E2D00}.Release|Any CPU.ActiveCfg = Release|Any CPU
		{A6488FBD-D4CB-4891-AD93-02FE837E2D00}.Release|Any CPU.Build.0 = Release|Any CPU
		{D77C657C-CADB-4846-A52E-133852A58E2B}.Debug|Any CPU.ActiveCfg = Debug|Any CPU
		{D77C657C-CADB-4846-A52E-133852A58E2B}.Debug|Any CPU.Build.0 = Debug|Any CPU
		{D77C657C-CADB-4846-A52E-133852A58E2B}.Release|Any CPU.ActiveCfg = Release|Any CPU
		{D77C657C-CADB-4846-A52E-133852A58E2B}.Release|Any CPU.Build.0 = Release|Any CPU
		{F749BD2D-71B7-440B-9E4F-43E1FB88CCC3}.Debug|Any CPU.ActiveCfg = Debug|Any CPU
		{F749BD2D-71B7-440B-9E4F-43E1FB88CCC3}.Debug|Any CPU.Build.0 = Debug|Any CPU
		{F749BD2D-71B7-440B-9E4F-43E1FB88CCC3}.Release|Any CPU.ActiveCfg = Release|Any CPU
		{F749BD2D-71B7-440B-9E4F-43E1FB88CCC3}.Release|Any CPU.Build.0 = Release|Any CPU
		{42AD4907-90CB-4F0F-941E-BB24DC992522}.Debug|Any CPU.ActiveCfg = Debug|Any CPU
		{42AD4907-90CB-4F0F-941E-BB24DC992522}.Debug|Any CPU.Build.0 = Debug|Any CPU
		{42AD4907-90CB-4F0F-941E-BB24DC992522}.Release|Any CPU.ActiveCfg = Release|Any CPU
		{42AD4907-90CB-4F0F-941E-BB24DC992522}.Release|Any CPU.Build.0 = Release|Any CPU
		{E0ECD557-2C57-482C-80AB-C052410ACF2A}.Debug|Any CPU.ActiveCfg = Debug|Any CPU
		{E0ECD557-2C57-482C-80AB-C052410ACF2A}.Debug|Any CPU.Build.0 = Debug|Any CPU
		{E0ECD557-2C57-482C-80AB-C052410ACF2A}.Release|Any CPU.ActiveCfg = Release|Any CPU
		{E0ECD557-2C57-482C-80AB-C052410ACF2A}.Release|Any CPU.Build.0 = Release|Any CPU
		{A8A64771-36AA-4A83-84D5-7DC91AC746BF}.Debug|Any CPU.ActiveCfg = Debug|Any CPU
		{A8A64771-36AA-4A83-84D5-7DC91AC746BF}.Debug|Any CPU.Build.0 = Debug|Any CPU
		{A8A64771-36AA-4A83-84D5-7DC91AC746BF}.Release|Any CPU.ActiveCfg = Release|Any CPU
		{A8A64771-36AA-4A83-84D5-7DC91AC746BF}.Release|Any CPU.Build.0 = Release|Any CPU
		{BF1C9503-566B-44E7-BF4C-6F8FE7098C60}.Debug|Any CPU.ActiveCfg = Debug|Any CPU
		{BF1C9503-566B-44E7-BF4C-6F8FE7098C60}.Debug|Any CPU.Build.0 = Debug|Any CPU
		{BF1C9503-566B-44E7-BF4C-6F8FE7098C60}.Release|Any CPU.ActiveCfg = Release|Any CPU
		{BF1C9503-566B-44E7-BF4C-6F8FE7098C60}.Release|Any CPU.Build.0 = Release|Any CPU
		{04546E95-F0A7-4F0E-B4C9-C8F45894C7B4}.Debug|Any CPU.ActiveCfg = Debug|Any CPU
		{04546E95-F0A7-4F0E-B4C9-C8F45894C7B4}.Debug|Any CPU.Build.0 = Debug|Any CPU
		{04546E95-F0A7-4F0E-B4C9-C8F45894C7B4}.Release|Any CPU.ActiveCfg = Release|Any CPU
		{04546E95-F0A7-4F0E-B4C9-C8F45894C7B4}.Release|Any CPU.Build.0 = Release|Any CPU
		{7A35F1A7-34FA-4C89-8E52-2203871C9789}.Debug|Any CPU.ActiveCfg = Debug|Any CPU
		{7A35F1A7-34FA-4C89-8E52-2203871C9789}.Debug|Any CPU.Build.0 = Debug|Any CPU
		{7A35F1A7-34FA-4C89-8E52-2203871C9789}.Release|Any CPU.ActiveCfg = Release|Any CPU
		{7A35F1A7-34FA-4C89-8E52-2203871C9789}.Release|Any CPU.Build.0 = Release|Any CPU
		{BB71A415-0A46-40E0-BD49-EBE35EFC4DB3}.Debug|Any CPU.ActiveCfg = Debug|Any CPU
		{BB71A415-0A46-40E0-BD49-EBE35EFC4DB3}.Debug|Any CPU.Build.0 = Debug|Any CPU
		{BB71A415-0A46-40E0-BD49-EBE35EFC4DB3}.Release|Any CPU.ActiveCfg = Release|Any CPU
		{BB71A415-0A46-40E0-BD49-EBE35EFC4DB3}.Release|Any CPU.Build.0 = Release|Any CPU
		{4A671C8C-706C-47A6-8623-764903A3D883}.Debug|Any CPU.ActiveCfg = Debug|Any CPU
		{4A671C8C-706C-47A6-8623-764903A3D883}.Debug|Any CPU.Build.0 = Debug|Any CPU
		{4A671C8C-706C-47A6-8623-764903A3D883}.Release|Any CPU.ActiveCfg = Release|Any CPU
		{4A671C8C-706C-47A6-8623-764903A3D883}.Release|Any CPU.Build.0 = Release|Any CPU
		{B10ED5BA-45D1-488E-8D36-A75305D94736}.Debug|Any CPU.ActiveCfg = Debug|Any CPU
		{B10ED5BA-45D1-488E-8D36-A75305D94736}.Debug|Any CPU.Build.0 = Debug|Any CPU
		{B10ED5BA-45D1-488E-8D36-A75305D94736}.Release|Any CPU.ActiveCfg = Release|Any CPU
		{B10ED5BA-45D1-488E-8D36-A75305D94736}.Release|Any CPU.Build.0 = Release|Any CPU
		{2252F688-D685-40E0-B7A5-2BF82EF806AC}.Debug|Any CPU.ActiveCfg = Debug|Any CPU
		{2252F688-D685-40E0-B7A5-2BF82EF806AC}.Debug|Any CPU.Build.0 = Debug|Any CPU
		{2252F688-D685-40E0-B7A5-2BF82EF806AC}.Release|Any CPU.ActiveCfg = Release|Any CPU
		{2252F688-D685-40E0-B7A5-2BF82EF806AC}.Release|Any CPU.Build.0 = Release|Any CPU
		{073A2226-86F7-41E6-A5AB-F3879944308A}.Debug|Any CPU.ActiveCfg = Debug|Any CPU
		{073A2226-86F7-41E6-A5AB-F3879944308A}.Debug|Any CPU.Build.0 = Debug|Any CPU
		{073A2226-86F7-41E6-A5AB-F3879944308A}.Release|Any CPU.ActiveCfg = Release|Any CPU
		{073A2226-86F7-41E6-A5AB-F3879944308A}.Release|Any CPU.Build.0 = Release|Any CPU
		{AE0C5C40-73BE-40A6-AD76-9DD8FAED561B}.Debug|Any CPU.ActiveCfg = Debug|Any CPU
		{AE0C5C40-73BE-40A6-AD76-9DD8FAED561B}.Debug|Any CPU.Build.0 = Debug|Any CPU
		{AE0C5C40-73BE-40A6-AD76-9DD8FAED561B}.Release|Any CPU.ActiveCfg = Release|Any CPU
		{AE0C5C40-73BE-40A6-AD76-9DD8FAED561B}.Release|Any CPU.Build.0 = Release|Any CPU
		{C69881ED-9BEA-4FD3-928F-43A02A93D589}.Debug|Any CPU.ActiveCfg = Debug|Any CPU
		{C69881ED-9BEA-4FD3-928F-43A02A93D589}.Debug|Any CPU.Build.0 = Debug|Any CPU
		{C69881ED-9BEA-4FD3-928F-43A02A93D589}.Release|Any CPU.ActiveCfg = Release|Any CPU
		{C69881ED-9BEA-4FD3-928F-43A02A93D589}.Release|Any CPU.Build.0 = Release|Any CPU
		{F0123D20-06A4-4AAB-939D-4637732F8ECD}.Debug|Any CPU.ActiveCfg = Debug|Any CPU
		{F0123D20-06A4-4AAB-939D-4637732F8ECD}.Debug|Any CPU.Build.0 = Debug|Any CPU
		{F0123D20-06A4-4AAB-939D-4637732F8ECD}.Release|Any CPU.ActiveCfg = Release|Any CPU
		{F0123D20-06A4-4AAB-939D-4637732F8ECD}.Release|Any CPU.Build.0 = Release|Any CPU
		{8F837892-8742-4070-A1A3-C3DBC4205976}.Debug|Any CPU.ActiveCfg = Debug|Any CPU
		{8F837892-8742-4070-A1A3-C3DBC4205976}.Debug|Any CPU.Build.0 = Debug|Any CPU
		{8F837892-8742-4070-A1A3-C3DBC4205976}.Release|Any CPU.ActiveCfg = Release|Any CPU
		{8F837892-8742-4070-A1A3-C3DBC4205976}.Release|Any CPU.Build.0 = Release|Any CPU
		{4A801DAD-7682-43AF-A670-93EAD58D968B}.Debug|Any CPU.ActiveCfg = Debug|Any CPU
		{4A801DAD-7682-43AF-A670-93EAD58D968B}.Debug|Any CPU.Build.0 = Debug|Any CPU
		{4A801DAD-7682-43AF-A670-93EAD58D968B}.Release|Any CPU.ActiveCfg = Release|Any CPU
		{4A801DAD-7682-43AF-A670-93EAD58D968B}.Release|Any CPU.Build.0 = Release|Any CPU
		{8CC8D352-3307-42CD-A2C6-3D517C259244}.Debug|Any CPU.ActiveCfg = Debug|Any CPU
		{8CC8D352-3307-42CD-A2C6-3D517C259244}.Debug|Any CPU.Build.0 = Debug|Any CPU
		{8CC8D352-3307-42CD-A2C6-3D517C259244}.Release|Any CPU.ActiveCfg = Release|Any CPU
		{8CC8D352-3307-42CD-A2C6-3D517C259244}.Release|Any CPU.Build.0 = Release|Any CPU
		{1D360560-030D-4CAF-A86E-628367EF460F}.Debug|Any CPU.ActiveCfg = Debug|Any CPU
		{1D360560-030D-4CAF-A86E-628367EF460F}.Debug|Any CPU.Build.0 = Debug|Any CPU
		{1D360560-030D-4CAF-A86E-628367EF460F}.Release|Any CPU.ActiveCfg = Release|Any CPU
		{1D360560-030D-4CAF-A86E-628367EF460F}.Release|Any CPU.Build.0 = Release|Any CPU
		{635A7C39-5E9E-49DF-8C8F-DD6D28CCCBF1}.Debug|Any CPU.ActiveCfg = Debug|Any CPU
		{635A7C39-5E9E-49DF-8C8F-DD6D28CCCBF1}.Debug|Any CPU.Build.0 = Debug|Any CPU
		{635A7C39-5E9E-49DF-8C8F-DD6D28CCCBF1}.Release|Any CPU.ActiveCfg = Release|Any CPU
		{635A7C39-5E9E-49DF-8C8F-DD6D28CCCBF1}.Release|Any CPU.Build.0 = Release|Any CPU
		{CD13DFEF-D5D8-479C-9AC7-934CBF29AD98}.Debug|Any CPU.ActiveCfg = Debug|Any CPU
		{CD13DFEF-D5D8-479C-9AC7-934CBF29AD98}.Debug|Any CPU.Build.0 = Debug|Any CPU
		{CD13DFEF-D5D8-479C-9AC7-934CBF29AD98}.Release|Any CPU.ActiveCfg = Release|Any CPU
		{CD13DFEF-D5D8-479C-9AC7-934CBF29AD98}.Release|Any CPU.Build.0 = Release|Any CPU
		{A892BDD0-7CEF-4584-B9DD-CC19E3217D76}.Debug|Any CPU.ActiveCfg = Debug|Any CPU
		{A892BDD0-7CEF-4584-B9DD-CC19E3217D76}.Debug|Any CPU.Build.0 = Debug|Any CPU
		{A892BDD0-7CEF-4584-B9DD-CC19E3217D76}.Release|Any CPU.ActiveCfg = Release|Any CPU
		{A892BDD0-7CEF-4584-B9DD-CC19E3217D76}.Release|Any CPU.Build.0 = Release|Any CPU
		{BCE3880A-3CC1-4EAD-B562-9D0D05F8DE51}.Debug|Any CPU.ActiveCfg = Debug|Any CPU
		{BCE3880A-3CC1-4EAD-B562-9D0D05F8DE51}.Debug|Any CPU.Build.0 = Debug|Any CPU
		{BCE3880A-3CC1-4EAD-B562-9D0D05F8DE51}.Release|Any CPU.ActiveCfg = Release|Any CPU
		{BCE3880A-3CC1-4EAD-B562-9D0D05F8DE51}.Release|Any CPU.Build.0 = Release|Any CPU
		{55F58607-DC89-4799-82D7-286FF2749820}.Debug|Any CPU.ActiveCfg = Debug|Any CPU
		{55F58607-DC89-4799-82D7-286FF2749820}.Debug|Any CPU.Build.0 = Debug|Any CPU
		{55F58607-DC89-4799-82D7-286FF2749820}.Release|Any CPU.ActiveCfg = Release|Any CPU
		{55F58607-DC89-4799-82D7-286FF2749820}.Release|Any CPU.Build.0 = Release|Any CPU
		{9340DFBC-D254-4DFC-A6AA-B40139F28865}.Debug|Any CPU.ActiveCfg = Debug|Any CPU
		{9340DFBC-D254-4DFC-A6AA-B40139F28865}.Debug|Any CPU.Build.0 = Debug|Any CPU
		{9340DFBC-D254-4DFC-A6AA-B40139F28865}.Release|Any CPU.ActiveCfg = Release|Any CPU
		{9340DFBC-D254-4DFC-A6AA-B40139F28865}.Release|Any CPU.Build.0 = Release|Any CPU
		{1F6B46F9-3950-4F9F-9C15-2988D68383AB}.Debug|Any CPU.ActiveCfg = Debug|Any CPU
		{1F6B46F9-3950-4F9F-9C15-2988D68383AB}.Debug|Any CPU.Build.0 = Debug|Any CPU
		{1F6B46F9-3950-4F9F-9C15-2988D68383AB}.Release|Any CPU.ActiveCfg = Release|Any CPU
		{1F6B46F9-3950-4F9F-9C15-2988D68383AB}.Release|Any CPU.Build.0 = Release|Any CPU
		{F819058E-A5F7-4BCA-802B-D374E0F46028}.Debug|Any CPU.ActiveCfg = Debug|Any CPU
		{F819058E-A5F7-4BCA-802B-D374E0F46028}.Debug|Any CPU.Build.0 = Debug|Any CPU
		{F819058E-A5F7-4BCA-802B-D374E0F46028}.Release|Any CPU.ActiveCfg = Release|Any CPU
		{F819058E-A5F7-4BCA-802B-D374E0F46028}.Release|Any CPU.Build.0 = Release|Any CPU
		{30F59A00-C720-41C1-9D52-878FCA50004E}.Debug|Any CPU.ActiveCfg = Debug|Any CPU
		{30F59A00-C720-41C1-9D52-878FCA50004E}.Debug|Any CPU.Build.0 = Debug|Any CPU
		{30F59A00-C720-41C1-9D52-878FCA50004E}.Release|Any CPU.ActiveCfg = Release|Any CPU
		{30F59A00-C720-41C1-9D52-878FCA50004E}.Release|Any CPU.Build.0 = Release|Any CPU
		{D97CA8EB-09C1-4D74-A6ED-E158C19BBF33}.Debug|Any CPU.ActiveCfg = Debug|Any CPU
		{D97CA8EB-09C1-4D74-A6ED-E158C19BBF33}.Debug|Any CPU.Build.0 = Debug|Any CPU
		{D97CA8EB-09C1-4D74-A6ED-E158C19BBF33}.Release|Any CPU.ActiveCfg = Release|Any CPU
		{D97CA8EB-09C1-4D74-A6ED-E158C19BBF33}.Release|Any CPU.Build.0 = Release|Any CPU
		{DCB9B3AB-CC71-45CF-98D6-1D3DDFDC61E5}.Debug|Any CPU.ActiveCfg = Debug|Any CPU
		{DCB9B3AB-CC71-45CF-98D6-1D3DDFDC61E5}.Debug|Any CPU.Build.0 = Debug|Any CPU
		{DCB9B3AB-CC71-45CF-98D6-1D3DDFDC61E5}.Release|Any CPU.ActiveCfg = Release|Any CPU
		{DCB9B3AB-CC71-45CF-98D6-1D3DDFDC61E5}.Release|Any CPU.Build.0 = Release|Any CPU
		{38F14136-A193-4220-A479-97A94570D46F}.Debug|Any CPU.ActiveCfg = Debug|Any CPU
		{38F14136-A193-4220-A479-97A94570D46F}.Debug|Any CPU.Build.0 = Debug|Any CPU
		{38F14136-A193-4220-A479-97A94570D46F}.Release|Any CPU.ActiveCfg = Release|Any CPU
		{38F14136-A193-4220-A479-97A94570D46F}.Release|Any CPU.Build.0 = Release|Any CPU
		{3A4D1489-0AC2-49D1-8529-3A360B8F0324}.Debug|Any CPU.ActiveCfg = Debug|Any CPU
		{3A4D1489-0AC2-49D1-8529-3A360B8F0324}.Debug|Any CPU.Build.0 = Debug|Any CPU
		{3A4D1489-0AC2-49D1-8529-3A360B8F0324}.Release|Any CPU.ActiveCfg = Release|Any CPU
		{3A4D1489-0AC2-49D1-8529-3A360B8F0324}.Release|Any CPU.Build.0 = Release|Any CPU
		{408E0727-CE4D-45ED-B6A2-37263C419BA1}.Debug|Any CPU.ActiveCfg = Debug|Any CPU
		{408E0727-CE4D-45ED-B6A2-37263C419BA1}.Debug|Any CPU.Build.0 = Debug|Any CPU
		{408E0727-CE4D-45ED-B6A2-37263C419BA1}.Release|Any CPU.ActiveCfg = Release|Any CPU
		{408E0727-CE4D-45ED-B6A2-37263C419BA1}.Release|Any CPU.Build.0 = Release|Any CPU
		{AC56804E-3EA6-44F3-A041-76570FC1A4CB}.Debug|Any CPU.ActiveCfg = Debug|Any CPU
		{AC56804E-3EA6-44F3-A041-76570FC1A4CB}.Debug|Any CPU.Build.0 = Debug|Any CPU
		{AC56804E-3EA6-44F3-A041-76570FC1A4CB}.Release|Any CPU.ActiveCfg = Release|Any CPU
		{AC56804E-3EA6-44F3-A041-76570FC1A4CB}.Release|Any CPU.Build.0 = Release|Any CPU
		{346CCC24-B963-499A-A9C1-1F7A1F452EC3}.Debug|Any CPU.ActiveCfg = Debug|Any CPU
		{346CCC24-B963-499A-A9C1-1F7A1F452EC3}.Debug|Any CPU.Build.0 = Debug|Any CPU
		{346CCC24-B963-499A-A9C1-1F7A1F452EC3}.Release|Any CPU.ActiveCfg = Release|Any CPU
		{346CCC24-B963-499A-A9C1-1F7A1F452EC3}.Release|Any CPU.Build.0 = Release|Any CPU
		{9628863F-2D61-4F73-BD90-A223A382F50F}.Debug|Any CPU.ActiveCfg = Debug|Any CPU
		{9628863F-2D61-4F73-BD90-A223A382F50F}.Debug|Any CPU.Build.0 = Debug|Any CPU
		{9628863F-2D61-4F73-BD90-A223A382F50F}.Release|Any CPU.ActiveCfg = Release|Any CPU
		{9628863F-2D61-4F73-BD90-A223A382F50F}.Release|Any CPU.Build.0 = Release|Any CPU
		{FE0B18BD-B0A6-42FF-A956-69BD8DBFA1F2}.Debug|Any CPU.ActiveCfg = Debug|Any CPU
		{FE0B18BD-B0A6-42FF-A956-69BD8DBFA1F2}.Debug|Any CPU.Build.0 = Debug|Any CPU
		{FE0B18BD-B0A6-42FF-A956-69BD8DBFA1F2}.Release|Any CPU.ActiveCfg = Release|Any CPU
		{FE0B18BD-B0A6-42FF-A956-69BD8DBFA1F2}.Release|Any CPU.Build.0 = Release|Any CPU
		{5E5BA6F9-8586-40FE-9213-3064016D31A8}.Debug|Any CPU.ActiveCfg = Debug|Any CPU
		{5E5BA6F9-8586-40FE-9213-3064016D31A8}.Debug|Any CPU.Build.0 = Debug|Any CPU
		{5E5BA6F9-8586-40FE-9213-3064016D31A8}.Release|Any CPU.ActiveCfg = Release|Any CPU
		{5E5BA6F9-8586-40FE-9213-3064016D31A8}.Release|Any CPU.Build.0 = Release|Any CPU
		{D8E125F8-51F4-48C1-AC8F-20AF09CB23BB}.Debug|Any CPU.ActiveCfg = Debug|Any CPU
		{D8E125F8-51F4-48C1-AC8F-20AF09CB23BB}.Debug|Any CPU.Build.0 = Debug|Any CPU
		{D8E125F8-51F4-48C1-AC8F-20AF09CB23BB}.Release|Any CPU.ActiveCfg = Release|Any CPU
		{D8E125F8-51F4-48C1-AC8F-20AF09CB23BB}.Release|Any CPU.Build.0 = Release|Any CPU
		{D5E2DFAD-B1A2-48B6-9220-36F310CF56F2}.Debug|Any CPU.ActiveCfg = Debug|Any CPU
		{D5E2DFAD-B1A2-48B6-9220-36F310CF56F2}.Debug|Any CPU.Build.0 = Debug|Any CPU
		{D5E2DFAD-B1A2-48B6-9220-36F310CF56F2}.Release|Any CPU.ActiveCfg = Release|Any CPU
		{D5E2DFAD-B1A2-48B6-9220-36F310CF56F2}.Release|Any CPU.Build.0 = Release|Any CPU
		{35007C56-3B95-44EC-93DC-271FE431F625}.Debug|Any CPU.ActiveCfg = Debug|Any CPU
		{35007C56-3B95-44EC-93DC-271FE431F625}.Debug|Any CPU.Build.0 = Debug|Any CPU
		{35007C56-3B95-44EC-93DC-271FE431F625}.Release|Any CPU.ActiveCfg = Release|Any CPU
		{35007C56-3B95-44EC-93DC-271FE431F625}.Release|Any CPU.Build.0 = Release|Any CPU
		{5A6C46FC-7B33-4A5B-A294-6BE8A735DE4D}.Debug|Any CPU.ActiveCfg = Debug|Any CPU
		{5A6C46FC-7B33-4A5B-A294-6BE8A735DE4D}.Debug|Any CPU.Build.0 = Debug|Any CPU
		{5A6C46FC-7B33-4A5B-A294-6BE8A735DE4D}.Release|Any CPU.ActiveCfg = Release|Any CPU
		{5A6C46FC-7B33-4A5B-A294-6BE8A735DE4D}.Release|Any CPU.Build.0 = Release|Any CPU
		{1CA1EA84-BAD5-45BC-B084-66996E6B95F5}.Debug|Any CPU.ActiveCfg = Debug|Any CPU
		{1CA1EA84-BAD5-45BC-B084-66996E6B95F5}.Debug|Any CPU.Build.0 = Debug|Any CPU
		{1CA1EA84-BAD5-45BC-B084-66996E6B95F5}.Release|Any CPU.ActiveCfg = Release|Any CPU
		{1CA1EA84-BAD5-45BC-B084-66996E6B95F5}.Release|Any CPU.Build.0 = Release|Any CPU
		{9CB11065-FED1-4662-AB06-E073B91ADDAD}.Debug|Any CPU.ActiveCfg = Debug|Any CPU
		{9CB11065-FED1-4662-AB06-E073B91ADDAD}.Debug|Any CPU.Build.0 = Debug|Any CPU
		{9CB11065-FED1-4662-AB06-E073B91ADDAD}.Release|Any CPU.ActiveCfg = Release|Any CPU
		{9CB11065-FED1-4662-AB06-E073B91ADDAD}.Release|Any CPU.Build.0 = Release|Any CPU
		{D291DD67-17E1-4554-8C6A-A4FC83BC6DF4}.Debug|Any CPU.ActiveCfg = Debug|Any CPU
		{D291DD67-17E1-4554-8C6A-A4FC83BC6DF4}.Debug|Any CPU.Build.0 = Debug|Any CPU
		{D291DD67-17E1-4554-8C6A-A4FC83BC6DF4}.Release|Any CPU.ActiveCfg = Release|Any CPU
		{D291DD67-17E1-4554-8C6A-A4FC83BC6DF4}.Release|Any CPU.Build.0 = Release|Any CPU
		{54048159-57BE-48C4-BC5D-A6F374C9687C}.Debug|Any CPU.ActiveCfg = Debug|Any CPU
		{54048159-57BE-48C4-BC5D-A6F374C9687C}.Debug|Any CPU.Build.0 = Debug|Any CPU
		{54048159-57BE-48C4-BC5D-A6F374C9687C}.Release|Any CPU.ActiveCfg = Release|Any CPU
		{54048159-57BE-48C4-BC5D-A6F374C9687C}.Release|Any CPU.Build.0 = Release|Any CPU
		{409B743B-4C6B-4763-AB4D-7F5E795956A3}.Debug|Any CPU.ActiveCfg = Debug|Any CPU
		{409B743B-4C6B-4763-AB4D-7F5E795956A3}.Debug|Any CPU.Build.0 = Debug|Any CPU
		{409B743B-4C6B-4763-AB4D-7F5E795956A3}.Release|Any CPU.ActiveCfg = Release|Any CPU
		{409B743B-4C6B-4763-AB4D-7F5E795956A3}.Release|Any CPU.Build.0 = Release|Any CPU
		{36AB45E2-6858-4E89-AB79-286F8AADD938}.Debug|Any CPU.ActiveCfg = Debug|Any CPU
		{36AB45E2-6858-4E89-AB79-286F8AADD938}.Debug|Any CPU.Build.0 = Debug|Any CPU
		{36AB45E2-6858-4E89-AB79-286F8AADD938}.Release|Any CPU.ActiveCfg = Release|Any CPU
		{36AB45E2-6858-4E89-AB79-286F8AADD938}.Release|Any CPU.Build.0 = Release|Any CPU
		{DF0967D3-8CD1-493C-8511-FCEFACBE30D4}.Debug|Any CPU.ActiveCfg = Debug|Any CPU
		{DF0967D3-8CD1-493C-8511-FCEFACBE30D4}.Debug|Any CPU.Build.0 = Debug|Any CPU
		{DF0967D3-8CD1-493C-8511-FCEFACBE30D4}.Release|Any CPU.ActiveCfg = Release|Any CPU
		{DF0967D3-8CD1-493C-8511-FCEFACBE30D4}.Release|Any CPU.Build.0 = Release|Any CPU
		{B1D11CFB-D15D-4894-855C-4A0B4A949732}.Debug|Any CPU.ActiveCfg = Debug|Any CPU
		{B1D11CFB-D15D-4894-855C-4A0B4A949732}.Debug|Any CPU.Build.0 = Debug|Any CPU
		{B1D11CFB-D15D-4894-855C-4A0B4A949732}.Release|Any CPU.ActiveCfg = Release|Any CPU
		{B1D11CFB-D15D-4894-855C-4A0B4A949732}.Release|Any CPU.Build.0 = Release|Any CPU
		{A34FE191-32D7-4E71-BB0C-390A993F81DC}.Debug|Any CPU.ActiveCfg = Debug|Any CPU
		{A34FE191-32D7-4E71-BB0C-390A993F81DC}.Debug|Any CPU.Build.0 = Debug|Any CPU
		{A34FE191-32D7-4E71-BB0C-390A993F81DC}.Release|Any CPU.ActiveCfg = Release|Any CPU
		{A34FE191-32D7-4E71-BB0C-390A993F81DC}.Release|Any CPU.Build.0 = Release|Any CPU
		{332D60BB-A208-4538-8326-B87FBE9174BB}.Debug|Any CPU.ActiveCfg = Debug|Any CPU
		{332D60BB-A208-4538-8326-B87FBE9174BB}.Debug|Any CPU.Build.0 = Debug|Any CPU
		{332D60BB-A208-4538-8326-B87FBE9174BB}.Release|Any CPU.ActiveCfg = Release|Any CPU
		{332D60BB-A208-4538-8326-B87FBE9174BB}.Release|Any CPU.Build.0 = Release|Any CPU
		{595211FB-D76C-44C3-B050-F74A425E0A85}.Debug|Any CPU.ActiveCfg = Debug|Any CPU
		{595211FB-D76C-44C3-B050-F74A425E0A85}.Debug|Any CPU.Build.0 = Debug|Any CPU
		{595211FB-D76C-44C3-B050-F74A425E0A85}.Release|Any CPU.ActiveCfg = Release|Any CPU
		{595211FB-D76C-44C3-B050-F74A425E0A85}.Release|Any CPU.Build.0 = Release|Any CPU
		{0F9F6A0D-3150-4C6A-A16A-B0908FAA882C}.Debug|Any CPU.ActiveCfg = Debug|Any CPU
		{0F9F6A0D-3150-4C6A-A16A-B0908FAA882C}.Debug|Any CPU.Build.0 = Debug|Any CPU
		{0F9F6A0D-3150-4C6A-A16A-B0908FAA882C}.Release|Any CPU.ActiveCfg = Release|Any CPU
		{0F9F6A0D-3150-4C6A-A16A-B0908FAA882C}.Release|Any CPU.Build.0 = Release|Any CPU
		{C3C4A47B-BFD0-4B84-A788-FE06A158B0F1}.Debug|Any CPU.ActiveCfg = Debug|Any CPU
		{C3C4A47B-BFD0-4B84-A788-FE06A158B0F1}.Debug|Any CPU.Build.0 = Debug|Any CPU
		{C3C4A47B-BFD0-4B84-A788-FE06A158B0F1}.Release|Any CPU.ActiveCfg = Release|Any CPU
		{C3C4A47B-BFD0-4B84-A788-FE06A158B0F1}.Release|Any CPU.Build.0 = Release|Any CPU
		{5E60B570-CEEB-42F7-B082-B4E0145316C9}.Debug|Any CPU.ActiveCfg = Debug|Any CPU
		{5E60B570-CEEB-42F7-B082-B4E0145316C9}.Debug|Any CPU.Build.0 = Debug|Any CPU
		{5E60B570-CEEB-42F7-B082-B4E0145316C9}.Release|Any CPU.ActiveCfg = Release|Any CPU
		{5E60B570-CEEB-42F7-B082-B4E0145316C9}.Release|Any CPU.Build.0 = Release|Any CPU
		{B246085F-99D1-4691-AC1B-320E1DFD5AAE}.Debug|Any CPU.ActiveCfg = Debug|Any CPU
		{B246085F-99D1-4691-AC1B-320E1DFD5AAE}.Debug|Any CPU.Build.0 = Debug|Any CPU
		{B246085F-99D1-4691-AC1B-320E1DFD5AAE}.Release|Any CPU.ActiveCfg = Release|Any CPU
		{B246085F-99D1-4691-AC1B-320E1DFD5AAE}.Release|Any CPU.Build.0 = Release|Any CPU
	EndGlobalSection
	GlobalSection(SolutionProperties) = preSolution
		HideSolutionNode = FALSE
	EndGlobalSection
	GlobalSection(NestedProjects) = preSolution
		{7C7BA6B4-9C6B-4E4A-BE5E-875897B0E821} = {AEF2361A-6907-469B-8727-821C6D231785}
		{26B752B7-4DFF-4AE3-A95C-E123D794670E} = {8080A42A-9D5A-4716-8AE1-4F6647EAF735}
		{42D66E81-043B-4549-BDFB-ACA255C26432} = {8080A42A-9D5A-4716-8AE1-4F6647EAF735}
		{8403AD84-77F9-4F97-9B30-758DAE73503A} = {0E83FE78-0F07-4EBD-ADAB-54FC51C8D168}
		{D94A52FC-F429-4A55-BB34-D50EF966F6EB} = {1BB944C9-68E3-4F02-BDC0-5A4C7571308D}
		{8080A42A-9D5A-4716-8AE1-4F6647EAF735} = {9BD97A2C-C82E-4BBB-8BF5-E82C5821EDD7}
		{3A458386-1C95-4B04-AB49-5063F7BDFC19} = {BD0C008F-753D-4328-8201-CE48C302E9F6}
		{AEF2361A-6907-469B-8727-821C6D231785} = {3A458386-1C95-4B04-AB49-5063F7BDFC19}
		{0E83FE78-0F07-4EBD-ADAB-54FC51C8D168} = {3A458386-1C95-4B04-AB49-5063F7BDFC19}
		{91599D89-9845-4EA4-80AC-A91027C8F2AA} = {BD0C008F-753D-4328-8201-CE48C302E9F6}
		{9AD4596F-8B97-4D7E-8C25-47A12F438192} = {91599D89-9845-4EA4-80AC-A91027C8F2AA}
		{1CB433CB-091C-4D3A-8245-DEDCF54B1270} = {9BD97A2C-C82E-4BBB-8BF5-E82C5821EDD7}
		{A595C5E1-EE67-4836-A772-8150E53B285A} = {1CB433CB-091C-4D3A-8245-DEDCF54B1270}
		{8B494A16-0B6D-4679-B773-98C48A44156C} = {8080A42A-9D5A-4716-8AE1-4F6647EAF735}
		{D41B44A8-7E20-4BE6-B582-2AC83534A8A6} = {3A458386-1C95-4B04-AB49-5063F7BDFC19}
		{B05849F3-DF41-4F6E-9C31-D3F309E1C7CD} = {D41B44A8-7E20-4BE6-B582-2AC83534A8A6}
		{765B13BC-E9CA-48D3-A83E-3496A99499DA} = {0F83A37A-1C12-4A4E-A6D7-5F8434613450}
		{9F5B542E-9058-4825-B053-31B6C8638FA6} = {BD0C008F-753D-4328-8201-CE48C302E9F6}
		{9637AAD4-6B14-4F11-B4A3-B356033A5974} = {9F5B542E-9058-4825-B053-31B6C8638FA6}
		{79AF2F48-2AA3-42C8-914B-F1F49621408E} = {9BD97A2C-C82E-4BBB-8BF5-E82C5821EDD7}
		{70683C91-46C4-453F-ACB5-60B7958CC78A} = {79AF2F48-2AA3-42C8-914B-F1F49621408E}
		{8D907BD6-F35E-4E10-96C3-1ACAB31C6CA8} = {9BD97A2C-C82E-4BBB-8BF5-E82C5821EDD7}
		{8D62248C-1B26-4304-9168-7C05ABE5C60D} = {8D907BD6-F35E-4E10-96C3-1ACAB31C6CA8}
		{6ABA1998-89CA-48DF-8163-5D1CD76E2901} = {BD0C008F-753D-4328-8201-CE48C302E9F6}
		{2270AB25-30CE-4D7A-9BAA-F642D8A0F023} = {6ABA1998-89CA-48DF-8163-5D1CD76E2901}
		{79E78054-614B-4830-A115-B5D3909956FA} = {79AF2F48-2AA3-42C8-914B-F1F49621408E}
		{8F549E47-E5FB-41C7-8F29-BAB33D8EDC41} = {9F5B542E-9058-4825-B053-31B6C8638FA6}
		{72BA7EC9-D94E-4CF6-91F7-D74766CB63E4} = {8F549E47-E5FB-41C7-8F29-BAB33D8EDC41}
		{BF7668C8-4A9A-4F8D-9D23-5CBEB60A4FEE} = {2270AB25-30CE-4D7A-9BAA-F642D8A0F023}
		{92C6A4DD-122F-42CA-AA0D-16DD1D8758BD} = {9637AAD4-6B14-4F11-B4A3-B356033A5974}
		{D5C66EC2-3282-4B5C-BF11-8CE634854383} = {9AD4596F-8B97-4D7E-8C25-47A12F438192}
		{6888C9DC-4B29-4C2E-BC63-70EA719FEFDC} = {8D62248C-1B26-4304-9168-7C05ABE5C60D}
		{677D0905-D1B6-4D50-86FC-287301ADED4B} = {8D62248C-1B26-4304-9168-7C05ABE5C60D}
		{F39B570E-DE03-452F-B43E-0A73669C27A9} = {70683C91-46C4-453F-ACB5-60B7958CC78A}
		{5C9B86FA-570A-4466-B6B0-D0005B67C2C3} = {70683C91-46C4-453F-ACB5-60B7958CC78A}
		{BDC843F5-192A-4B50-B6B0-0AF81E7121A5} = {26B752B7-4DFF-4AE3-A95C-E123D794670E}
		{B62F2019-F836-468A-9DB0-1DAD341314AF} = {79E78054-614B-4830-A115-B5D3909956FA}
		{FD7B7924-34D1-43AB-85AE-0E99D790EF9E} = {79E78054-614B-4830-A115-B5D3909956FA}
		{B5208F9E-0D2E-4C9F-9EE4-5188DC2F788D} = {42D66E81-043B-4549-BDFB-ACA255C26432}
		{BE62A99D-A46B-49C7-A132-565F61E020F4} = {42D66E81-043B-4549-BDFB-ACA255C26432}
		{A2531733-95C5-4C0F-8BCE-E505EB49953B} = {8B494A16-0B6D-4679-B773-98C48A44156C}
		{28DA0B57-067F-4DE6-A02C-EEFF44D71540} = {8B494A16-0B6D-4679-B773-98C48A44156C}
		{FBFBBF4D-ABE5-4EC5-955D-6830D533F035} = {A595C5E1-EE67-4836-A772-8150E53B285A}
		{04AA86A5-9F68-46FA-82A5-59EB4506C649} = {A595C5E1-EE67-4836-A772-8150E53B285A}
		{B681D9F0-650B-4571-BACB-867E4F61736C} = {26B752B7-4DFF-4AE3-A95C-E123D794670E}
		{EB2555F3-70E8-4ABC-8E76-44C9765A95FA} = {42D66E81-043B-4549-BDFB-ACA255C26432}
		{A6488FBD-D4CB-4891-AD93-02FE837E2D00} = {8B494A16-0B6D-4679-B773-98C48A44156C}
		{D77C657C-CADB-4846-A52E-133852A58E2B} = {A595C5E1-EE67-4836-A772-8150E53B285A}
		{F749BD2D-71B7-440B-9E4F-43E1FB88CCC3} = {70683C91-46C4-453F-ACB5-60B7958CC78A}
		{A893A5FA-0754-401D-BF84-8688202FB895} = {91599D89-9845-4EA4-80AC-A91027C8F2AA}
		{42AD4907-90CB-4F0F-941E-BB24DC992522} = {A893A5FA-0754-401D-BF84-8688202FB895}
		{47A8C2C7-5213-45E6-8D05-AC90D0E7F969} = {1CB433CB-091C-4D3A-8245-DEDCF54B1270}
		{E0ECD557-2C57-482C-80AB-C052410ACF2A} = {47A8C2C7-5213-45E6-8D05-AC90D0E7F969}
		{A8A64771-36AA-4A83-84D5-7DC91AC746BF} = {47A8C2C7-5213-45E6-8D05-AC90D0E7F969}
		{BF1C9503-566B-44E7-BF4C-6F8FE7098C60} = {47A8C2C7-5213-45E6-8D05-AC90D0E7F969}
		{62668106-5CC9-45DF-BFE0-306483750D1A} = {3A458386-1C95-4B04-AB49-5063F7BDFC19}
		{04546E95-F0A7-4F0E-B4C9-C8F45894C7B4} = {62668106-5CC9-45DF-BFE0-306483750D1A}
		{0D7BB5A3-BB25-40D9-B328-635D9780BE56} = {91599D89-9845-4EA4-80AC-A91027C8F2AA}
		{7A35F1A7-34FA-4C89-8E52-2203871C9789} = {0D7BB5A3-BB25-40D9-B328-635D9780BE56}
		{515B51FF-11AE-4BDE-9E17-E4F6DD14C8B9} = {1CB433CB-091C-4D3A-8245-DEDCF54B1270}
		{BB71A415-0A46-40E0-BD49-EBE35EFC4DB3} = {515B51FF-11AE-4BDE-9E17-E4F6DD14C8B9}
		{4A671C8C-706C-47A6-8623-764903A3D883} = {515B51FF-11AE-4BDE-9E17-E4F6DD14C8B9}
		{B10ED5BA-45D1-488E-8D36-A75305D94736} = {515B51FF-11AE-4BDE-9E17-E4F6DD14C8B9}
		{2252F688-D685-40E0-B7A5-2BF82EF806AC} = {26B752B7-4DFF-4AE3-A95C-E123D794670E}
		{073A2226-86F7-41E6-A5AB-F3879944308A} = {B3945D69-3B3D-48BA-AB34-A9FCE1998703}
		{AE0C5C40-73BE-40A6-AD76-9DD8FAED561B} = {0F83A37A-1C12-4A4E-A6D7-5F8434613450}
		{C69881ED-9BEA-4FD3-928F-43A02A93D589} = {0F83A37A-1C12-4A4E-A6D7-5F8434613450}
		{6099BE6E-15A6-4C98-B933-79B769CD0342} = {BD0C008F-753D-4328-8201-CE48C302E9F6}
		{D6D20BE9-2AE1-417E-900D-EC028E7C287B} = {6099BE6E-15A6-4C98-B933-79B769CD0342}
		{B8781126-1EF3-42A9-89C7-D0679360746A} = {9BD97A2C-C82E-4BBB-8BF5-E82C5821EDD7}
		{83D95EFE-8F81-4C49-9E7F-CB0B745BA936} = {B8781126-1EF3-42A9-89C7-D0679360746A}
		{F0123D20-06A4-4AAB-939D-4637732F8ECD} = {D6D20BE9-2AE1-417E-900D-EC028E7C287B}
		{8F837892-8742-4070-A1A3-C3DBC4205976} = {83D95EFE-8F81-4C49-9E7F-CB0B745BA936}
		{4A801DAD-7682-43AF-A670-93EAD58D968B} = {83D95EFE-8F81-4C49-9E7F-CB0B745BA936}
		{076E3F63-FEDB-4CB7-B97C-E2DD7E45F2BB} = {9BD97A2C-C82E-4BBB-8BF5-E82C5821EDD7}
		{2D82436D-32A1-41B5-9390-66EB3F46E7A4} = {076E3F63-FEDB-4CB7-B97C-E2DD7E45F2BB}
		{8CC8D352-3307-42CD-A2C6-3D517C259244} = {2D82436D-32A1-41B5-9390-66EB3F46E7A4}
		{3EE331AE-32A8-4956-9FF1-1ADA1168BD9E} = {BD0C008F-753D-4328-8201-CE48C302E9F6}
		{1D360560-030D-4CAF-A86E-628367EF460F} = {3EE331AE-32A8-4956-9FF1-1ADA1168BD9E}
		{635A7C39-5E9E-49DF-8C8F-DD6D28CCCBF1} = {2D82436D-32A1-41B5-9390-66EB3F46E7A4}
		{CD13DFEF-D5D8-479C-9AC7-934CBF29AD98} = {2D82436D-32A1-41B5-9390-66EB3F46E7A4}
		{A892BDD0-7CEF-4584-B9DD-CC19E3217D76} = {83D95EFE-8F81-4C49-9E7F-CB0B745BA936}
		{BCE3880A-3CC1-4EAD-B562-9D0D05F8DE51} = {3EE331AE-32A8-4956-9FF1-1ADA1168BD9E}
		{66BCA7DF-FB3C-44AC-8A50-5C07806BE181} = {076E3F63-FEDB-4CB7-B97C-E2DD7E45F2BB}
		{55F58607-DC89-4799-82D7-286FF2749820} = {66BCA7DF-FB3C-44AC-8A50-5C07806BE181}
		{9340DFBC-D254-4DFC-A6AA-B40139F28865} = {66BCA7DF-FB3C-44AC-8A50-5C07806BE181}
		{1F6B46F9-3950-4F9F-9C15-2988D68383AB} = {0F83A37A-1C12-4A4E-A6D7-5F8434613450}
		{F7F5372C-5FA3-462F-9988-6B0DC1ADFB2C} = {076E3F63-FEDB-4CB7-B97C-E2DD7E45F2BB}
		{F819058E-A5F7-4BCA-802B-D374E0F46028} = {F7F5372C-5FA3-462F-9988-6B0DC1ADFB2C}
		{30F59A00-C720-41C1-9D52-878FCA50004E} = {3EE331AE-32A8-4956-9FF1-1ADA1168BD9E}
		{D97CA8EB-09C1-4D74-A6ED-E158C19BBF33} = {F7F5372C-5FA3-462F-9988-6B0DC1ADFB2C}
		{DCB9B3AB-CC71-45CF-98D6-1D3DDFDC61E5} = {3EE331AE-32A8-4956-9FF1-1ADA1168BD9E}
		{06FF592C-4C00-4E4F-8DFA-87FA9E2D0009} = {076E3F63-FEDB-4CB7-B97C-E2DD7E45F2BB}
		{38F14136-A193-4220-A479-97A94570D46F} = {06FF592C-4C00-4E4F-8DFA-87FA9E2D0009}
		{3A4D1489-0AC2-49D1-8529-3A360B8F0324} = {06FF592C-4C00-4E4F-8DFA-87FA9E2D0009}
		{408E0727-CE4D-45ED-B6A2-37263C419BA1} = {3EE331AE-32A8-4956-9FF1-1ADA1168BD9E}
		{5996AD7B-227B-4135-B8A8-265B56077A30} = {076E3F63-FEDB-4CB7-B97C-E2DD7E45F2BB}
		{AC56804E-3EA6-44F3-A041-76570FC1A4CB} = {5996AD7B-227B-4135-B8A8-265B56077A30}
		{346CCC24-B963-499A-A9C1-1F7A1F452EC3} = {0F83A37A-1C12-4A4E-A6D7-5F8434613450}
		{9628863F-2D61-4F73-BD90-A223A382F50F} = {0F83A37A-1C12-4A4E-A6D7-5F8434613450}
		{FE0B18BD-B0A6-42FF-A956-69BD8DBFA1F2} = {B3945D69-3B3D-48BA-AB34-A9FCE1998703}
		{070187D7-4956-4F5F-88E0-64EB31B7A145} = {076E3F63-FEDB-4CB7-B97C-E2DD7E45F2BB}
		{5E5BA6F9-8586-40FE-9213-3064016D31A8} = {070187D7-4956-4F5F-88E0-64EB31B7A145}
		{D8E125F8-51F4-48C1-AC8F-20AF09CB23BB} = {070187D7-4956-4F5F-88E0-64EB31B7A145}
		{D5E2DFAD-B1A2-48B6-9220-36F310CF56F2} = {3EE331AE-32A8-4956-9FF1-1ADA1168BD9E}
		{35007C56-3B95-44EC-93DC-271FE431F625} = {070187D7-4956-4F5F-88E0-64EB31B7A145}
		{384AC53D-7B3F-40D7-A72E-3E4D38260496} = {9F5B542E-9058-4825-B053-31B6C8638FA6}
		{5A6C46FC-7B33-4A5B-A294-6BE8A735DE4D} = {384AC53D-7B3F-40D7-A72E-3E4D38260496}
		{CD492580-BE94-4929-9D51-AFF5206DEAB1} = {79AF2F48-2AA3-42C8-914B-F1F49621408E}
		{1CA1EA84-BAD5-45BC-B084-66996E6B95F5} = {CD492580-BE94-4929-9D51-AFF5206DEAB1}
		{9CB11065-FED1-4662-AB06-E073B91ADDAD} = {CD492580-BE94-4929-9D51-AFF5206DEAB1}
		{D291DD67-17E1-4554-8C6A-A4FC83BC6DF4} = {CD492580-BE94-4929-9D51-AFF5206DEAB1}
		{54048159-57BE-48C4-BC5D-A6F374C9687C} = {5996AD7B-227B-4135-B8A8-265B56077A30}
		{409B743B-4C6B-4763-AB4D-7F5E795956A3} = {3EE331AE-32A8-4956-9FF1-1ADA1168BD9E}
		{BDB171F4-F244-42D5-9899-3E4985316260} = {076E3F63-FEDB-4CB7-B97C-E2DD7E45F2BB}
		{36AB45E2-6858-4E89-AB79-286F8AADD938} = {BDB171F4-F244-42D5-9899-3E4985316260}
		{DF0967D3-8CD1-493C-8511-FCEFACBE30D4} = {5996AD7B-227B-4135-B8A8-265B56077A30}
		{B1D11CFB-D15D-4894-855C-4A0B4A949732} = {BDB171F4-F244-42D5-9899-3E4985316260}
		{A34FE191-32D7-4E71-BB0C-390A993F81DC} = {BDB171F4-F244-42D5-9899-3E4985316260}
		{1A314FBE-AEB2-41BD-B054-03317A78F21A} = {BD0C008F-753D-4328-8201-CE48C302E9F6}
		{332D60BB-A208-4538-8326-B87FBE9174BB} = {1A314FBE-AEB2-41BD-B054-03317A78F21A}
		{0AD7F4AA-784F-404D-9699-9BD283425D06} = {9BD97A2C-C82E-4BBB-8BF5-E82C5821EDD7}
		{60CB385B-020C-4C61-B502-AF104DD30706} = {0AD7F4AA-784F-404D-9699-9BD283425D06}
		{595211FB-D76C-44C3-B050-F74A425E0A85} = {60CB385B-020C-4C61-B502-AF104DD30706}
		{0F9F6A0D-3150-4C6A-A16A-B0908FAA882C} = {60CB385B-020C-4C61-B502-AF104DD30706}
		{C3C4A47B-BFD0-4B84-A788-FE06A158B0F1} = {1A314FBE-AEB2-41BD-B054-03317A78F21A}
		{E710FE33-2144-486A-B512-700186201130} = {0AD7F4AA-784F-404D-9699-9BD283425D06}
		{5E60B570-CEEB-42F7-B082-B4E0145316C9} = {E710FE33-2144-486A-B512-700186201130}
		{B246085F-99D1-4691-AC1B-320E1DFD5AAE} = {E710FE33-2144-486A-B512-700186201130}
	EndGlobalSection
	GlobalSection(ExtensibilityGlobals) = postSolution
		SolutionGuid = {E7B78B5E-8DE2-4C73-8F18-FA540EDE69D7}
	EndGlobalSection
EndGlobal
